// !$*UTF8*$!
{
	archiveVersion = 1;
	classes = {
	};
	objectVersion = 46;
	objects = {

/* Begin PBXBuildFile section */
		97B227F01514325900700A77 /* QuartzCore.framework in Frameworks */ = {isa = PBXBuildFile; fileRef = 97B227EF1514325900700A77 /* QuartzCore.framework */; };
		97B227F21514325900700A77 /* OpenGL.framework in Frameworks */ = {isa = PBXBuildFile; fileRef = 97B227F11514325900700A77 /* OpenGL.framework */; };
		97B227F41514325900700A77 /* OpenAL.framework in Frameworks */ = {isa = PBXBuildFile; fileRef = 97B227F31514325900700A77 /* OpenAL.framework */; };
		97B227F61514325900700A77 /* AudioToolbox.framework in Frameworks */ = {isa = PBXBuildFile; fileRef = 97B227F51514325900700A77 /* AudioToolbox.framework */; };
		97B227F81514325900700A77 /* AppKit.framework in Frameworks */ = {isa = PBXBuildFile; fileRef = 97B227F71514325900700A77 /* AppKit.framework */; };
		97B227FA1514325900700A77 /* Foundation.framework in Frameworks */ = {isa = PBXBuildFile; fileRef = 97B227F91514325900700A77 /* Foundation.framework */; };
		97B228001514325900700A77 /* InfoPlist.strings in Resources */ = {isa = PBXBuildFile; fileRef = 97B227FE1514325900700A77 /* InfoPlist.strings */; };
		97B228031514325900700A77 /* MainMenu.xib in Resources */ = {isa = PBXBuildFile; fileRef = 97B228011514325900700A77 /* MainMenu.xib */; };
		97B228051514325900700A77 /* fps_images.png in Resources */ = {isa = PBXBuildFile; fileRef = 97B228041514325900700A77 /* fps_images.png */; };
		97B228071514325900700A77 /* icon.icns in Resources */ = {isa = PBXBuildFile; fileRef = 97B228061514325900700A77 /* icon.icns */; };
		97B2280D1514325900700A77 /* CCAction.m in Sources */ = {isa = PBXBuildFile; fileRef = 97B2280C1514325900700A77 /* CCAction.m */; };
		97B228101514325900700A77 /* CCActionCamera.m in Sources */ = {isa = PBXBuildFile; fileRef = 97B2280F1514325900700A77 /* CCActionCamera.m */; };
		97B228131514325900700A77 /* CCActionEase.m in Sources */ = {isa = PBXBuildFile; fileRef = 97B228121514325900700A77 /* CCActionEase.m */; };
		97B228161514325900700A77 /* CCActionGrid.m in Sources */ = {isa = PBXBuildFile; fileRef = 97B228151514325900700A77 /* CCActionGrid.m */; };
		97B228191514325900700A77 /* CCActionGrid3D.m in Sources */ = {isa = PBXBuildFile; fileRef = 97B228181514325900700A77 /* CCActionGrid3D.m */; };
		97B2281C1514325900700A77 /* CCActionInstant.m in Sources */ = {isa = PBXBuildFile; fileRef = 97B2281B1514325900700A77 /* CCActionInstant.m */; };
		97B2281F1514325900700A77 /* CCActionInterval.m in Sources */ = {isa = PBXBuildFile; fileRef = 97B2281E1514325900700A77 /* CCActionInterval.m */; };
		97B228221514325900700A77 /* CCActionManager.m in Sources */ = {isa = PBXBuildFile; fileRef = 97B228211514325900700A77 /* CCActionManager.m */; };
		97B228251514325900700A77 /* CCActionPageTurn3D.m in Sources */ = {isa = PBXBuildFile; fileRef = 97B228241514325900700A77 /* CCActionPageTurn3D.m */; };
		97B228281514325900700A77 /* CCActionProgressTimer.m in Sources */ = {isa = PBXBuildFile; fileRef = 97B228271514325900700A77 /* CCActionProgressTimer.m */; };
		97B2282B1514325900700A77 /* CCActionTiledGrid.m in Sources */ = {isa = PBXBuildFile; fileRef = 97B2282A1514325900700A77 /* CCActionTiledGrid.m */; };
		97B2282E1514325900700A77 /* CCActionTween.m in Sources */ = {isa = PBXBuildFile; fileRef = 97B2282D1514325900700A77 /* CCActionTween.m */; };
		97B228311514325900700A77 /* CCAnimation.m in Sources */ = {isa = PBXBuildFile; fileRef = 97B228301514325900700A77 /* CCAnimation.m */; };
		97B228341514325900700A77 /* CCAnimationCache.m in Sources */ = {isa = PBXBuildFile; fileRef = 97B228331514325900700A77 /* CCAnimationCache.m */; };
		97B228371514325900700A77 /* CCAtlasNode.m in Sources */ = {isa = PBXBuildFile; fileRef = 97B228361514325900700A77 /* CCAtlasNode.m */; };
		97B2283A1514325900700A77 /* CCBlockSupport.m in Sources */ = {isa = PBXBuildFile; fileRef = 97B228391514325900700A77 /* CCBlockSupport.m */; };
		97B2283D1514325900700A77 /* CCCamera.m in Sources */ = {isa = PBXBuildFile; fileRef = 97B2283C1514325900700A77 /* CCCamera.m */; };
		97B228411514325900700A77 /* CCConfiguration.m in Sources */ = {isa = PBXBuildFile; fileRef = 97B228401514325900700A77 /* CCConfiguration.m */; };
		97B228441514325900700A77 /* CCDirector.m in Sources */ = {isa = PBXBuildFile; fileRef = 97B228431514325900700A77 /* CCDirector.m */; };
		97B228471514325900700A77 /* CCDrawingPrimitives.m in Sources */ = {isa = PBXBuildFile; fileRef = 97B228461514325900700A77 /* CCDrawingPrimitives.m */; };
		97B2284A1514325900700A77 /* CCGrabber.m in Sources */ = {isa = PBXBuildFile; fileRef = 97B228491514325900700A77 /* CCGrabber.m */; };
		97B2284D1514325900700A77 /* CCGrid.m in Sources */ = {isa = PBXBuildFile; fileRef = 97B2284C1514325900700A77 /* CCGrid.m */; };
		97B228501514325900700A77 /* CCLabelAtlas.m in Sources */ = {isa = PBXBuildFile; fileRef = 97B2284F1514325900700A77 /* CCLabelAtlas.m */; };
		97B228531514325900700A77 /* CCLabelBMFont.m in Sources */ = {isa = PBXBuildFile; fileRef = 97B228521514325900700A77 /* CCLabelBMFont.m */; };
		97B228561514325900700A77 /* CCLabelTTF.m in Sources */ = {isa = PBXBuildFile; fileRef = 97B228551514325900700A77 /* CCLabelTTF.m */; };
		97B228591514325900700A77 /* CCLayer.m in Sources */ = {isa = PBXBuildFile; fileRef = 97B228581514325900700A77 /* CCLayer.m */; };
		97B2285D1514325900700A77 /* CCMenu.m in Sources */ = {isa = PBXBuildFile; fileRef = 97B2285C1514325900700A77 /* CCMenu.m */; };
		97B228601514325900700A77 /* CCMenuItem.m in Sources */ = {isa = PBXBuildFile; fileRef = 97B2285F1514325900700A77 /* CCMenuItem.m */; };
		97B228631514325900700A77 /* CCMotionStreak.m in Sources */ = {isa = PBXBuildFile; fileRef = 97B228621514325900700A77 /* CCMotionStreak.m */; };
		97B228661514325900700A77 /* CCNode.m in Sources */ = {isa = PBXBuildFile; fileRef = 97B228651514325900700A77 /* CCNode.m */; };
		97B228691514325900700A77 /* CCParallaxNode.m in Sources */ = {isa = PBXBuildFile; fileRef = 97B228681514325900700A77 /* CCParallaxNode.m */; };
		97B2286C1514325900700A77 /* CCParticleExamples.m in Sources */ = {isa = PBXBuildFile; fileRef = 97B2286B1514325900700A77 /* CCParticleExamples.m */; };
		97B2286F1514325900700A77 /* CCParticleSystem.m in Sources */ = {isa = PBXBuildFile; fileRef = 97B2286E1514325900700A77 /* CCParticleSystem.m */; };
		97B228721514325900700A77 /* CCParticleSystemPoint.m in Sources */ = {isa = PBXBuildFile; fileRef = 97B228711514325900700A77 /* CCParticleSystemPoint.m */; };
		97B228751514325900700A77 /* CCParticleSystemQuad.m in Sources */ = {isa = PBXBuildFile; fileRef = 97B228741514325900700A77 /* CCParticleSystemQuad.m */; };
		97B228781514325900700A77 /* CCProgressTimer.m in Sources */ = {isa = PBXBuildFile; fileRef = 97B228771514325900700A77 /* CCProgressTimer.m */; };
		97B2287C1514325900700A77 /* CCRenderTexture.m in Sources */ = {isa = PBXBuildFile; fileRef = 97B2287B1514325900700A77 /* CCRenderTexture.m */; };
		97B2287F1514325900700A77 /* CCRibbon.m in Sources */ = {isa = PBXBuildFile; fileRef = 97B2287E1514325900700A77 /* CCRibbon.m */; };
		97B228821514325900700A77 /* CCScene.m in Sources */ = {isa = PBXBuildFile; fileRef = 97B228811514325900700A77 /* CCScene.m */; };
		97B228851514325900700A77 /* CCScheduler.m in Sources */ = {isa = PBXBuildFile; fileRef = 97B228841514325900700A77 /* CCScheduler.m */; };
		97B228881514325900700A77 /* CCSprite.m in Sources */ = {isa = PBXBuildFile; fileRef = 97B228871514325900700A77 /* CCSprite.m */; };
		97B2288B1514325900700A77 /* CCSpriteBatchNode.m in Sources */ = {isa = PBXBuildFile; fileRef = 97B2288A1514325900700A77 /* CCSpriteBatchNode.m */; };
		97B2288E1514325900700A77 /* CCSpriteFrame.m in Sources */ = {isa = PBXBuildFile; fileRef = 97B2288D1514325900700A77 /* CCSpriteFrame.m */; };
		97B228911514325900700A77 /* CCSpriteFrameCache.m in Sources */ = {isa = PBXBuildFile; fileRef = 97B228901514325900700A77 /* CCSpriteFrameCache.m */; };
		97B228941514325900700A77 /* CCTexture2D.m in Sources */ = {isa = PBXBuildFile; fileRef = 97B228931514325900700A77 /* CCTexture2D.m */; };
		97B228971514325900700A77 /* CCTextureAtlas.m in Sources */ = {isa = PBXBuildFile; fileRef = 97B228961514325900700A77 /* CCTextureAtlas.m */; };
		97B2289A1514325900700A77 /* CCTextureCache.m in Sources */ = {isa = PBXBuildFile; fileRef = 97B228991514325900700A77 /* CCTextureCache.m */; };
		97B2289D1514325900700A77 /* CCTexturePVR.m in Sources */ = {isa = PBXBuildFile; fileRef = 97B2289C1514325900700A77 /* CCTexturePVR.m */; };
		97B228A01514325900700A77 /* CCTileMapAtlas.m in Sources */ = {isa = PBXBuildFile; fileRef = 97B2289F1514325900700A77 /* CCTileMapAtlas.m */; };
		97B228A31514325900700A77 /* CCTMXLayer.m in Sources */ = {isa = PBXBuildFile; fileRef = 97B228A21514325900700A77 /* CCTMXLayer.m */; };
		97B228A61514325900700A77 /* CCTMXObjectGroup.m in Sources */ = {isa = PBXBuildFile; fileRef = 97B228A51514325900700A77 /* CCTMXObjectGroup.m */; };
		97B228A91514325A00700A77 /* CCTMXTiledMap.m in Sources */ = {isa = PBXBuildFile; fileRef = 97B228A81514325A00700A77 /* CCTMXTiledMap.m */; };
		97B228AC1514325A00700A77 /* CCTMXXMLParser.m in Sources */ = {isa = PBXBuildFile; fileRef = 97B228AB1514325A00700A77 /* CCTMXXMLParser.m */; };
		97B228AF1514325A00700A77 /* CCTransition.m in Sources */ = {isa = PBXBuildFile; fileRef = 97B228AE1514325A00700A77 /* CCTransition.m */; };
		97B228B21514325A00700A77 /* CCTransitionPageTurn.m in Sources */ = {isa = PBXBuildFile; fileRef = 97B228B11514325A00700A77 /* CCTransitionPageTurn.m */; };
		97B228B51514325A00700A77 /* CCTransitionRadial.m in Sources */ = {isa = PBXBuildFile; fileRef = 97B228B41514325A00700A77 /* CCTransitionRadial.m */; };
		97B228B91514325A00700A77 /* cocos2d.m in Sources */ = {isa = PBXBuildFile; fileRef = 97B228B81514325A00700A77 /* cocos2d.m */; };
		97B228C01514325A00700A77 /* CCDirectorIOS.m in Sources */ = {isa = PBXBuildFile; fileRef = 97B228BF1514325A00700A77 /* CCDirectorIOS.m */; };
		97B228C41514325A00700A77 /* CCTouchDispatcher.m in Sources */ = {isa = PBXBuildFile; fileRef = 97B228C31514325A00700A77 /* CCTouchDispatcher.m */; };
		97B228C71514325A00700A77 /* CCTouchHandler.m in Sources */ = {isa = PBXBuildFile; fileRef = 97B228C61514325A00700A77 /* CCTouchHandler.m */; };
		97B228CA1514325A00700A77 /* EAGLView.m in Sources */ = {isa = PBXBuildFile; fileRef = 97B228C91514325A00700A77 /* EAGLView.m */; };
		97B228CD1514325A00700A77 /* ES1Renderer.m in Sources */ = {isa = PBXBuildFile; fileRef = 97B228CC1514325A00700A77 /* ES1Renderer.m */; };
		97B228D01514325A00700A77 /* glu.c in Sources */ = {isa = PBXBuildFile; fileRef = 97B228CF1514325A00700A77 /* glu.c */; };
		97B228D51514325A00700A77 /* CCDirectorMac.m in Sources */ = {isa = PBXBuildFile; fileRef = 97B228D41514325A00700A77 /* CCDirectorMac.m */; };
		97B228D81514325A00700A77 /* CCEventDispatcher.m in Sources */ = {isa = PBXBuildFile; fileRef = 97B228D71514325A00700A77 /* CCEventDispatcher.m */; };
		97B228DB1514325A00700A77 /* MacGLView.m in Sources */ = {isa = PBXBuildFile; fileRef = 97B228DA1514325A00700A77 /* MacGLView.m */; };
		97B228DE1514325A00700A77 /* MacWindow.m in Sources */ = {isa = PBXBuildFile; fileRef = 97B228DD1514325A00700A77 /* MacWindow.m */; };
		97B228E11514325A00700A77 /* base64.c in Sources */ = {isa = PBXBuildFile; fileRef = 97B228E01514325A00700A77 /* base64.c */; };
		97B228E51514325A00700A77 /* CCArray.m in Sources */ = {isa = PBXBuildFile; fileRef = 97B228E41514325A00700A77 /* CCArray.m */; };
		97B228E91514325A00700A77 /* CCFileUtils.m in Sources */ = {isa = PBXBuildFile; fileRef = 97B228E81514325A00700A77 /* CCFileUtils.m */; };
		97B228EC1514325A00700A77 /* CCProfiling.m in Sources */ = {isa = PBXBuildFile; fileRef = 97B228EB1514325A00700A77 /* CCProfiling.m */; };
		97B228EE1514325A00700A77 /* ccUtils.c in Sources */ = {isa = PBXBuildFile; fileRef = 97B228ED1514325A00700A77 /* ccUtils.c */; };
		97B228F21514325A00700A77 /* CGPointExtension.m in Sources */ = {isa = PBXBuildFile; fileRef = 97B228F11514325A00700A77 /* CGPointExtension.m */; };
		97B228F61514325A00700A77 /* TGAlib.m in Sources */ = {isa = PBXBuildFile; fileRef = 97B228F51514325A00700A77 /* TGAlib.m */; };
		97B228F91514325A00700A77 /* TransformUtils.m in Sources */ = {isa = PBXBuildFile; fileRef = 97B228F81514325A00700A77 /* TransformUtils.m */; };
		97B228FE1514325A00700A77 /* ZipUtils.m in Sources */ = {isa = PBXBuildFile; fileRef = 97B228FD1514325A00700A77 /* ZipUtils.m */; };
		97B229031514325A00700A77 /* CDAudioManager.m in Sources */ = {isa = PBXBuildFile; fileRef = 97B229021514325A00700A77 /* CDAudioManager.m */; };
		97B229071514325A00700A77 /* CDOpenALSupport.m in Sources */ = {isa = PBXBuildFile; fileRef = 97B229061514325A00700A77 /* CDOpenALSupport.m */; };
		97B2290A1514325A00700A77 /* CocosDenshion.m in Sources */ = {isa = PBXBuildFile; fileRef = 97B229091514325A00700A77 /* CocosDenshion.m */; };
		97B2290D1514325A00700A77 /* SimpleAudioEngine.m in Sources */ = {isa = PBXBuildFile; fileRef = 97B2290C1514325A00700A77 /* SimpleAudioEngine.m */; };
		97B229121514325A00700A77 /* CDXMacOSXSupport.m in Sources */ = {isa = PBXBuildFile; fileRef = 97B229111514325A00700A77 /* CDXMacOSXSupport.m */; };
		97B229151514325A00700A77 /* CDXPropertyModifierAction.m in Sources */ = {isa = PBXBuildFile; fileRef = 97B229141514325A00700A77 /* CDXPropertyModifierAction.m */; };
		97B229191514325A00700A77 /* main.m in Sources */ = {isa = PBXBuildFile; fileRef = 97B229181514325A00700A77 /* main.m */; };
		97B2291C1514325A00700A77 /* AppDelegate.m in Sources */ = {isa = PBXBuildFile; fileRef = 97B2291B1514325A00700A77 /* AppDelegate.m */; };
		97B2291F1514325A00700A77 /* HelloWorldLayer.m in Sources */ = {isa = PBXBuildFile; fileRef = 97B2291E1514325A00700A77 /* HelloWorldLayer.m */; };
/* End PBXBuildFile section */

/* Begin PBXFileReference section */
		97B227EB1514325900700A77 /* Stage.app */ = {isa = PBXFileReference; explicitFileType = wrapper.application; includeInIndex = 0; path = Stage.app; sourceTree = BUILT_PRODUCTS_DIR; };
		97B227EF1514325900700A77 /* QuartzCore.framework */ = {isa = PBXFileReference; lastKnownFileType = wrapper.framework; name = QuartzCore.framework; path = System/Library/Frameworks/QuartzCore.framework; sourceTree = SDKROOT; };
		97B227F11514325900700A77 /* OpenGL.framework */ = {isa = PBXFileReference; lastKnownFileType = wrapper.framework; name = OpenGL.framework; path = System/Library/Frameworks/OpenGL.framework; sourceTree = SDKROOT; };
		97B227F31514325900700A77 /* OpenAL.framework */ = {isa = PBXFileReference; lastKnownFileType = wrapper.framework; name = OpenAL.framework; path = System/Library/Frameworks/OpenAL.framework; sourceTree = SDKROOT; };
		97B227F51514325900700A77 /* AudioToolbox.framework */ = {isa = PBXFileReference; lastKnownFileType = wrapper.framework; name = AudioToolbox.framework; path = System/Library/Frameworks/AudioToolbox.framework; sourceTree = SDKROOT; };
		97B227F71514325900700A77 /* AppKit.framework */ = {isa = PBXFileReference; lastKnownFileType = wrapper.framework; name = AppKit.framework; path = System/Library/Frameworks/AppKit.framework; sourceTree = SDKROOT; };
		97B227F91514325900700A77 /* Foundation.framework */ = {isa = PBXFileReference; lastKnownFileType = wrapper.framework; name = Foundation.framework; path = System/Library/Frameworks/Foundation.framework; sourceTree = SDKROOT; };
		97B227FF1514325900700A77 /* English */ = {isa = PBXFileReference; lastKnownFileType = text.plist.strings; name = English; path = Resources/English.lproj/InfoPlist.strings; sourceTree = "<group>"; };
		97B228021514325900700A77 /* English */ = {isa = PBXFileReference; lastKnownFileType = file.xib; name = English; path = Resources/English.lproj/MainMenu.xib; sourceTree = "<group>"; };
		97B228041514325900700A77 /* fps_images.png */ = {isa = PBXFileReference; lastKnownFileType = image.png; name = fps_images.png; path = Resources/fps_images.png; sourceTree = "<group>"; };
		97B228061514325900700A77 /* icon.icns */ = {isa = PBXFileReference; lastKnownFileType = image.icns; name = icon.icns; path = Resources/icon.icns; sourceTree = "<group>"; };
		97B228081514325900700A77 /* Info.plist */ = {isa = PBXFileReference; lastKnownFileType = text.plist.xml; name = Info.plist; path = Resources/Info.plist; sourceTree = "<group>"; };
		97B2280B1514325900700A77 /* CCAction.h */ = {isa = PBXFileReference; lastKnownFileType = sourcecode.c.h; name = CCAction.h; path = libs/cocos2d/CCAction.h; sourceTree = "<group>"; };
		97B2280C1514325900700A77 /* CCAction.m */ = {isa = PBXFileReference; lastKnownFileType = sourcecode.c.objc; name = CCAction.m; path = libs/cocos2d/CCAction.m; sourceTree = "<group>"; };
		97B2280E1514325900700A77 /* CCActionCamera.h */ = {isa = PBXFileReference; lastKnownFileType = sourcecode.c.h; name = CCActionCamera.h; path = libs/cocos2d/CCActionCamera.h; sourceTree = "<group>"; };
		97B2280F1514325900700A77 /* CCActionCamera.m */ = {isa = PBXFileReference; lastKnownFileType = sourcecode.c.objc; name = CCActionCamera.m; path = libs/cocos2d/CCActionCamera.m; sourceTree = "<group>"; };
		97B228111514325900700A77 /* CCActionEase.h */ = {isa = PBXFileReference; lastKnownFileType = sourcecode.c.h; name = CCActionEase.h; path = libs/cocos2d/CCActionEase.h; sourceTree = "<group>"; };
		97B228121514325900700A77 /* CCActionEase.m */ = {isa = PBXFileReference; lastKnownFileType = sourcecode.c.objc; name = CCActionEase.m; path = libs/cocos2d/CCActionEase.m; sourceTree = "<group>"; };
		97B228141514325900700A77 /* CCActionGrid.h */ = {isa = PBXFileReference; lastKnownFileType = sourcecode.c.h; name = CCActionGrid.h; path = libs/cocos2d/CCActionGrid.h; sourceTree = "<group>"; };
		97B228151514325900700A77 /* CCActionGrid.m */ = {isa = PBXFileReference; lastKnownFileType = sourcecode.c.objc; name = CCActionGrid.m; path = libs/cocos2d/CCActionGrid.m; sourceTree = "<group>"; };
		97B228171514325900700A77 /* CCActionGrid3D.h */ = {isa = PBXFileReference; lastKnownFileType = sourcecode.c.h; name = CCActionGrid3D.h; path = libs/cocos2d/CCActionGrid3D.h; sourceTree = "<group>"; };
		97B228181514325900700A77 /* CCActionGrid3D.m */ = {isa = PBXFileReference; lastKnownFileType = sourcecode.c.objc; name = CCActionGrid3D.m; path = libs/cocos2d/CCActionGrid3D.m; sourceTree = "<group>"; };
		97B2281A1514325900700A77 /* CCActionInstant.h */ = {isa = PBXFileReference; lastKnownFileType = sourcecode.c.h; name = CCActionInstant.h; path = libs/cocos2d/CCActionInstant.h; sourceTree = "<group>"; };
		97B2281B1514325900700A77 /* CCActionInstant.m */ = {isa = PBXFileReference; lastKnownFileType = sourcecode.c.objc; name = CCActionInstant.m; path = libs/cocos2d/CCActionInstant.m; sourceTree = "<group>"; };
		97B2281D1514325900700A77 /* CCActionInterval.h */ = {isa = PBXFileReference; lastKnownFileType = sourcecode.c.h; name = CCActionInterval.h; path = libs/cocos2d/CCActionInterval.h; sourceTree = "<group>"; };
		97B2281E1514325900700A77 /* CCActionInterval.m */ = {isa = PBXFileReference; lastKnownFileType = sourcecode.c.objc; name = CCActionInterval.m; path = libs/cocos2d/CCActionInterval.m; sourceTree = "<group>"; };
		97B228201514325900700A77 /* CCActionManager.h */ = {isa = PBXFileReference; lastKnownFileType = sourcecode.c.h; name = CCActionManager.h; path = libs/cocos2d/CCActionManager.h; sourceTree = "<group>"; };
		97B228211514325900700A77 /* CCActionManager.m */ = {isa = PBXFileReference; lastKnownFileType = sourcecode.c.objc; name = CCActionManager.m; path = libs/cocos2d/CCActionManager.m; sourceTree = "<group>"; };
		97B228231514325900700A77 /* CCActionPageTurn3D.h */ = {isa = PBXFileReference; lastKnownFileType = sourcecode.c.h; name = CCActionPageTurn3D.h; path = libs/cocos2d/CCActionPageTurn3D.h; sourceTree = "<group>"; };
		97B228241514325900700A77 /* CCActionPageTurn3D.m */ = {isa = PBXFileReference; lastKnownFileType = sourcecode.c.objc; name = CCActionPageTurn3D.m; path = libs/cocos2d/CCActionPageTurn3D.m; sourceTree = "<group>"; };
		97B228261514325900700A77 /* CCActionProgressTimer.h */ = {isa = PBXFileReference; lastKnownFileType = sourcecode.c.h; name = CCActionProgressTimer.h; path = libs/cocos2d/CCActionProgressTimer.h; sourceTree = "<group>"; };
		97B228271514325900700A77 /* CCActionProgressTimer.m */ = {isa = PBXFileReference; lastKnownFileType = sourcecode.c.objc; name = CCActionProgressTimer.m; path = libs/cocos2d/CCActionProgressTimer.m; sourceTree = "<group>"; };
		97B228291514325900700A77 /* CCActionTiledGrid.h */ = {isa = PBXFileReference; lastKnownFileType = sourcecode.c.h; name = CCActionTiledGrid.h; path = libs/cocos2d/CCActionTiledGrid.h; sourceTree = "<group>"; };
		97B2282A1514325900700A77 /* CCActionTiledGrid.m */ = {isa = PBXFileReference; lastKnownFileType = sourcecode.c.objc; name = CCActionTiledGrid.m; path = libs/cocos2d/CCActionTiledGrid.m; sourceTree = "<group>"; };
		97B2282C1514325900700A77 /* CCActionTween.h */ = {isa = PBXFileReference; lastKnownFileType = sourcecode.c.h; name = CCActionTween.h; path = libs/cocos2d/CCActionTween.h; sourceTree = "<group>"; };
		97B2282D1514325900700A77 /* CCActionTween.m */ = {isa = PBXFileReference; lastKnownFileType = sourcecode.c.objc; name = CCActionTween.m; path = libs/cocos2d/CCActionTween.m; sourceTree = "<group>"; };
		97B2282F1514325900700A77 /* CCAnimation.h */ = {isa = PBXFileReference; lastKnownFileType = sourcecode.c.h; name = CCAnimation.h; path = libs/cocos2d/CCAnimation.h; sourceTree = "<group>"; };
		97B228301514325900700A77 /* CCAnimation.m */ = {isa = PBXFileReference; lastKnownFileType = sourcecode.c.objc; name = CCAnimation.m; path = libs/cocos2d/CCAnimation.m; sourceTree = "<group>"; };
		97B228321514325900700A77 /* CCAnimationCache.h */ = {isa = PBXFileReference; lastKnownFileType = sourcecode.c.h; name = CCAnimationCache.h; path = libs/cocos2d/CCAnimationCache.h; sourceTree = "<group>"; };
		97B228331514325900700A77 /* CCAnimationCache.m */ = {isa = PBXFileReference; lastKnownFileType = sourcecode.c.objc; name = CCAnimationCache.m; path = libs/cocos2d/CCAnimationCache.m; sourceTree = "<group>"; };
		97B228351514325900700A77 /* CCAtlasNode.h */ = {isa = PBXFileReference; lastKnownFileType = sourcecode.c.h; name = CCAtlasNode.h; path = libs/cocos2d/CCAtlasNode.h; sourceTree = "<group>"; };
		97B228361514325900700A77 /* CCAtlasNode.m */ = {isa = PBXFileReference; lastKnownFileType = sourcecode.c.objc; name = CCAtlasNode.m; path = libs/cocos2d/CCAtlasNode.m; sourceTree = "<group>"; };
		97B228381514325900700A77 /* CCBlockSupport.h */ = {isa = PBXFileReference; lastKnownFileType = sourcecode.c.h; name = CCBlockSupport.h; path = libs/cocos2d/CCBlockSupport.h; sourceTree = "<group>"; };
		97B228391514325900700A77 /* CCBlockSupport.m */ = {isa = PBXFileReference; lastKnownFileType = sourcecode.c.objc; name = CCBlockSupport.m; path = libs/cocos2d/CCBlockSupport.m; sourceTree = "<group>"; };
		97B2283B1514325900700A77 /* CCCamera.h */ = {isa = PBXFileReference; lastKnownFileType = sourcecode.c.h; name = CCCamera.h; path = libs/cocos2d/CCCamera.h; sourceTree = "<group>"; };
		97B2283C1514325900700A77 /* CCCamera.m */ = {isa = PBXFileReference; lastKnownFileType = sourcecode.c.objc; name = CCCamera.m; path = libs/cocos2d/CCCamera.m; sourceTree = "<group>"; };
		97B2283E1514325900700A77 /* ccConfig.h */ = {isa = PBXFileReference; lastKnownFileType = sourcecode.c.h; name = ccConfig.h; path = libs/cocos2d/ccConfig.h; sourceTree = "<group>"; };
		97B2283F1514325900700A77 /* CCConfiguration.h */ = {isa = PBXFileReference; lastKnownFileType = sourcecode.c.h; name = CCConfiguration.h; path = libs/cocos2d/CCConfiguration.h; sourceTree = "<group>"; };
		97B228401514325900700A77 /* CCConfiguration.m */ = {isa = PBXFileReference; lastKnownFileType = sourcecode.c.objc; name = CCConfiguration.m; path = libs/cocos2d/CCConfiguration.m; sourceTree = "<group>"; };
		97B228421514325900700A77 /* CCDirector.h */ = {isa = PBXFileReference; lastKnownFileType = sourcecode.c.h; name = CCDirector.h; path = libs/cocos2d/CCDirector.h; sourceTree = "<group>"; };
		97B228431514325900700A77 /* CCDirector.m */ = {isa = PBXFileReference; lastKnownFileType = sourcecode.c.objc; name = CCDirector.m; path = libs/cocos2d/CCDirector.m; sourceTree = "<group>"; };
		97B228451514325900700A77 /* CCDrawingPrimitives.h */ = {isa = PBXFileReference; lastKnownFileType = sourcecode.c.h; name = CCDrawingPrimitives.h; path = libs/cocos2d/CCDrawingPrimitives.h; sourceTree = "<group>"; };
		97B228461514325900700A77 /* CCDrawingPrimitives.m */ = {isa = PBXFileReference; lastKnownFileType = sourcecode.c.objc; name = CCDrawingPrimitives.m; path = libs/cocos2d/CCDrawingPrimitives.m; sourceTree = "<group>"; };
		97B228481514325900700A77 /* CCGrabber.h */ = {isa = PBXFileReference; lastKnownFileType = sourcecode.c.h; name = CCGrabber.h; path = libs/cocos2d/CCGrabber.h; sourceTree = "<group>"; };
		97B228491514325900700A77 /* CCGrabber.m */ = {isa = PBXFileReference; lastKnownFileType = sourcecode.c.objc; name = CCGrabber.m; path = libs/cocos2d/CCGrabber.m; sourceTree = "<group>"; };
		97B2284B1514325900700A77 /* CCGrid.h */ = {isa = PBXFileReference; lastKnownFileType = sourcecode.c.h; name = CCGrid.h; path = libs/cocos2d/CCGrid.h; sourceTree = "<group>"; };
		97B2284C1514325900700A77 /* CCGrid.m */ = {isa = PBXFileReference; lastKnownFileType = sourcecode.c.objc; name = CCGrid.m; path = libs/cocos2d/CCGrid.m; sourceTree = "<group>"; };
		97B2284E1514325900700A77 /* CCLabelAtlas.h */ = {isa = PBXFileReference; lastKnownFileType = sourcecode.c.h; name = CCLabelAtlas.h; path = libs/cocos2d/CCLabelAtlas.h; sourceTree = "<group>"; };
		97B2284F1514325900700A77 /* CCLabelAtlas.m */ = {isa = PBXFileReference; lastKnownFileType = sourcecode.c.objc; name = CCLabelAtlas.m; path = libs/cocos2d/CCLabelAtlas.m; sourceTree = "<group>"; };
		97B228511514325900700A77 /* CCLabelBMFont.h */ = {isa = PBXFileReference; lastKnownFileType = sourcecode.c.h; name = CCLabelBMFont.h; path = libs/cocos2d/CCLabelBMFont.h; sourceTree = "<group>"; };
		97B228521514325900700A77 /* CCLabelBMFont.m */ = {isa = PBXFileReference; lastKnownFileType = sourcecode.c.objc; name = CCLabelBMFont.m; path = libs/cocos2d/CCLabelBMFont.m; sourceTree = "<group>"; };
		97B228541514325900700A77 /* CCLabelTTF.h */ = {isa = PBXFileReference; lastKnownFileType = sourcecode.c.h; name = CCLabelTTF.h; path = libs/cocos2d/CCLabelTTF.h; sourceTree = "<group>"; };
		97B228551514325900700A77 /* CCLabelTTF.m */ = {isa = PBXFileReference; lastKnownFileType = sourcecode.c.objc; name = CCLabelTTF.m; path = libs/cocos2d/CCLabelTTF.m; sourceTree = "<group>"; };
		97B228571514325900700A77 /* CCLayer.h */ = {isa = PBXFileReference; lastKnownFileType = sourcecode.c.h; name = CCLayer.h; path = libs/cocos2d/CCLayer.h; sourceTree = "<group>"; };
		97B228581514325900700A77 /* CCLayer.m */ = {isa = PBXFileReference; lastKnownFileType = sourcecode.c.objc; name = CCLayer.m; path = libs/cocos2d/CCLayer.m; sourceTree = "<group>"; };
		97B2285A1514325900700A77 /* ccMacros.h */ = {isa = PBXFileReference; lastKnownFileType = sourcecode.c.h; name = ccMacros.h; path = libs/cocos2d/ccMacros.h; sourceTree = "<group>"; };
		97B2285B1514325900700A77 /* CCMenu.h */ = {isa = PBXFileReference; lastKnownFileType = sourcecode.c.h; name = CCMenu.h; path = libs/cocos2d/CCMenu.h; sourceTree = "<group>"; };
		97B2285C1514325900700A77 /* CCMenu.m */ = {isa = PBXFileReference; lastKnownFileType = sourcecode.c.objc; name = CCMenu.m; path = libs/cocos2d/CCMenu.m; sourceTree = "<group>"; };
		97B2285E1514325900700A77 /* CCMenuItem.h */ = {isa = PBXFileReference; lastKnownFileType = sourcecode.c.h; name = CCMenuItem.h; path = libs/cocos2d/CCMenuItem.h; sourceTree = "<group>"; };
		97B2285F1514325900700A77 /* CCMenuItem.m */ = {isa = PBXFileReference; lastKnownFileType = sourcecode.c.objc; name = CCMenuItem.m; path = libs/cocos2d/CCMenuItem.m; sourceTree = "<group>"; };
		97B228611514325900700A77 /* CCMotionStreak.h */ = {isa = PBXFileReference; lastKnownFileType = sourcecode.c.h; name = CCMotionStreak.h; path = libs/cocos2d/CCMotionStreak.h; sourceTree = "<group>"; };
		97B228621514325900700A77 /* CCMotionStreak.m */ = {isa = PBXFileReference; lastKnownFileType = sourcecode.c.objc; name = CCMotionStreak.m; path = libs/cocos2d/CCMotionStreak.m; sourceTree = "<group>"; };
		97B228641514325900700A77 /* CCNode.h */ = {isa = PBXFileReference; lastKnownFileType = sourcecode.c.h; name = CCNode.h; path = libs/cocos2d/CCNode.h; sourceTree = "<group>"; };
		97B228651514325900700A77 /* CCNode.m */ = {isa = PBXFileReference; lastKnownFileType = sourcecode.c.objc; name = CCNode.m; path = libs/cocos2d/CCNode.m; sourceTree = "<group>"; };
		97B228671514325900700A77 /* CCParallaxNode.h */ = {isa = PBXFileReference; lastKnownFileType = sourcecode.c.h; name = CCParallaxNode.h; path = libs/cocos2d/CCParallaxNode.h; sourceTree = "<group>"; };
		97B228681514325900700A77 /* CCParallaxNode.m */ = {isa = PBXFileReference; lastKnownFileType = sourcecode.c.objc; name = CCParallaxNode.m; path = libs/cocos2d/CCParallaxNode.m; sourceTree = "<group>"; };
		97B2286A1514325900700A77 /* CCParticleExamples.h */ = {isa = PBXFileReference; lastKnownFileType = sourcecode.c.h; name = CCParticleExamples.h; path = libs/cocos2d/CCParticleExamples.h; sourceTree = "<group>"; };
		97B2286B1514325900700A77 /* CCParticleExamples.m */ = {isa = PBXFileReference; lastKnownFileType = sourcecode.c.objc; name = CCParticleExamples.m; path = libs/cocos2d/CCParticleExamples.m; sourceTree = "<group>"; };
		97B2286D1514325900700A77 /* CCParticleSystem.h */ = {isa = PBXFileReference; lastKnownFileType = sourcecode.c.h; name = CCParticleSystem.h; path = libs/cocos2d/CCParticleSystem.h; sourceTree = "<group>"; };
		97B2286E1514325900700A77 /* CCParticleSystem.m */ = {isa = PBXFileReference; lastKnownFileType = sourcecode.c.objc; name = CCParticleSystem.m; path = libs/cocos2d/CCParticleSystem.m; sourceTree = "<group>"; };
		97B228701514325900700A77 /* CCParticleSystemPoint.h */ = {isa = PBXFileReference; lastKnownFileType = sourcecode.c.h; name = CCParticleSystemPoint.h; path = libs/cocos2d/CCParticleSystemPoint.h; sourceTree = "<group>"; };
		97B228711514325900700A77 /* CCParticleSystemPoint.m */ = {isa = PBXFileReference; lastKnownFileType = sourcecode.c.objc; name = CCParticleSystemPoint.m; path = libs/cocos2d/CCParticleSystemPoint.m; sourceTree = "<group>"; };
		97B228731514325900700A77 /* CCParticleSystemQuad.h */ = {isa = PBXFileReference; lastKnownFileType = sourcecode.c.h; name = CCParticleSystemQuad.h; path = libs/cocos2d/CCParticleSystemQuad.h; sourceTree = "<group>"; };
		97B228741514325900700A77 /* CCParticleSystemQuad.m */ = {isa = PBXFileReference; lastKnownFileType = sourcecode.c.objc; name = CCParticleSystemQuad.m; path = libs/cocos2d/CCParticleSystemQuad.m; sourceTree = "<group>"; };
		97B228761514325900700A77 /* CCProgressTimer.h */ = {isa = PBXFileReference; lastKnownFileType = sourcecode.c.h; name = CCProgressTimer.h; path = libs/cocos2d/CCProgressTimer.h; sourceTree = "<group>"; };
		97B228771514325900700A77 /* CCProgressTimer.m */ = {isa = PBXFileReference; lastKnownFileType = sourcecode.c.objc; name = CCProgressTimer.m; path = libs/cocos2d/CCProgressTimer.m; sourceTree = "<group>"; };
		97B228791514325900700A77 /* CCProtocols.h */ = {isa = PBXFileReference; lastKnownFileType = sourcecode.c.h; name = CCProtocols.h; path = libs/cocos2d/CCProtocols.h; sourceTree = "<group>"; };
		97B2287A1514325900700A77 /* CCRenderTexture.h */ = {isa = PBXFileReference; lastKnownFileType = sourcecode.c.h; name = CCRenderTexture.h; path = libs/cocos2d/CCRenderTexture.h; sourceTree = "<group>"; };
		97B2287B1514325900700A77 /* CCRenderTexture.m */ = {isa = PBXFileReference; lastKnownFileType = sourcecode.c.objc; name = CCRenderTexture.m; path = libs/cocos2d/CCRenderTexture.m; sourceTree = "<group>"; };
		97B2287D1514325900700A77 /* CCRibbon.h */ = {isa = PBXFileReference; lastKnownFileType = sourcecode.c.h; name = CCRibbon.h; path = libs/cocos2d/CCRibbon.h; sourceTree = "<group>"; };
		97B2287E1514325900700A77 /* CCRibbon.m */ = {isa = PBXFileReference; lastKnownFileType = sourcecode.c.objc; name = CCRibbon.m; path = libs/cocos2d/CCRibbon.m; sourceTree = "<group>"; };
		97B228801514325900700A77 /* CCScene.h */ = {isa = PBXFileReference; lastKnownFileType = sourcecode.c.h; name = CCScene.h; path = libs/cocos2d/CCScene.h; sourceTree = "<group>"; };
		97B228811514325900700A77 /* CCScene.m */ = {isa = PBXFileReference; lastKnownFileType = sourcecode.c.objc; name = CCScene.m; path = libs/cocos2d/CCScene.m; sourceTree = "<group>"; };
		97B228831514325900700A77 /* CCScheduler.h */ = {isa = PBXFileReference; lastKnownFileType = sourcecode.c.h; name = CCScheduler.h; path = libs/cocos2d/CCScheduler.h; sourceTree = "<group>"; };
		97B228841514325900700A77 /* CCScheduler.m */ = {isa = PBXFileReference; lastKnownFileType = sourcecode.c.objc; name = CCScheduler.m; path = libs/cocos2d/CCScheduler.m; sourceTree = "<group>"; };
		97B228861514325900700A77 /* CCSprite.h */ = {isa = PBXFileReference; lastKnownFileType = sourcecode.c.h; name = CCSprite.h; path = libs/cocos2d/CCSprite.h; sourceTree = "<group>"; };
		97B228871514325900700A77 /* CCSprite.m */ = {isa = PBXFileReference; lastKnownFileType = sourcecode.c.objc; name = CCSprite.m; path = libs/cocos2d/CCSprite.m; sourceTree = "<group>"; };
		97B228891514325900700A77 /* CCSpriteBatchNode.h */ = {isa = PBXFileReference; lastKnownFileType = sourcecode.c.h; name = CCSpriteBatchNode.h; path = libs/cocos2d/CCSpriteBatchNode.h; sourceTree = "<group>"; };
		97B2288A1514325900700A77 /* CCSpriteBatchNode.m */ = {isa = PBXFileReference; lastKnownFileType = sourcecode.c.objc; name = CCSpriteBatchNode.m; path = libs/cocos2d/CCSpriteBatchNode.m; sourceTree = "<group>"; };
		97B2288C1514325900700A77 /* CCSpriteFrame.h */ = {isa = PBXFileReference; lastKnownFileType = sourcecode.c.h; name = CCSpriteFrame.h; path = libs/cocos2d/CCSpriteFrame.h; sourceTree = "<group>"; };
		97B2288D1514325900700A77 /* CCSpriteFrame.m */ = {isa = PBXFileReference; lastKnownFileType = sourcecode.c.objc; name = CCSpriteFrame.m; path = libs/cocos2d/CCSpriteFrame.m; sourceTree = "<group>"; };
		97B2288F1514325900700A77 /* CCSpriteFrameCache.h */ = {isa = PBXFileReference; lastKnownFileType = sourcecode.c.h; name = CCSpriteFrameCache.h; path = libs/cocos2d/CCSpriteFrameCache.h; sourceTree = "<group>"; };
		97B228901514325900700A77 /* CCSpriteFrameCache.m */ = {isa = PBXFileReference; lastKnownFileType = sourcecode.c.objc; name = CCSpriteFrameCache.m; path = libs/cocos2d/CCSpriteFrameCache.m; sourceTree = "<group>"; };
		97B228921514325900700A77 /* CCTexture2D.h */ = {isa = PBXFileReference; lastKnownFileType = sourcecode.c.h; name = CCTexture2D.h; path = libs/cocos2d/CCTexture2D.h; sourceTree = "<group>"; };
		97B228931514325900700A77 /* CCTexture2D.m */ = {isa = PBXFileReference; lastKnownFileType = sourcecode.c.objc; name = CCTexture2D.m; path = libs/cocos2d/CCTexture2D.m; sourceTree = "<group>"; };
		97B228951514325900700A77 /* CCTextureAtlas.h */ = {isa = PBXFileReference; lastKnownFileType = sourcecode.c.h; name = CCTextureAtlas.h; path = libs/cocos2d/CCTextureAtlas.h; sourceTree = "<group>"; };
		97B228961514325900700A77 /* CCTextureAtlas.m */ = {isa = PBXFileReference; lastKnownFileType = sourcecode.c.objc; name = CCTextureAtlas.m; path = libs/cocos2d/CCTextureAtlas.m; sourceTree = "<group>"; };
		97B228981514325900700A77 /* CCTextureCache.h */ = {isa = PBXFileReference; lastKnownFileType = sourcecode.c.h; name = CCTextureCache.h; path = libs/cocos2d/CCTextureCache.h; sourceTree = "<group>"; };
		97B228991514325900700A77 /* CCTextureCache.m */ = {isa = PBXFileReference; lastKnownFileType = sourcecode.c.objc; name = CCTextureCache.m; path = libs/cocos2d/CCTextureCache.m; sourceTree = "<group>"; };
		97B2289B1514325900700A77 /* CCTexturePVR.h */ = {isa = PBXFileReference; lastKnownFileType = sourcecode.c.h; name = CCTexturePVR.h; path = libs/cocos2d/CCTexturePVR.h; sourceTree = "<group>"; };
		97B2289C1514325900700A77 /* CCTexturePVR.m */ = {isa = PBXFileReference; lastKnownFileType = sourcecode.c.objc; name = CCTexturePVR.m; path = libs/cocos2d/CCTexturePVR.m; sourceTree = "<group>"; };
		97B2289E1514325900700A77 /* CCTileMapAtlas.h */ = {isa = PBXFileReference; lastKnownFileType = sourcecode.c.h; name = CCTileMapAtlas.h; path = libs/cocos2d/CCTileMapAtlas.h; sourceTree = "<group>"; };
		97B2289F1514325900700A77 /* CCTileMapAtlas.m */ = {isa = PBXFileReference; lastKnownFileType = sourcecode.c.objc; name = CCTileMapAtlas.m; path = libs/cocos2d/CCTileMapAtlas.m; sourceTree = "<group>"; };
		97B228A11514325900700A77 /* CCTMXLayer.h */ = {isa = PBXFileReference; lastKnownFileType = sourcecode.c.h; name = CCTMXLayer.h; path = libs/cocos2d/CCTMXLayer.h; sourceTree = "<group>"; };
		97B228A21514325900700A77 /* CCTMXLayer.m */ = {isa = PBXFileReference; lastKnownFileType = sourcecode.c.objc; name = CCTMXLayer.m; path = libs/cocos2d/CCTMXLayer.m; sourceTree = "<group>"; };
		97B228A41514325900700A77 /* CCTMXObjectGroup.h */ = {isa = PBXFileReference; lastKnownFileType = sourcecode.c.h; name = CCTMXObjectGroup.h; path = libs/cocos2d/CCTMXObjectGroup.h; sourceTree = "<group>"; };
		97B228A51514325900700A77 /* CCTMXObjectGroup.m */ = {isa = PBXFileReference; lastKnownFileType = sourcecode.c.objc; name = CCTMXObjectGroup.m; path = libs/cocos2d/CCTMXObjectGroup.m; sourceTree = "<group>"; };
		97B228A71514325900700A77 /* CCTMXTiledMap.h */ = {isa = PBXFileReference; lastKnownFileType = sourcecode.c.h; name = CCTMXTiledMap.h; path = libs/cocos2d/CCTMXTiledMap.h; sourceTree = "<group>"; };
		97B228A81514325A00700A77 /* CCTMXTiledMap.m */ = {isa = PBXFileReference; lastKnownFileType = sourcecode.c.objc; name = CCTMXTiledMap.m; path = libs/cocos2d/CCTMXTiledMap.m; sourceTree = "<group>"; };
		97B228AA1514325A00700A77 /* CCTMXXMLParser.h */ = {isa = PBXFileReference; lastKnownFileType = sourcecode.c.h; name = CCTMXXMLParser.h; path = libs/cocos2d/CCTMXXMLParser.h; sourceTree = "<group>"; };
		97B228AB1514325A00700A77 /* CCTMXXMLParser.m */ = {isa = PBXFileReference; lastKnownFileType = sourcecode.c.objc; name = CCTMXXMLParser.m; path = libs/cocos2d/CCTMXXMLParser.m; sourceTree = "<group>"; };
		97B228AD1514325A00700A77 /* CCTransition.h */ = {isa = PBXFileReference; lastKnownFileType = sourcecode.c.h; name = CCTransition.h; path = libs/cocos2d/CCTransition.h; sourceTree = "<group>"; };
		97B228AE1514325A00700A77 /* CCTransition.m */ = {isa = PBXFileReference; lastKnownFileType = sourcecode.c.objc; name = CCTransition.m; path = libs/cocos2d/CCTransition.m; sourceTree = "<group>"; };
		97B228B01514325A00700A77 /* CCTransitionPageTurn.h */ = {isa = PBXFileReference; lastKnownFileType = sourcecode.c.h; name = CCTransitionPageTurn.h; path = libs/cocos2d/CCTransitionPageTurn.h; sourceTree = "<group>"; };
		97B228B11514325A00700A77 /* CCTransitionPageTurn.m */ = {isa = PBXFileReference; lastKnownFileType = sourcecode.c.objc; name = CCTransitionPageTurn.m; path = libs/cocos2d/CCTransitionPageTurn.m; sourceTree = "<group>"; };
		97B228B31514325A00700A77 /* CCTransitionRadial.h */ = {isa = PBXFileReference; lastKnownFileType = sourcecode.c.h; name = CCTransitionRadial.h; path = libs/cocos2d/CCTransitionRadial.h; sourceTree = "<group>"; };
		97B228B41514325A00700A77 /* CCTransitionRadial.m */ = {isa = PBXFileReference; lastKnownFileType = sourcecode.c.objc; name = CCTransitionRadial.m; path = libs/cocos2d/CCTransitionRadial.m; sourceTree = "<group>"; };
		97B228B61514325A00700A77 /* ccTypes.h */ = {isa = PBXFileReference; lastKnownFileType = sourcecode.c.h; name = ccTypes.h; path = libs/cocos2d/ccTypes.h; sourceTree = "<group>"; };
		97B228B71514325A00700A77 /* cocos2d.h */ = {isa = PBXFileReference; lastKnownFileType = sourcecode.c.h; name = cocos2d.h; path = libs/cocos2d/cocos2d.h; sourceTree = "<group>"; };
		97B228B81514325A00700A77 /* cocos2d.m */ = {isa = PBXFileReference; lastKnownFileType = sourcecode.c.objc; name = cocos2d.m; path = libs/cocos2d/cocos2d.m; sourceTree = "<group>"; };
		97B228BB1514325A00700A77 /* CCGL.h */ = {isa = PBXFileReference; lastKnownFileType = sourcecode.c.h; name = CCGL.h; path = libs/cocos2d/Platforms/CCGL.h; sourceTree = "<group>"; };
		97B228BC1514325A00700A77 /* CCNS.h */ = {isa = PBXFileReference; lastKnownFileType = sourcecode.c.h; name = CCNS.h; path = libs/cocos2d/Platforms/CCNS.h; sourceTree = "<group>"; };
		97B228BE1514325A00700A77 /* CCDirectorIOS.h */ = {isa = PBXFileReference; lastKnownFileType = sourcecode.c.h; name = CCDirectorIOS.h; path = libs/cocos2d/Platforms/iOS/CCDirectorIOS.h; sourceTree = "<group>"; };
		97B228BF1514325A00700A77 /* CCDirectorIOS.m */ = {isa = PBXFileReference; lastKnownFileType = sourcecode.c.objc; name = CCDirectorIOS.m; path = libs/cocos2d/Platforms/iOS/CCDirectorIOS.m; sourceTree = "<group>"; };
		97B228C11514325A00700A77 /* CCTouchDelegateProtocol.h */ = {isa = PBXFileReference; lastKnownFileType = sourcecode.c.h; name = CCTouchDelegateProtocol.h; path = libs/cocos2d/Platforms/iOS/CCTouchDelegateProtocol.h; sourceTree = "<group>"; };
		97B228C21514325A00700A77 /* CCTouchDispatcher.h */ = {isa = PBXFileReference; lastKnownFileType = sourcecode.c.h; name = CCTouchDispatcher.h; path = libs/cocos2d/Platforms/iOS/CCTouchDispatcher.h; sourceTree = "<group>"; };
		97B228C31514325A00700A77 /* CCTouchDispatcher.m */ = {isa = PBXFileReference; lastKnownFileType = sourcecode.c.objc; name = CCTouchDispatcher.m; path = libs/cocos2d/Platforms/iOS/CCTouchDispatcher.m; sourceTree = "<group>"; };
		97B228C51514325A00700A77 /* CCTouchHandler.h */ = {isa = PBXFileReference; lastKnownFileType = sourcecode.c.h; name = CCTouchHandler.h; path = libs/cocos2d/Platforms/iOS/CCTouchHandler.h; sourceTree = "<group>"; };
		97B228C61514325A00700A77 /* CCTouchHandler.m */ = {isa = PBXFileReference; lastKnownFileType = sourcecode.c.objc; name = CCTouchHandler.m; path = libs/cocos2d/Platforms/iOS/CCTouchHandler.m; sourceTree = "<group>"; };
		97B228C81514325A00700A77 /* EAGLView.h */ = {isa = PBXFileReference; lastKnownFileType = sourcecode.c.h; name = EAGLView.h; path = libs/cocos2d/Platforms/iOS/EAGLView.h; sourceTree = "<group>"; };
		97B228C91514325A00700A77 /* EAGLView.m */ = {isa = PBXFileReference; lastKnownFileType = sourcecode.c.objc; name = EAGLView.m; path = libs/cocos2d/Platforms/iOS/EAGLView.m; sourceTree = "<group>"; };
		97B228CB1514325A00700A77 /* ES1Renderer.h */ = {isa = PBXFileReference; lastKnownFileType = sourcecode.c.h; name = ES1Renderer.h; path = libs/cocos2d/Platforms/iOS/ES1Renderer.h; sourceTree = "<group>"; };
		97B228CC1514325A00700A77 /* ES1Renderer.m */ = {isa = PBXFileReference; lastKnownFileType = sourcecode.c.objc; name = ES1Renderer.m; path = libs/cocos2d/Platforms/iOS/ES1Renderer.m; sourceTree = "<group>"; };
		97B228CE1514325A00700A77 /* ESRenderer.h */ = {isa = PBXFileReference; lastKnownFileType = sourcecode.c.h; name = ESRenderer.h; path = libs/cocos2d/Platforms/iOS/ESRenderer.h; sourceTree = "<group>"; };
		97B228CF1514325A00700A77 /* glu.c */ = {isa = PBXFileReference; lastKnownFileType = sourcecode.c.c; name = glu.c; path = libs/cocos2d/Platforms/iOS/glu.c; sourceTree = "<group>"; };
		97B228D11514325A00700A77 /* glu.h */ = {isa = PBXFileReference; lastKnownFileType = sourcecode.c.h; name = glu.h; path = libs/cocos2d/Platforms/iOS/glu.h; sourceTree = "<group>"; };
		97B228D31514325A00700A77 /* CCDirectorMac.h */ = {isa = PBXFileReference; lastKnownFileType = sourcecode.c.h; name = CCDirectorMac.h; path = libs/cocos2d/Platforms/Mac/CCDirectorMac.h; sourceTree = "<group>"; };
		97B228D41514325A00700A77 /* CCDirectorMac.m */ = {isa = PBXFileReference; lastKnownFileType = sourcecode.c.objc; name = CCDirectorMac.m; path = libs/cocos2d/Platforms/Mac/CCDirectorMac.m; sourceTree = "<group>"; };
		97B228D61514325A00700A77 /* CCEventDispatcher.h */ = {isa = PBXFileReference; lastKnownFileType = sourcecode.c.h; name = CCEventDispatcher.h; path = libs/cocos2d/Platforms/Mac/CCEventDispatcher.h; sourceTree = "<group>"; };
		97B228D71514325A00700A77 /* CCEventDispatcher.m */ = {isa = PBXFileReference; lastKnownFileType = sourcecode.c.objc; name = CCEventDispatcher.m; path = libs/cocos2d/Platforms/Mac/CCEventDispatcher.m; sourceTree = "<group>"; };
		97B228D91514325A00700A77 /* MacGLView.h */ = {isa = PBXFileReference; lastKnownFileType = sourcecode.c.h; name = MacGLView.h; path = libs/cocos2d/Platforms/Mac/MacGLView.h; sourceTree = "<group>"; };
		97B228DA1514325A00700A77 /* MacGLView.m */ = {isa = PBXFileReference; lastKnownFileType = sourcecode.c.objc; name = MacGLView.m; path = libs/cocos2d/Platforms/Mac/MacGLView.m; sourceTree = "<group>"; };
		97B228DC1514325A00700A77 /* MacWindow.h */ = {isa = PBXFileReference; lastKnownFileType = sourcecode.c.h; name = MacWindow.h; path = libs/cocos2d/Platforms/Mac/MacWindow.h; sourceTree = "<group>"; };
		97B228DD1514325A00700A77 /* MacWindow.m */ = {isa = PBXFileReference; lastKnownFileType = sourcecode.c.objc; name = MacWindow.m; path = libs/cocos2d/Platforms/Mac/MacWindow.m; sourceTree = "<group>"; };
		97B228E01514325A00700A77 /* base64.c */ = {isa = PBXFileReference; lastKnownFileType = sourcecode.c.c; name = base64.c; path = libs/cocos2d/Support/base64.c; sourceTree = "<group>"; };
		97B228E21514325A00700A77 /* base64.h */ = {isa = PBXFileReference; lastKnownFileType = sourcecode.c.h; name = base64.h; path = libs/cocos2d/Support/base64.h; sourceTree = "<group>"; };
		97B228E31514325A00700A77 /* CCArray.h */ = {isa = PBXFileReference; lastKnownFileType = sourcecode.c.h; name = CCArray.h; path = libs/cocos2d/Support/CCArray.h; sourceTree = "<group>"; };
		97B228E41514325A00700A77 /* CCArray.m */ = {isa = PBXFileReference; lastKnownFileType = sourcecode.c.objc; name = CCArray.m; path = libs/cocos2d/Support/CCArray.m; sourceTree = "<group>"; };
		97B228E61514325A00700A77 /* ccCArray.h */ = {isa = PBXFileReference; lastKnownFileType = sourcecode.c.h; name = ccCArray.h; path = libs/cocos2d/Support/ccCArray.h; sourceTree = "<group>"; };
		97B228E71514325A00700A77 /* CCFileUtils.h */ = {isa = PBXFileReference; lastKnownFileType = sourcecode.c.h; name = CCFileUtils.h; path = libs/cocos2d/Support/CCFileUtils.h; sourceTree = "<group>"; };
		97B228E81514325A00700A77 /* CCFileUtils.m */ = {isa = PBXFileReference; lastKnownFileType = sourcecode.c.objc; name = CCFileUtils.m; path = libs/cocos2d/Support/CCFileUtils.m; sourceTree = "<group>"; };
		97B228EA1514325A00700A77 /* CCProfiling.h */ = {isa = PBXFileReference; lastKnownFileType = sourcecode.c.h; name = CCProfiling.h; path = libs/cocos2d/Support/CCProfiling.h; sourceTree = "<group>"; };
		97B228EB1514325A00700A77 /* CCProfiling.m */ = {isa = PBXFileReference; lastKnownFileType = sourcecode.c.objc; name = CCProfiling.m; path = libs/cocos2d/Support/CCProfiling.m; sourceTree = "<group>"; };
		97B228ED1514325A00700A77 /* ccUtils.c */ = {isa = PBXFileReference; lastKnownFileType = sourcecode.c.c; name = ccUtils.c; path = libs/cocos2d/Support/ccUtils.c; sourceTree = "<group>"; };
		97B228EF1514325A00700A77 /* ccUtils.h */ = {isa = PBXFileReference; lastKnownFileType = sourcecode.c.h; name = ccUtils.h; path = libs/cocos2d/Support/ccUtils.h; sourceTree = "<group>"; };
		97B228F01514325A00700A77 /* CGPointExtension.h */ = {isa = PBXFileReference; lastKnownFileType = sourcecode.c.h; name = CGPointExtension.h; path = libs/cocos2d/Support/CGPointExtension.h; sourceTree = "<group>"; };
		97B228F11514325A00700A77 /* CGPointExtension.m */ = {isa = PBXFileReference; lastKnownFileType = sourcecode.c.objc; name = CGPointExtension.m; path = libs/cocos2d/Support/CGPointExtension.m; sourceTree = "<group>"; };
		97B228F31514325A00700A77 /* OpenGL_Internal.h */ = {isa = PBXFileReference; lastKnownFileType = sourcecode.c.h; name = OpenGL_Internal.h; path = libs/cocos2d/Support/OpenGL_Internal.h; sourceTree = "<group>"; };
		97B228F41514325A00700A77 /* TGAlib.h */ = {isa = PBXFileReference; lastKnownFileType = sourcecode.c.h; name = TGAlib.h; path = libs/cocos2d/Support/TGAlib.h; sourceTree = "<group>"; };
		97B228F51514325A00700A77 /* TGAlib.m */ = {isa = PBXFileReference; lastKnownFileType = sourcecode.c.objc; name = TGAlib.m; path = libs/cocos2d/Support/TGAlib.m; sourceTree = "<group>"; };
		97B228F71514325A00700A77 /* TransformUtils.h */ = {isa = PBXFileReference; lastKnownFileType = sourcecode.c.h; name = TransformUtils.h; path = libs/cocos2d/Support/TransformUtils.h; sourceTree = "<group>"; };
		97B228F81514325A00700A77 /* TransformUtils.m */ = {isa = PBXFileReference; lastKnownFileType = sourcecode.c.objc; name = TransformUtils.m; path = libs/cocos2d/Support/TransformUtils.m; sourceTree = "<group>"; };
		97B228FA1514325A00700A77 /* uthash.h */ = {isa = PBXFileReference; lastKnownFileType = sourcecode.c.h; name = uthash.h; path = libs/cocos2d/Support/uthash.h; sourceTree = "<group>"; };
		97B228FB1514325A00700A77 /* utlist.h */ = {isa = PBXFileReference; lastKnownFileType = sourcecode.c.h; name = utlist.h; path = libs/cocos2d/Support/utlist.h; sourceTree = "<group>"; };
		97B228FC1514325A00700A77 /* ZipUtils.h */ = {isa = PBXFileReference; lastKnownFileType = sourcecode.c.h; name = ZipUtils.h; path = libs/cocos2d/Support/ZipUtils.h; sourceTree = "<group>"; };
		97B228FD1514325A00700A77 /* ZipUtils.m */ = {isa = PBXFileReference; lastKnownFileType = sourcecode.c.objc; name = ZipUtils.m; path = libs/cocos2d/Support/ZipUtils.m; sourceTree = "<group>"; };
		97B228FF1514325A00700A77 /* LICENSE_cocos2d.txt */ = {isa = PBXFileReference; lastKnownFileType = text; name = LICENSE_cocos2d.txt; path = libs/LICENSE_cocos2d.txt; sourceTree = "<group>"; };
		97B229011514325A00700A77 /* CDAudioManager.h */ = {isa = PBXFileReference; lastKnownFileType = sourcecode.c.h; name = CDAudioManager.h; path = libs/CocosDenshion/CDAudioManager.h; sourceTree = "<group>"; };
		97B229021514325A00700A77 /* CDAudioManager.m */ = {isa = PBXFileReference; lastKnownFileType = sourcecode.c.objc; name = CDAudioManager.m; path = libs/CocosDenshion/CDAudioManager.m; sourceTree = "<group>"; };
		97B229041514325A00700A77 /* CDConfig.h */ = {isa = PBXFileReference; lastKnownFileType = sourcecode.c.h; name = CDConfig.h; path = libs/CocosDenshion/CDConfig.h; sourceTree = "<group>"; };
		97B229051514325A00700A77 /* CDOpenALSupport.h */ = {isa = PBXFileReference; lastKnownFileType = sourcecode.c.h; name = CDOpenALSupport.h; path = libs/CocosDenshion/CDOpenALSupport.h; sourceTree = "<group>"; };
		97B229061514325A00700A77 /* CDOpenALSupport.m */ = {isa = PBXFileReference; lastKnownFileType = sourcecode.c.objc; name = CDOpenALSupport.m; path = libs/CocosDenshion/CDOpenALSupport.m; sourceTree = "<group>"; };
		97B229081514325A00700A77 /* CocosDenshion.h */ = {isa = PBXFileReference; lastKnownFileType = sourcecode.c.h; name = CocosDenshion.h; path = libs/CocosDenshion/CocosDenshion.h; sourceTree = "<group>"; };
		97B229091514325A00700A77 /* CocosDenshion.m */ = {isa = PBXFileReference; lastKnownFileType = sourcecode.c.objc; name = CocosDenshion.m; path = libs/CocosDenshion/CocosDenshion.m; sourceTree = "<group>"; };
		97B2290B1514325A00700A77 /* SimpleAudioEngine.h */ = {isa = PBXFileReference; lastKnownFileType = sourcecode.c.h; name = SimpleAudioEngine.h; path = libs/CocosDenshion/SimpleAudioEngine.h; sourceTree = "<group>"; };
		97B2290C1514325A00700A77 /* SimpleAudioEngine.m */ = {isa = PBXFileReference; lastKnownFileType = sourcecode.c.objc; name = SimpleAudioEngine.m; path = libs/CocosDenshion/SimpleAudioEngine.m; sourceTree = "<group>"; };
		97B2290E1514325A00700A77 /* LICENSE_CocosDenshion.txt */ = {isa = PBXFileReference; lastKnownFileType = text; name = LICENSE_CocosDenshion.txt; path = libs/LICENSE_CocosDenshion.txt; sourceTree = "<group>"; };
		97B229101514325A00700A77 /* CDXMacOSXSupport.h */ = {isa = PBXFileReference; lastKnownFileType = sourcecode.c.h; name = CDXMacOSXSupport.h; path = libs/CocosDenshionExtras/CDXMacOSXSupport.h; sourceTree = "<group>"; };
		97B229111514325A00700A77 /* CDXMacOSXSupport.m */ = {isa = PBXFileReference; lastKnownFileType = sourcecode.c.objc; name = CDXMacOSXSupport.m; path = libs/CocosDenshionExtras/CDXMacOSXSupport.m; sourceTree = "<group>"; };
		97B229131514325A00700A77 /* CDXPropertyModifierAction.h */ = {isa = PBXFileReference; lastKnownFileType = sourcecode.c.h; name = CDXPropertyModifierAction.h; path = libs/CocosDenshionExtras/CDXPropertyModifierAction.h; sourceTree = "<group>"; };
		97B229141514325A00700A77 /* CDXPropertyModifierAction.m */ = {isa = PBXFileReference; lastKnownFileType = sourcecode.c.objc; name = CDXPropertyModifierAction.m; path = libs/CocosDenshionExtras/CDXPropertyModifierAction.m; sourceTree = "<group>"; };
		97B229171514325A00700A77 /* Prefix.pch */ = {isa = PBXFileReference; lastKnownFileType = sourcecode.c.h; path = Prefix.pch; sourceTree = "<group>"; };
		97B229181514325A00700A77 /* main.m */ = {isa = PBXFileReference; lastKnownFileType = sourcecode.c.objc; path = main.m; sourceTree = "<group>"; };
		97B2291A1514325A00700A77 /* AppDelegate.h */ = {isa = PBXFileReference; lastKnownFileType = sourcecode.c.h; path = AppDelegate.h; sourceTree = "<group>"; };
		97B2291B1514325A00700A77 /* AppDelegate.m */ = {isa = PBXFileReference; lastKnownFileType = sourcecode.c.objc; path = AppDelegate.m; sourceTree = "<group>"; };
		97B2291D1514325A00700A77 /* HelloWorldLayer.h */ = {isa = PBXFileReference; lastKnownFileType = sourcecode.c.h; path = HelloWorldLayer.h; sourceTree = "<group>"; };
		97B2291E1514325A00700A77 /* HelloWorldLayer.m */ = {isa = PBXFileReference; lastKnownFileType = sourcecode.c.objc; path = HelloWorldLayer.m; sourceTree = "<group>"; };
/* End PBXFileReference section */

/* Begin PBXFrameworksBuildPhase section */
		97B227E81514325900700A77 /* Frameworks */ = {
			isa = PBXFrameworksBuildPhase;
			buildActionMask = 2147483647;
			files = (
				97B227F01514325900700A77 /* QuartzCore.framework in Frameworks */,
				97B227F21514325900700A77 /* OpenGL.framework in Frameworks */,
				97B227F41514325900700A77 /* OpenAL.framework in Frameworks */,
				97B227F61514325900700A77 /* AudioToolbox.framework in Frameworks */,
				97B227F81514325900700A77 /* AppKit.framework in Frameworks */,
				97B227FA1514325900700A77 /* Foundation.framework in Frameworks */,
			);
			runOnlyForDeploymentPostprocessing = 0;
		};
/* End PBXFrameworksBuildPhase section */

/* Begin PBXGroup section */
		97B227E01514325900700A77 = {
			isa = PBXGroup;
			children = (
				97B227FB1514325900700A77 /* Stage */,
				97B227EE1514325900700A77 /* Frameworks */,
				97B227EC1514325900700A77 /* Products */,
			);
			sourceTree = "<group>";
		};
		97B227EC1514325900700A77 /* Products */ = {
			isa = PBXGroup;
			children = (
				97B227EB1514325900700A77 /* Stage.app */,
			);
			name = Products;
			sourceTree = "<group>";
		};
		97B227EE1514325900700A77 /* Frameworks */ = {
			isa = PBXGroup;
			children = (
				97B227EF1514325900700A77 /* QuartzCore.framework */,
				97B227F11514325900700A77 /* OpenGL.framework */,
				97B227F31514325900700A77 /* OpenAL.framework */,
				97B227F51514325900700A77 /* AudioToolbox.framework */,
				97B227F71514325900700A77 /* AppKit.framework */,
				97B227F91514325900700A77 /* Foundation.framework */,
			);
			name = Frameworks;
			sourceTree = "<group>";
		};
		97B227FB1514325900700A77 /* Stage */ = {
			isa = PBXGroup;
			children = (
				97B2291A1514325A00700A77 /* AppDelegate.h */,
				97B2291B1514325A00700A77 /* AppDelegate.m */,
				97B2291D1514325A00700A77 /* HelloWorldLayer.h */,
				97B2291E1514325A00700A77 /* HelloWorldLayer.m */,
				97B227FC1514325900700A77 /* Resources */,
				97B228091514325900700A77 /* libs */,
				97B229161514325A00700A77 /* Supporting Files */,
			);
			path = Stage;
			sourceTree = "<group>";
		};
		97B227FC1514325900700A77 /* Resources */ = {
			isa = PBXGroup;
			children = (
				97B228041514325900700A77 /* fps_images.png */,
				97B228061514325900700A77 /* icon.icns */,
				97B228081514325900700A77 /* Info.plist */,
				97B227FD1514325900700A77 /* English.lproj */,
			);
			name = Resources;
			sourceTree = "<group>";
		};
		97B227FD1514325900700A77 /* English.lproj */ = {
			isa = PBXGroup;
			children = (
				97B227FE1514325900700A77 /* InfoPlist.strings */,
				97B228011514325900700A77 /* MainMenu.xib */,
			);
			name = English.lproj;
			sourceTree = "<group>";
		};
		97B228091514325900700A77 /* libs */ = {
			isa = PBXGroup;
			children = (
				97B228FF1514325A00700A77 /* LICENSE_cocos2d.txt */,
				97B2290E1514325A00700A77 /* LICENSE_CocosDenshion.txt */,
				97B2280A1514325900700A77 /* cocos2d */,
				97B229001514325A00700A77 /* CocosDenshion */,
				97B2290F1514325A00700A77 /* CocosDenshionExtras */,
			);
			name = libs;
			sourceTree = "<group>";
		};
		97B2280A1514325900700A77 /* cocos2d */ = {
			isa = PBXGroup;
			children = (
				97B2280B1514325900700A77 /* CCAction.h */,
				97B2280C1514325900700A77 /* CCAction.m */,
				97B2280E1514325900700A77 /* CCActionCamera.h */,
				97B2280F1514325900700A77 /* CCActionCamera.m */,
				97B228111514325900700A77 /* CCActionEase.h */,
				97B228121514325900700A77 /* CCActionEase.m */,
				97B228141514325900700A77 /* CCActionGrid.h */,
				97B228151514325900700A77 /* CCActionGrid.m */,
				97B228171514325900700A77 /* CCActionGrid3D.h */,
				97B228181514325900700A77 /* CCActionGrid3D.m */,
				97B2281A1514325900700A77 /* CCActionInstant.h */,
				97B2281B1514325900700A77 /* CCActionInstant.m */,
				97B2281D1514325900700A77 /* CCActionInterval.h */,
				97B2281E1514325900700A77 /* CCActionInterval.m */,
				97B228201514325900700A77 /* CCActionManager.h */,
				97B228211514325900700A77 /* CCActionManager.m */,
				97B228231514325900700A77 /* CCActionPageTurn3D.h */,
				97B228241514325900700A77 /* CCActionPageTurn3D.m */,
				97B228261514325900700A77 /* CCActionProgressTimer.h */,
				97B228271514325900700A77 /* CCActionProgressTimer.m */,
				97B228291514325900700A77 /* CCActionTiledGrid.h */,
				97B2282A1514325900700A77 /* CCActionTiledGrid.m */,
				97B2282C1514325900700A77 /* CCActionTween.h */,
				97B2282D1514325900700A77 /* CCActionTween.m */,
				97B2282F1514325900700A77 /* CCAnimation.h */,
				97B228301514325900700A77 /* CCAnimation.m */,
				97B228321514325900700A77 /* CCAnimationCache.h */,
				97B228331514325900700A77 /* CCAnimationCache.m */,
				97B228351514325900700A77 /* CCAtlasNode.h */,
				97B228361514325900700A77 /* CCAtlasNode.m */,
				97B228381514325900700A77 /* CCBlockSupport.h */,
				97B228391514325900700A77 /* CCBlockSupport.m */,
				97B2283B1514325900700A77 /* CCCamera.h */,
				97B2283C1514325900700A77 /* CCCamera.m */,
				97B2283E1514325900700A77 /* ccConfig.h */,
				97B2283F1514325900700A77 /* CCConfiguration.h */,
				97B228401514325900700A77 /* CCConfiguration.m */,
				97B228421514325900700A77 /* CCDirector.h */,
				97B228431514325900700A77 /* CCDirector.m */,
				97B228451514325900700A77 /* CCDrawingPrimitives.h */,
				97B228461514325900700A77 /* CCDrawingPrimitives.m */,
				97B228481514325900700A77 /* CCGrabber.h */,
				97B228491514325900700A77 /* CCGrabber.m */,
				97B2284B1514325900700A77 /* CCGrid.h */,
				97B2284C1514325900700A77 /* CCGrid.m */,
				97B2284E1514325900700A77 /* CCLabelAtlas.h */,
				97B2284F1514325900700A77 /* CCLabelAtlas.m */,
				97B228511514325900700A77 /* CCLabelBMFont.h */,
				97B228521514325900700A77 /* CCLabelBMFont.m */,
				97B228541514325900700A77 /* CCLabelTTF.h */,
				97B228551514325900700A77 /* CCLabelTTF.m */,
				97B228571514325900700A77 /* CCLayer.h */,
				97B228581514325900700A77 /* CCLayer.m */,
				97B2285A1514325900700A77 /* ccMacros.h */,
				97B2285B1514325900700A77 /* CCMenu.h */,
				97B2285C1514325900700A77 /* CCMenu.m */,
				97B2285E1514325900700A77 /* CCMenuItem.h */,
				97B2285F1514325900700A77 /* CCMenuItem.m */,
				97B228611514325900700A77 /* CCMotionStreak.h */,
				97B228621514325900700A77 /* CCMotionStreak.m */,
				97B228641514325900700A77 /* CCNode.h */,
				97B228651514325900700A77 /* CCNode.m */,
				97B228671514325900700A77 /* CCParallaxNode.h */,
				97B228681514325900700A77 /* CCParallaxNode.m */,
				97B2286A1514325900700A77 /* CCParticleExamples.h */,
				97B2286B1514325900700A77 /* CCParticleExamples.m */,
				97B2286D1514325900700A77 /* CCParticleSystem.h */,
				97B2286E1514325900700A77 /* CCParticleSystem.m */,
				97B228701514325900700A77 /* CCParticleSystemPoint.h */,
				97B228711514325900700A77 /* CCParticleSystemPoint.m */,
				97B228731514325900700A77 /* CCParticleSystemQuad.h */,
				97B228741514325900700A77 /* CCParticleSystemQuad.m */,
				97B228761514325900700A77 /* CCProgressTimer.h */,
				97B228771514325900700A77 /* CCProgressTimer.m */,
				97B228791514325900700A77 /* CCProtocols.h */,
				97B2287A1514325900700A77 /* CCRenderTexture.h */,
				97B2287B1514325900700A77 /* CCRenderTexture.m */,
				97B2287D1514325900700A77 /* CCRibbon.h */,
				97B2287E1514325900700A77 /* CCRibbon.m */,
				97B228801514325900700A77 /* CCScene.h */,
				97B228811514325900700A77 /* CCScene.m */,
				97B228831514325900700A77 /* CCScheduler.h */,
				97B228841514325900700A77 /* CCScheduler.m */,
				97B228861514325900700A77 /* CCSprite.h */,
				97B228871514325900700A77 /* CCSprite.m */,
				97B228891514325900700A77 /* CCSpriteBatchNode.h */,
				97B2288A1514325900700A77 /* CCSpriteBatchNode.m */,
				97B2288C1514325900700A77 /* CCSpriteFrame.h */,
				97B2288D1514325900700A77 /* CCSpriteFrame.m */,
				97B2288F1514325900700A77 /* CCSpriteFrameCache.h */,
				97B228901514325900700A77 /* CCSpriteFrameCache.m */,
				97B228921514325900700A77 /* CCTexture2D.h */,
				97B228931514325900700A77 /* CCTexture2D.m */,
				97B228951514325900700A77 /* CCTextureAtlas.h */,
				97B228961514325900700A77 /* CCTextureAtlas.m */,
				97B228981514325900700A77 /* CCTextureCache.h */,
				97B228991514325900700A77 /* CCTextureCache.m */,
				97B2289B1514325900700A77 /* CCTexturePVR.h */,
				97B2289C1514325900700A77 /* CCTexturePVR.m */,
				97B2289E1514325900700A77 /* CCTileMapAtlas.h */,
				97B2289F1514325900700A77 /* CCTileMapAtlas.m */,
				97B228A11514325900700A77 /* CCTMXLayer.h */,
				97B228A21514325900700A77 /* CCTMXLayer.m */,
				97B228A41514325900700A77 /* CCTMXObjectGroup.h */,
				97B228A51514325900700A77 /* CCTMXObjectGroup.m */,
				97B228A71514325900700A77 /* CCTMXTiledMap.h */,
				97B228A81514325A00700A77 /* CCTMXTiledMap.m */,
				97B228AA1514325A00700A77 /* CCTMXXMLParser.h */,
				97B228AB1514325A00700A77 /* CCTMXXMLParser.m */,
				97B228AD1514325A00700A77 /* CCTransition.h */,
				97B228AE1514325A00700A77 /* CCTransition.m */,
				97B228B01514325A00700A77 /* CCTransitionPageTurn.h */,
				97B228B11514325A00700A77 /* CCTransitionPageTurn.m */,
				97B228B31514325A00700A77 /* CCTransitionRadial.h */,
				97B228B41514325A00700A77 /* CCTransitionRadial.m */,
				97B228B61514325A00700A77 /* ccTypes.h */,
				97B228B71514325A00700A77 /* cocos2d.h */,
				97B228B81514325A00700A77 /* cocos2d.m */,
				97B228BA1514325A00700A77 /* Platforms */,
				97B228DF1514325A00700A77 /* Support */,
			);
			name = cocos2d;
			sourceTree = "<group>";
		};
		97B228BA1514325A00700A77 /* Platforms */ = {
			isa = PBXGroup;
			children = (
				97B228BB1514325A00700A77 /* CCGL.h */,
				97B228BC1514325A00700A77 /* CCNS.h */,
				97B228BD1514325A00700A77 /* iOS */,
				97B228D21514325A00700A77 /* Mac */,
			);
			name = Platforms;
			sourceTree = "<group>";
		};
		97B228BD1514325A00700A77 /* iOS */ = {
			isa = PBXGroup;
			children = (
				97B228BE1514325A00700A77 /* CCDirectorIOS.h */,
				97B228BF1514325A00700A77 /* CCDirectorIOS.m */,
				97B228C11514325A00700A77 /* CCTouchDelegateProtocol.h */,
				97B228C21514325A00700A77 /* CCTouchDispatcher.h */,
				97B228C31514325A00700A77 /* CCTouchDispatcher.m */,
				97B228C51514325A00700A77 /* CCTouchHandler.h */,
				97B228C61514325A00700A77 /* CCTouchHandler.m */,
				97B228C81514325A00700A77 /* EAGLView.h */,
				97B228C91514325A00700A77 /* EAGLView.m */,
				97B228CB1514325A00700A77 /* ES1Renderer.h */,
				97B228CC1514325A00700A77 /* ES1Renderer.m */,
				97B228CE1514325A00700A77 /* ESRenderer.h */,
				97B228CF1514325A00700A77 /* glu.c */,
				97B228D11514325A00700A77 /* glu.h */,
			);
			name = iOS;
			sourceTree = "<group>";
		};
		97B228D21514325A00700A77 /* Mac */ = {
			isa = PBXGroup;
			children = (
				97B228D31514325A00700A77 /* CCDirectorMac.h */,
				97B228D41514325A00700A77 /* CCDirectorMac.m */,
				97B228D61514325A00700A77 /* CCEventDispatcher.h */,
				97B228D71514325A00700A77 /* CCEventDispatcher.m */,
				97B228D91514325A00700A77 /* MacGLView.h */,
				97B228DA1514325A00700A77 /* MacGLView.m */,
				97B228DC1514325A00700A77 /* MacWindow.h */,
				97B228DD1514325A00700A77 /* MacWindow.m */,
			);
			name = Mac;
			sourceTree = "<group>";
		};
		97B228DF1514325A00700A77 /* Support */ = {
			isa = PBXGroup;
			children = (
				97B228E01514325A00700A77 /* base64.c */,
				97B228E21514325A00700A77 /* base64.h */,
				97B228E31514325A00700A77 /* CCArray.h */,
				97B228E41514325A00700A77 /* CCArray.m */,
				97B228E61514325A00700A77 /* ccCArray.h */,
				97B228E71514325A00700A77 /* CCFileUtils.h */,
				97B228E81514325A00700A77 /* CCFileUtils.m */,
				97B228EA1514325A00700A77 /* CCProfiling.h */,
				97B228EB1514325A00700A77 /* CCProfiling.m */,
				97B228ED1514325A00700A77 /* ccUtils.c */,
				97B228EF1514325A00700A77 /* ccUtils.h */,
				97B228F01514325A00700A77 /* CGPointExtension.h */,
				97B228F11514325A00700A77 /* CGPointExtension.m */,
				97B228F31514325A00700A77 /* OpenGL_Internal.h */,
				97B228F41514325A00700A77 /* TGAlib.h */,
				97B228F51514325A00700A77 /* TGAlib.m */,
				97B228F71514325A00700A77 /* TransformUtils.h */,
				97B228F81514325A00700A77 /* TransformUtils.m */,
				97B228FA1514325A00700A77 /* uthash.h */,
				97B228FB1514325A00700A77 /* utlist.h */,
				97B228FC1514325A00700A77 /* ZipUtils.h */,
				97B228FD1514325A00700A77 /* ZipUtils.m */,
			);
			name = Support;
			sourceTree = "<group>";
		};
		97B229001514325A00700A77 /* CocosDenshion */ = {
			isa = PBXGroup;
			children = (
				97B229011514325A00700A77 /* CDAudioManager.h */,
				97B229021514325A00700A77 /* CDAudioManager.m */,
				97B229041514325A00700A77 /* CDConfig.h */,
				97B229051514325A00700A77 /* CDOpenALSupport.h */,
				97B229061514325A00700A77 /* CDOpenALSupport.m */,
				97B229081514325A00700A77 /* CocosDenshion.h */,
				97B229091514325A00700A77 /* CocosDenshion.m */,
				97B2290B1514325A00700A77 /* SimpleAudioEngine.h */,
				97B2290C1514325A00700A77 /* SimpleAudioEngine.m */,
			);
			name = CocosDenshion;
			sourceTree = "<group>";
		};
		97B2290F1514325A00700A77 /* CocosDenshionExtras */ = {
			isa = PBXGroup;
			children = (
				97B229101514325A00700A77 /* CDXMacOSXSupport.h */,
				97B229111514325A00700A77 /* CDXMacOSXSupport.m */,
				97B229131514325A00700A77 /* CDXPropertyModifierAction.h */,
				97B229141514325A00700A77 /* CDXPropertyModifierAction.m */,
			);
			name = CocosDenshionExtras;
			sourceTree = "<group>";
		};
		97B229161514325A00700A77 /* Supporting Files */ = {
			isa = PBXGroup;
			children = (
				97B229171514325A00700A77 /* Prefix.pch */,
				97B229181514325A00700A77 /* main.m */,
			);
			name = "Supporting Files";
			sourceTree = "<group>";
		};
/* End PBXGroup section */

/* Begin PBXNativeTarget section */
		97B227EA1514325900700A77 /* Stage */ = {
			isa = PBXNativeTarget;
			buildConfigurationList = 97B229221514325A00700A77 /* Build configuration list for PBXNativeTarget "Stage" */;
			buildPhases = (
				97B227E71514325900700A77 /* Sources */,
				97B227E81514325900700A77 /* Frameworks */,
				97B227E91514325900700A77 /* Resources */,
			);
			buildRules = (
			);
			dependencies = (
			);
			name = Stage;
			productName = Stage;
			productReference = 97B227EB1514325900700A77 /* Stage.app */;
			productType = "com.apple.product-type.application";
		};
/* End PBXNativeTarget section */

/* Begin PBXProject section */
		97B227E21514325900700A77 /* Project object */ = {
			isa = PBXProject;
			attributes = {
				LastUpgradeCheck = 0420;
			};
			buildConfigurationList = 97B227E51514325900700A77 /* Build configuration list for PBXProject "Stage" */;
			compatibilityVersion = "Xcode 3.2";
			developmentRegion = English;
			hasScannedForEncodings = 0;
			knownRegions = (
				en,
				English,
			);
			mainGroup = 97B227E01514325900700A77;
			productRefGroup = 97B227EC1514325900700A77 /* Products */;
			projectDirPath = "";
			projectRoot = "";
			targets = (
				97B227EA1514325900700A77 /* Stage */,
			);
		};
/* End PBXProject section */

/* Begin PBXResourcesBuildPhase section */
		97B227E91514325900700A77 /* Resources */ = {
			isa = PBXResourcesBuildPhase;
			buildActionMask = 2147483647;
			files = (
				97B228001514325900700A77 /* InfoPlist.strings in Resources */,
				97B228031514325900700A77 /* MainMenu.xib in Resources */,
				97B228051514325900700A77 /* fps_images.png in Resources */,
				97B228071514325900700A77 /* icon.icns in Resources */,
			);
			runOnlyForDeploymentPostprocessing = 0;
		};
/* End PBXResourcesBuildPhase section */

/* Begin PBXSourcesBuildPhase section */
		97B227E71514325900700A77 /* Sources */ = {
			isa = PBXSourcesBuildPhase;
			buildActionMask = 2147483647;
			files = (
				97B2280D1514325900700A77 /* CCAction.m in Sources */,
				97B228101514325900700A77 /* CCActionCamera.m in Sources */,
				97B228131514325900700A77 /* CCActionEase.m in Sources */,
				97B228161514325900700A77 /* CCActionGrid.m in Sources */,
				97B228191514325900700A77 /* CCActionGrid3D.m in Sources */,
				97B2281C1514325900700A77 /* CCActionInstant.m in Sources */,
				97B2281F1514325900700A77 /* CCActionInterval.m in Sources */,
				97B228221514325900700A77 /* CCActionManager.m in Sources */,
				97B228251514325900700A77 /* CCActionPageTurn3D.m in Sources */,
				97B228281514325900700A77 /* CCActionProgressTimer.m in Sources */,
				97B2282B1514325900700A77 /* CCActionTiledGrid.m in Sources */,
				97B2282E1514325900700A77 /* CCActionTween.m in Sources */,
				97B228311514325900700A77 /* CCAnimation.m in Sources */,
				97B228341514325900700A77 /* CCAnimationCache.m in Sources */,
				97B228371514325900700A77 /* CCAtlasNode.m in Sources */,
				97B2283A1514325900700A77 /* CCBlockSupport.m in Sources */,
				97B2283D1514325900700A77 /* CCCamera.m in Sources */,
				97B228411514325900700A77 /* CCConfiguration.m in Sources */,
				97B228441514325900700A77 /* CCDirector.m in Sources */,
				97B228471514325900700A77 /* CCDrawingPrimitives.m in Sources */,
				97B2284A1514325900700A77 /* CCGrabber.m in Sources */,
				97B2284D1514325900700A77 /* CCGrid.m in Sources */,
				97B228501514325900700A77 /* CCLabelAtlas.m in Sources */,
				97B228531514325900700A77 /* CCLabelBMFont.m in Sources */,
				97B228561514325900700A77 /* CCLabelTTF.m in Sources */,
				97B228591514325900700A77 /* CCLayer.m in Sources */,
				97B2285D1514325900700A77 /* CCMenu.m in Sources */,
				97B228601514325900700A77 /* CCMenuItem.m in Sources */,
				97B228631514325900700A77 /* CCMotionStreak.m in Sources */,
				97B228661514325900700A77 /* CCNode.m in Sources */,
				97B228691514325900700A77 /* CCParallaxNode.m in Sources */,
				97B2286C1514325900700A77 /* CCParticleExamples.m in Sources */,
				97B2286F1514325900700A77 /* CCParticleSystem.m in Sources */,
				97B228721514325900700A77 /* CCParticleSystemPoint.m in Sources */,
				97B228751514325900700A77 /* CCParticleSystemQuad.m in Sources */,
				97B228781514325900700A77 /* CCProgressTimer.m in Sources */,
				97B2287C1514325900700A77 /* CCRenderTexture.m in Sources */,
				97B2287F1514325900700A77 /* CCRibbon.m in Sources */,
				97B228821514325900700A77 /* CCScene.m in Sources */,
				97B228851514325900700A77 /* CCScheduler.m in Sources */,
				97B228881514325900700A77 /* CCSprite.m in Sources */,
				97B2288B1514325900700A77 /* CCSpriteBatchNode.m in Sources */,
				97B2288E1514325900700A77 /* CCSpriteFrame.m in Sources */,
				97B228911514325900700A77 /* CCSpriteFrameCache.m in Sources */,
				97B228941514325900700A77 /* CCTexture2D.m in Sources */,
				97B228971514325900700A77 /* CCTextureAtlas.m in Sources */,
				97B2289A1514325900700A77 /* CCTextureCache.m in Sources */,
				97B2289D1514325900700A77 /* CCTexturePVR.m in Sources */,
				97B228A01514325900700A77 /* CCTileMapAtlas.m in Sources */,
				97B228A31514325900700A77 /* CCTMXLayer.m in Sources */,
				97B228A61514325900700A77 /* CCTMXObjectGroup.m in Sources */,
				97B228A91514325A00700A77 /* CCTMXTiledMap.m in Sources */,
				97B228AC1514325A00700A77 /* CCTMXXMLParser.m in Sources */,
				97B228AF1514325A00700A77 /* CCTransition.m in Sources */,
				97B228B21514325A00700A77 /* CCTransitionPageTurn.m in Sources */,
				97B228B51514325A00700A77 /* CCTransitionRadial.m in Sources */,
				97B228B91514325A00700A77 /* cocos2d.m in Sources */,
				97B228C01514325A00700A77 /* CCDirectorIOS.m in Sources */,
				97B228C41514325A00700A77 /* CCTouchDispatcher.m in Sources */,
				97B228C71514325A00700A77 /* CCTouchHandler.m in Sources */,
				97B228CA1514325A00700A77 /* EAGLView.m in Sources */,
				97B228CD1514325A00700A77 /* ES1Renderer.m in Sources */,
				97B228D01514325A00700A77 /* glu.c in Sources */,
				97B228D51514325A00700A77 /* CCDirectorMac.m in Sources */,
				97B228D81514325A00700A77 /* CCEventDispatcher.m in Sources */,
				97B228DB1514325A00700A77 /* MacGLView.m in Sources */,
				97B228DE1514325A00700A77 /* MacWindow.m in Sources */,
				97B228E11514325A00700A77 /* base64.c in Sources */,
				97B228E51514325A00700A77 /* CCArray.m in Sources */,
				97B228E91514325A00700A77 /* CCFileUtils.m in Sources */,
				97B228EC1514325A00700A77 /* CCProfiling.m in Sources */,
				97B228EE1514325A00700A77 /* ccUtils.c in Sources */,
				97B228F21514325A00700A77 /* CGPointExtension.m in Sources */,
				97B228F61514325A00700A77 /* TGAlib.m in Sources */,
				97B228F91514325A00700A77 /* TransformUtils.m in Sources */,
				97B228FE1514325A00700A77 /* ZipUtils.m in Sources */,
				97B229031514325A00700A77 /* CDAudioManager.m in Sources */,
				97B229071514325A00700A77 /* CDOpenALSupport.m in Sources */,
				97B2290A1514325A00700A77 /* CocosDenshion.m in Sources */,
				97B2290D1514325A00700A77 /* SimpleAudioEngine.m in Sources */,
				97B229121514325A00700A77 /* CDXMacOSXSupport.m in Sources */,
				97B229151514325A00700A77 /* CDXPropertyModifierAction.m in Sources */,
				97B229191514325A00700A77 /* main.m in Sources */,
				97B2291C1514325A00700A77 /* AppDelegate.m in Sources */,
				97B2291F1514325A00700A77 /* HelloWorldLayer.m in Sources */,
			);
			runOnlyForDeploymentPostprocessing = 0;
		};
/* End PBXSourcesBuildPhase section */

/* Begin PBXVariantGroup section */
		97B227FE1514325900700A77 /* InfoPlist.strings */ = {
			isa = PBXVariantGroup;
			children = (
				97B227FF1514325900700A77 /* English */,
			);
			name = InfoPlist.strings;
			sourceTree = "<group>";
		};
		97B228011514325900700A77 /* MainMenu.xib */ = {
			isa = PBXVariantGroup;
			children = (
				97B228021514325900700A77 /* English */,
			);
			name = MainMenu.xib;
			sourceTree = "<group>";
		};
/* End PBXVariantGroup section */

/* Begin XCBuildConfiguration section */
		97B229201514325A00700A77 /* Debug */ = {
			isa = XCBuildConfiguration;
			buildSettings = {
				ARCHS = "$(ARCHS_STANDARD_32_64_BIT)";
				GCC_C_LANGUAGE_STANDARD = gnu99;
				GCC_OPTIMIZATION_LEVEL = 0;
				GCC_PREPROCESSOR_DEFINITIONS = (
					DEBUG,
					"COCOS2D_DEBUG=1",
				);
				GCC_SYMBOLS_PRIVATE_EXTERN = NO;
				GCC_VERSION = com.apple.compilers.llvm.clang.1_0;
				GCC_WARN_64_TO_32_BIT_CONVERSION = YES;
				GCC_WARN_ABOUT_RETURN_TYPE = YES;
				GCC_WARN_UNUSED_VARIABLE = YES;
				MACOSX_DEPLOYMENT_TARGET = 10.7;
				ONLY_ACTIVE_ARCH = YES;
				SDKROOT = macosx;
			};
			name = Debug;
		};
		97B229211514325A00700A77 /* Release */ = {
			isa = XCBuildConfiguration;
			buildSettings = {
				ARCHS = "$(ARCHS_STANDARD_32_64_BIT)";
				GCC_C_LANGUAGE_STANDARD = gnu99;
				GCC_PREPROCESSOR_DEFINITIONS = NDEBUG;
				GCC_VERSION = com.apple.compilers.llvm.clang.1_0;
				GCC_WARN_64_TO_32_BIT_CONVERSION = YES;
				GCC_WARN_ABOUT_RETURN_TYPE = YES;
				GCC_WARN_UNUSED_VARIABLE = YES;
				MACOSX_DEPLOYMENT_TARGET = 10.7;
				OTHER_CFLAGS = "-DNS_BLOCK_ASSERTIONS=1";
				SDKROOT = macosx;
			};
			name = Release;
		};
		97B229231514325A00700A77 /* Debug */ = {
			isa = XCBuildConfiguration;
			buildSettings = {
				ALWAYS_SEARCH_USER_PATHS = NO;
				COPY_PHASE_STRIP = NO;
				GCC_DYNAMIC_NO_PIC = NO;
				GCC_ENABLE_OBJC_EXCEPTIONS = YES;
				GCC_PRECOMPILE_PREFIX_HEADER = YES;
				GCC_PREFIX_HEADER = Stage/Prefix.pch;
				INFOPLIST_FILE = Stage/Resources/Info.plist;
				OTHER_LDFLAGS = "-lz";
				PRODUCT_NAME = "$(TARGET_NAME)";
				WRAPPER_EXTENSION = app;
			};
			name = Debug;
		};
		97B229241514325A00700A77 /* Release */ = {
			isa = XCBuildConfiguration;
			buildSettings = {
				ALWAYS_SEARCH_USER_PATHS = NO;
				COPY_PHASE_STRIP = YES;
				DEBUG_INFORMATION_FORMAT = "dwarf-with-dsym";
				GCC_ENABLE_OBJC_EXCEPTIONS = YES;
				GCC_PRECOMPILE_PREFIX_HEADER = YES;
				GCC_PREFIX_HEADER = Stage/Prefix.pch;
				INFOPLIST_FILE = Stage/Resources/Info.plist;
				OTHER_LDFLAGS = "-lz";
				PRODUCT_NAME = "$(TARGET_NAME)";
				WRAPPER_EXTENSION = app;
			};
			name = Release;
		};
/* End XCBuildConfiguration section */

/* Begin XCConfigurationList section */
		97B227E51514325900700A77 /* Build configuration list for PBXProject "Stage" */ = {
			isa = XCConfigurationList;
			buildConfigurations = (
				97B229201514325A00700A77 /* Debug */,
				97B229211514325A00700A77 /* Release */,
			);
			defaultConfigurationIsVisible = 0;
			defaultConfigurationName = Release;
		};
		97B229221514325A00700A77 /* Build configuration list for PBXNativeTarget "Stage" */ = {
			isa = XCConfigurationList;
			buildConfigurations = (
				97B229231514325A00700A77 /* Debug */,
				97B229241514325A00700A77 /* Release */,
			);
			defaultConfigurationIsVisible = 0;
		};
/* End XCConfigurationList section */
	};
	rootObject = 97B227E21514325900700A77 /* Project object */;
}
