// !$*UTF8*$!
{
	archiveVersion = 1;
	classes = {
	};
	objectVersion = 46;
	objects = {

/* Begin PBXBuildFile section */
		979B2F12156F1B95003C88DB /* Cocoa.framework in Frameworks */ = {isa = PBXBuildFile; fileRef = 979B2F11156F1B95003C88DB /* Cocoa.framework */; };
		979B2F1C156F1B95003C88DB /* InfoPlist.strings in Resources */ = {isa = PBXBuildFile; fileRef = 979B2F1A156F1B95003C88DB /* InfoPlist.strings */; };
		979B2F1E156F1B95003C88DB /* main.m in Sources */ = {isa = PBXBuildFile; fileRef = 979B2F1D156F1B95003C88DB /* main.m */; };
		979B2F22156F1B95003C88DB /* Credits.rtf in Resources */ = {isa = PBXBuildFile; fileRef = 979B2F20156F1B95003C88DB /* Credits.rtf */; };
		979B2F25156F1B95003C88DB /* Document.m in Sources */ = {isa = PBXBuildFile; fileRef = 979B2F24156F1B95003C88DB /* Document.m */; };
		979B2F28156F1B95003C88DB /* Document.xib in Resources */ = {isa = PBXBuildFile; fileRef = 979B2F26156F1B95003C88DB /* Document.xib */; };
		979B2F2B156F1B95003C88DB /* MainMenu.xib in Resources */ = {isa = PBXBuildFile; fileRef = 979B2F29156F1B95003C88DB /* MainMenu.xib */; };
		979B2F38156F1BCD003C88DB /* libBard.a in Frameworks */ = {isa = PBXBuildFile; fileRef = 979B2F37156F1BCD003C88DB /* libBard.a */; };
		979B2F3B156F1C37003C88DB /* libgambc.a in Frameworks */ = {isa = PBXBuildFile; fileRef = 979B2F3A156F1C37003C88DB /* libgambc.a */; };
/* End PBXBuildFile section */

/* Begin PBXFileReference section */
		979B2F0D156F1B95003C88DB /* TestBard.app */ = {isa = PBXFileReference; explicitFileType = wrapper.application; includeInIndex = 0; path = TestBard.app; sourceTree = BUILT_PRODUCTS_DIR; };
		979B2F11156F1B95003C88DB /* Cocoa.framework */ = {isa = PBXFileReference; lastKnownFileType = wrapper.framework; name = Cocoa.framework; path = System/Library/Frameworks/Cocoa.framework; sourceTree = SDKROOT; };
		979B2F14156F1B95003C88DB /* AppKit.framework */ = {isa = PBXFileReference; lastKnownFileType = wrapper.framework; name = AppKit.framework; path = System/Library/Frameworks/AppKit.framework; sourceTree = SDKROOT; };
		979B2F15156F1B95003C88DB /* CoreData.framework */ = {isa = PBXFileReference; lastKnownFileType = wrapper.framework; name = CoreData.framework; path = System/Library/Frameworks/CoreData.framework; sourceTree = SDKROOT; };
		979B2F16156F1B95003C88DB /* Foundation.framework */ = {isa = PBXFileReference; lastKnownFileType = wrapper.framework; name = Foundation.framework; path = System/Library/Frameworks/Foundation.framework; sourceTree = SDKROOT; };
		979B2F19156F1B95003C88DB /* TestBard-Info.plist */ = {isa = PBXFileReference; lastKnownFileType = text.plist.xml; path = "TestBard-Info.plist"; sourceTree = "<group>"; };
		979B2F1B156F1B95003C88DB /* en */ = {isa = PBXFileReference; lastKnownFileType = text.plist.strings; name = en; path = en.lproj/InfoPlist.strings; sourceTree = "<group>"; };
		979B2F1D156F1B95003C88DB /* main.m */ = {isa = PBXFileReference; lastKnownFileType = sourcecode.c.objc; path = main.m; sourceTree = "<group>"; };
		979B2F1F156F1B95003C88DB /* TestBard-Prefix.pch */ = {isa = PBXFileReference; lastKnownFileType = sourcecode.c.h; path = "TestBard-Prefix.pch"; sourceTree = "<group>"; };
		979B2F21156F1B95003C88DB /* en */ = {isa = PBXFileReference; lastKnownFileType = text.rtf; name = en; path = en.lproj/Credits.rtf; sourceTree = "<group>"; };
		979B2F23156F1B95003C88DB /* Document.h */ = {isa = PBXFileReference; lastKnownFileType = sourcecode.c.h; path = Document.h; sourceTree = "<group>"; };
		979B2F24156F1B95003C88DB /* Document.m */ = {isa = PBXFileReference; lastKnownFileType = sourcecode.c.objc; path = Document.m; sourceTree = "<group>"; };
		979B2F27156F1B95003C88DB /* en */ = {isa = PBXFileReference; lastKnownFileType = file.xib; name = en; path = en.lproj/Document.xib; sourceTree = "<group>"; };
		979B2F2A156F1B95003C88DB /* en */ = {isa = PBXFileReference; lastKnownFileType = file.xib; name = en; path = en.lproj/MainMenu.xib; sourceTree = "<group>"; };
		979B2F37156F1BCD003C88DB /* libBard.a */ = {isa = PBXFileReference; lastKnownFileType = archive.ar; name = libBard.a; path = ../../../builds/mac/libBard.a; sourceTree = "<group>"; };
		979B2F39156F1BE6003C88DB /* bard.h */ = {isa = PBXFileReference; fileEncoding = 4; lastKnownFileType = sourcecode.c.h; name = bard.h; path = ../../../include/bard.h; sourceTree = "<group>"; };
		979B2F3A156F1C37003C88DB /* libgambc.a */ = {isa = PBXFileReference; lastKnownFileType = archive.ar; name = libgambc.a; path = ../../../../../../../../../../usr/local/gambit/macosx/lib/libgambc.a; sourceTree = "<group>"; };
		979B2F3C156F1C43003C88DB /* gambit.h */ = {isa = PBXFileReference; lastKnownFileType = sourcecode.c.h; name = gambit.h; path = ../../../../../../../../../../usr/local/gambit/macosx/include/gambit.h; sourceTree = "<group>"; };
/* End PBXFileReference section */

/* Begin PBXFrameworksBuildPhase section */
		979B2F0A156F1B95003C88DB /* Frameworks */ = {
			isa = PBXFrameworksBuildPhase;
			buildActionMask = 2147483647;
			files = (
				979B2F12156F1B95003C88DB /* Cocoa.framework in Frameworks */,
				979B2F38156F1BCD003C88DB /* libBard.a in Frameworks */,
				979B2F3B156F1C37003C88DB /* libgambc.a in Frameworks */,
			);
			runOnlyForDeploymentPostprocessing = 0;
		};
/* End PBXFrameworksBuildPhase section */

/* Begin PBXGroup section */
		979B2F02156F1B95003C88DB = {
			isa = PBXGroup;
			children = (
				979B2F17156F1B95003C88DB /* TestBard */,
				979B2F10156F1B95003C88DB /* Frameworks */,
				979B2F0E156F1B95003C88DB /* Products */,
			);
			sourceTree = "<group>";
		};
		979B2F0E156F1B95003C88DB /* Products */ = {
			isa = PBXGroup;
			children = (
				979B2F0D156F1B95003C88DB /* TestBard.app */,
			);
			name = Products;
			sourceTree = "<group>";
		};
		979B2F10156F1B95003C88DB /* Frameworks */ = {
			isa = PBXGroup;
			children = (
				979B2F11156F1B95003C88DB /* Cocoa.framework */,
				979B2F13156F1B95003C88DB /* Other Frameworks */,
			);
			name = Frameworks;
			sourceTree = "<group>";
		};
		979B2F13156F1B95003C88DB /* Other Frameworks */ = {
			isa = PBXGroup;
			children = (
				979B2F14156F1B95003C88DB /* AppKit.framework */,
				979B2F15156F1B95003C88DB /* CoreData.framework */,
				979B2F16156F1B95003C88DB /* Foundation.framework */,
			);
			name = "Other Frameworks";
			sourceTree = "<group>";
		};
		979B2F17156F1B95003C88DB /* TestBard */ = {
			isa = PBXGroup;
			children = (
				979B2F23156F1B95003C88DB /* Document.h */,
				979B2F24156F1B95003C88DB /* Document.m */,
				979B2F26156F1B95003C88DB /* Document.xib */,
				979B2F29156F1B95003C88DB /* MainMenu.xib */,
				979B2F35156F1BB6003C88DB /* Bard */,
				979B2F18156F1B95003C88DB /* Supporting Files */,
			);
			path = TestBard;
			sourceTree = "<group>";
		};
		979B2F18156F1B95003C88DB /* Supporting Files */ = {
			isa = PBXGroup;
			children = (
				979B2F19156F1B95003C88DB /* TestBard-Info.plist */,
				979B2F1A156F1B95003C88DB /* InfoPlist.strings */,
				979B2F1D156F1B95003C88DB /* main.m */,
				979B2F1F156F1B95003C88DB /* TestBard-Prefix.pch */,
				979B2F20156F1B95003C88DB /* Credits.rtf */,
			);
			name = "Supporting Files";
			sourceTree = "<group>";
		};
		979B2F35156F1BB6003C88DB /* Bard */ = {
			isa = PBXGroup;
			children = (
				979B2F39156F1BE6003C88DB /* bard.h */,
				979B2F3C156F1C43003C88DB /* gambit.h */,
				979B2F37156F1BCD003C88DB /* libBard.a */,
				979B2F3A156F1C37003C88DB /* libgambc.a */,
			);
			name = Bard;
			sourceTree = "<group>";
		};
/* End PBXGroup section */

/* Begin PBXNativeTarget section */
		979B2F0C156F1B95003C88DB /* TestBard */ = {
			isa = PBXNativeTarget;
			buildConfigurationList = 979B2F2E156F1B95003C88DB /* Build configuration list for PBXNativeTarget "TestBard" */;
			buildPhases = (
				979B2F09156F1B95003C88DB /* Sources */,
				979B2F0A156F1B95003C88DB /* Frameworks */,
				979B2F0B156F1B95003C88DB /* Resources */,
			);
			buildRules = (
			);
			dependencies = (
			);
			name = TestBard;
			productName = TestBard;
			productReference = 979B2F0D156F1B95003C88DB /* TestBard.app */;
			productType = "com.apple.product-type.application";
		};
/* End PBXNativeTarget section */

/* Begin PBXProject section */
		979B2F04156F1B95003C88DB /* Project object */ = {
			isa = PBXProject;
			attributes = {
				LastUpgradeCheck = 0430;
			};
			buildConfigurationList = 979B2F07156F1B95003C88DB /* Build configuration list for PBXProject "TestBard" */;
			compatibilityVersion = "Xcode 3.2";
			developmentRegion = English;
			hasScannedForEncodings = 0;
			knownRegions = (
				en,
			);
			mainGroup = 979B2F02156F1B95003C88DB;
			productRefGroup = 979B2F0E156F1B95003C88DB /* Products */;
			projectDirPath = "";
			projectRoot = "";
			targets = (
				979B2F0C156F1B95003C88DB /* TestBard */,
			);
		};
/* End PBXProject section */

/* Begin PBXResourcesBuildPhase section */
		979B2F0B156F1B95003C88DB /* Resources */ = {
			isa = PBXResourcesBuildPhase;
			buildActionMask = 2147483647;
			files = (
				979B2F1C156F1B95003C88DB /* InfoPlist.strings in Resources */,
				979B2F22156F1B95003C88DB /* Credits.rtf in Resources */,
				979B2F28156F1B95003C88DB /* Document.xib in Resources */,
				979B2F2B156F1B95003C88DB /* MainMenu.xib in Resources */,
			);
			runOnlyForDeploymentPostprocessing = 0;
		};
/* End PBXResourcesBuildPhase section */

/* Begin PBXSourcesBuildPhase section */
		979B2F09156F1B95003C88DB /* Sources */ = {
			isa = PBXSourcesBuildPhase;
			buildActionMask = 2147483647;
			files = (
				979B2F1E156F1B95003C88DB /* main.m in Sources */,
				979B2F25156F1B95003C88DB /* Document.m in Sources */,
			);
			runOnlyForDeploymentPostprocessing = 0;
		};
/* End PBXSourcesBuildPhase section */

/* Begin PBXVariantGroup section */
		979B2F1A156F1B95003C88DB /* InfoPlist.strings */ = {
			isa = PBXVariantGroup;
			children = (
				979B2F1B156F1B95003C88DB /* en */,
			);
			name = InfoPlist.strings;
			sourceTree = "<group>";
		};
		979B2F20156F1B95003C88DB /* Credits.rtf */ = {
			isa = PBXVariantGroup;
			children = (
				979B2F21156F1B95003C88DB /* en */,
			);
			name = Credits.rtf;
			sourceTree = "<group>";
		};
		979B2F26156F1B95003C88DB /* Document.xib */ = {
			isa = PBXVariantGroup;
			children = (
				979B2F27156F1B95003C88DB /* en */,
			);
			name = Document.xib;
			sourceTree = "<group>";
		};
		979B2F29156F1B95003C88DB /* MainMenu.xib */ = {
			isa = PBXVariantGroup;
			children = (
				979B2F2A156F1B95003C88DB /* en */,
			);
			name = MainMenu.xib;
			sourceTree = "<group>";
		};
/* End PBXVariantGroup section */

/* Begin XCBuildConfiguration section */
		979B2F2C156F1B95003C88DB /* Debug */ = {
			isa = XCBuildConfiguration;
			buildSettings = {
				ALWAYS_SEARCH_USER_PATHS = NO;
				ARCHS = "$(ARCHS_STANDARD_64_BIT)";
				COPY_PHASE_STRIP = NO;
				GCC_C_LANGUAGE_STANDARD = gnu99;
				GCC_DYNAMIC_NO_PIC = NO;
				GCC_ENABLE_OBJC_EXCEPTIONS = YES;
				GCC_OPTIMIZATION_LEVEL = 0;
				GCC_PREPROCESSOR_DEFINITIONS = (
					"DEBUG=1",
					"$(inherited)",
				);
				GCC_SYMBOLS_PRIVATE_EXTERN = NO;
				GCC_VERSION = com.apple.compilers.llvm.clang.1_0;
				GCC_WARN_64_TO_32_BIT_CONVERSION = YES;
				GCC_WARN_ABOUT_RETURN_TYPE = YES;
				GCC_WARN_UNINITIALIZED_AUTOS = YES;
				GCC_WARN_UNUSED_VARIABLE = YES;
				MACOSX_DEPLOYMENT_TARGET = 10.7;
				ONLY_ACTIVE_ARCH = YES;
				SDKROOT = macosx;
			};
			name = Debug;
		};
		979B2F2D156F1B95003C88DB /* Release */ = {
			isa = XCBuildConfiguration;
			buildSettings = {
				ALWAYS_SEARCH_USER_PATHS = NO;
				ARCHS = "$(ARCHS_STANDARD_64_BIT)";
				COPY_PHASE_STRIP = YES;
				DEBUG_INFORMATION_FORMAT = "dwarf-with-dsym";
				GCC_C_LANGUAGE_STANDARD = gnu99;
				GCC_ENABLE_OBJC_EXCEPTIONS = YES;
				GCC_VERSION = com.apple.compilers.llvm.clang.1_0;
				GCC_WARN_64_TO_32_BIT_CONVERSION = YES;
				GCC_WARN_ABOUT_RETURN_TYPE = YES;
				GCC_WARN_UNINITIALIZED_AUTOS = YES;
				GCC_WARN_UNUSED_VARIABLE = YES;
				MACOSX_DEPLOYMENT_TARGET = 10.7;
				SDKROOT = macosx;
			};
			name = Release;
		};
		979B2F2F156F1B95003C88DB /* Debug */ = {
			isa = XCBuildConfiguration;
			buildSettings = {
				GCC_PRECOMPILE_PREFIX_HEADER = YES;
				GCC_PREFIX_HEADER = "TestBard/TestBard-Prefix.pch";
				INFOPLIST_FILE = "TestBard/TestBard-Info.plist";
				LIBRARY_SEARCH_PATHS = (
					"$(inherited)",
					"\"$(SRCROOT)/../../builds/mac\"",
					/usr/local/gambit/macosx/lib,
				);
				PRODUCT_NAME = "$(TARGET_NAME)";
				WRAPPER_EXTENSION = app;
			};
			name = Debug;
		};
		979B2F30156F1B95003C88DB /* Release */ = {
			isa = XCBuildConfiguration;
			buildSettings = {
				GCC_PRECOMPILE_PREFIX_HEADER = YES;
				GCC_PREFIX_HEADER = "TestBard/TestBard-Prefix.pch";
				INFOPLIST_FILE = "TestBard/TestBard-Info.plist";
				LIBRARY_SEARCH_PATHS = (
					"$(inherited)",
					"\"$(SRCROOT)/../../builds/mac\"",
					/usr/local/gambit/macosx/lib,
				);
				PRODUCT_NAME = "$(TARGET_NAME)";
				WRAPPER_EXTENSION = app;
			};
			name = Release;
		};
/* End XCBuildConfiguration section */

/* Begin XCConfigurationList section */
		979B2F07156F1B95003C88DB /* Build configuration list for PBXProject "TestBard" */ = {
			isa = XCConfigurationList;
			buildConfigurations = (
				979B2F2C156F1B95003C88DB /* Debug */,
				979B2F2D156F1B95003C88DB /* Release */,
			);
			defaultConfigurationIsVisible = 0;
			defaultConfigurationName = Release;
		};
		979B2F2E156F1B95003C88DB /* Build configuration list for PBXNativeTarget "TestBard" */ = {
			isa = XCConfigurationList;
			buildConfigurations = (
				979B2F2F156F1B95003C88DB /* Debug */,
				979B2F30156F1B95003C88DB /* Release */,
			);
			defaultConfigurationIsVisible = 0;
			defaultConfigurationName = Release;
		};
/* End XCConfigurationList section */
	};
	rootObject = 979B2F04156F1B95003C88DB /* Project object */;
}
