// !$*UTF8*$!
{
	archiveVersion = 1;
	classes = {
	};
	objectVersion = 46;
	objects = {

/* Begin PBXBuildFile section */
		97B226701514322800700A77 /* QuartzCore.framework in Frameworks */ = {isa = PBXBuildFile; fileRef = 97B2266F1514322800700A77 /* QuartzCore.framework */; };
		97B226721514322800700A77 /* OpenGLES.framework in Frameworks */ = {isa = PBXBuildFile; fileRef = 97B226711514322800700A77 /* OpenGLES.framework */; };
		97B226741514322800700A77 /* OpenAL.framework in Frameworks */ = {isa = PBXBuildFile; fileRef = 97B226731514322800700A77 /* OpenAL.framework */; };
		97B226761514322800700A77 /* AudioToolbox.framework in Frameworks */ = {isa = PBXBuildFile; fileRef = 97B226751514322800700A77 /* AudioToolbox.framework */; };
		97B226781514322800700A77 /* AVFoundation.framework in Frameworks */ = {isa = PBXBuildFile; fileRef = 97B226771514322800700A77 /* AVFoundation.framework */; };
		97B2267A1514322800700A77 /* UIKit.framework in Frameworks */ = {isa = PBXBuildFile; fileRef = 97B226791514322800700A77 /* UIKit.framework */; };
		97B2267C1514322800700A77 /* Foundation.framework in Frameworks */ = {isa = PBXBuildFile; fileRef = 97B2267B1514322800700A77 /* Foundation.framework */; };
		97B2267E1514322800700A77 /* CoreGraphics.framework in Frameworks */ = {isa = PBXBuildFile; fileRef = 97B2267D1514322800700A77 /* CoreGraphics.framework */; };
		97B226821514322800700A77 /* Default.png in Resources */ = {isa = PBXBuildFile; fileRef = 97B226811514322800700A77 /* Default.png */; };
		97B226841514322800700A77 /* fps_images.png in Resources */ = {isa = PBXBuildFile; fileRef = 97B226831514322800700A77 /* fps_images.png */; };
		97B226861514322800700A77 /* Icon-72.png in Resources */ = {isa = PBXBuildFile; fileRef = 97B226851514322800700A77 /* Icon-72.png */; };
		97B226881514322800700A77 /* Icon-Small-50.png in Resources */ = {isa = PBXBuildFile; fileRef = 97B226871514322800700A77 /* Icon-Small-50.png */; };
		97B2268A1514322800700A77 /* Icon-Small.png in Resources */ = {isa = PBXBuildFile; fileRef = 97B226891514322800700A77 /* Icon-Small.png */; };
		97B2268C1514322800700A77 /* Icon-Small@2x.png in Resources */ = {isa = PBXBuildFile; fileRef = 97B2268B1514322800700A77 /* Icon-Small@2x.png */; };
		97B2268E1514322800700A77 /* Icon.png in Resources */ = {isa = PBXBuildFile; fileRef = 97B2268D1514322800700A77 /* Icon.png */; };
		97B226901514322800700A77 /* Icon@2x.png in Resources */ = {isa = PBXBuildFile; fileRef = 97B2268F1514322800700A77 /* Icon@2x.png */; };
		97B226931514322800700A77 /* iTunesArtwork in Resources */ = {isa = PBXBuildFile; fileRef = 97B226921514322800700A77 /* iTunesArtwork */; };
		97B226981514322800700A77 /* CCAction.m in Sources */ = {isa = PBXBuildFile; fileRef = 97B226971514322800700A77 /* CCAction.m */; };
		97B2269B1514322800700A77 /* CCActionCamera.m in Sources */ = {isa = PBXBuildFile; fileRef = 97B2269A1514322800700A77 /* CCActionCamera.m */; };
		97B2269E1514322800700A77 /* CCActionEase.m in Sources */ = {isa = PBXBuildFile; fileRef = 97B2269D1514322800700A77 /* CCActionEase.m */; };
		97B226A11514322800700A77 /* CCActionGrid.m in Sources */ = {isa = PBXBuildFile; fileRef = 97B226A01514322800700A77 /* CCActionGrid.m */; };
		97B226A41514322800700A77 /* CCActionGrid3D.m in Sources */ = {isa = PBXBuildFile; fileRef = 97B226A31514322800700A77 /* CCActionGrid3D.m */; };
		97B226A71514322900700A77 /* CCActionInstant.m in Sources */ = {isa = PBXBuildFile; fileRef = 97B226A61514322900700A77 /* CCActionInstant.m */; };
		97B226AA1514322900700A77 /* CCActionInterval.m in Sources */ = {isa = PBXBuildFile; fileRef = 97B226A91514322900700A77 /* CCActionInterval.m */; };
		97B226AD1514322900700A77 /* CCActionManager.m in Sources */ = {isa = PBXBuildFile; fileRef = 97B226AC1514322900700A77 /* CCActionManager.m */; };
		97B226B01514322900700A77 /* CCActionPageTurn3D.m in Sources */ = {isa = PBXBuildFile; fileRef = 97B226AF1514322900700A77 /* CCActionPageTurn3D.m */; };
		97B226B31514322900700A77 /* CCActionProgressTimer.m in Sources */ = {isa = PBXBuildFile; fileRef = 97B226B21514322900700A77 /* CCActionProgressTimer.m */; };
		97B226B61514322900700A77 /* CCActionTiledGrid.m in Sources */ = {isa = PBXBuildFile; fileRef = 97B226B51514322900700A77 /* CCActionTiledGrid.m */; };
		97B226B91514322900700A77 /* CCActionTween.m in Sources */ = {isa = PBXBuildFile; fileRef = 97B226B81514322900700A77 /* CCActionTween.m */; };
		97B226BC1514322900700A77 /* CCAnimation.m in Sources */ = {isa = PBXBuildFile; fileRef = 97B226BB1514322900700A77 /* CCAnimation.m */; };
		97B226BF1514322900700A77 /* CCAnimationCache.m in Sources */ = {isa = PBXBuildFile; fileRef = 97B226BE1514322900700A77 /* CCAnimationCache.m */; };
		97B226C21514322900700A77 /* CCAtlasNode.m in Sources */ = {isa = PBXBuildFile; fileRef = 97B226C11514322900700A77 /* CCAtlasNode.m */; };
		97B226C51514322900700A77 /* CCBlockSupport.m in Sources */ = {isa = PBXBuildFile; fileRef = 97B226C41514322900700A77 /* CCBlockSupport.m */; };
		97B226C81514322900700A77 /* CCCamera.m in Sources */ = {isa = PBXBuildFile; fileRef = 97B226C71514322900700A77 /* CCCamera.m */; };
		97B226CC1514322900700A77 /* CCConfiguration.m in Sources */ = {isa = PBXBuildFile; fileRef = 97B226CB1514322900700A77 /* CCConfiguration.m */; };
		97B226CF1514322900700A77 /* CCDirector.m in Sources */ = {isa = PBXBuildFile; fileRef = 97B226CE1514322900700A77 /* CCDirector.m */; };
		97B226D21514322900700A77 /* CCDrawingPrimitives.m in Sources */ = {isa = PBXBuildFile; fileRef = 97B226D11514322900700A77 /* CCDrawingPrimitives.m */; };
		97B226D51514322900700A77 /* CCGrabber.m in Sources */ = {isa = PBXBuildFile; fileRef = 97B226D41514322900700A77 /* CCGrabber.m */; };
		97B226D81514322900700A77 /* CCGrid.m in Sources */ = {isa = PBXBuildFile; fileRef = 97B226D71514322900700A77 /* CCGrid.m */; };
		97B226DB1514322900700A77 /* CCLabelAtlas.m in Sources */ = {isa = PBXBuildFile; fileRef = 97B226DA1514322900700A77 /* CCLabelAtlas.m */; };
		97B226DE1514322900700A77 /* CCLabelBMFont.m in Sources */ = {isa = PBXBuildFile; fileRef = 97B226DD1514322900700A77 /* CCLabelBMFont.m */; };
		97B226E11514322900700A77 /* CCLabelTTF.m in Sources */ = {isa = PBXBuildFile; fileRef = 97B226E01514322900700A77 /* CCLabelTTF.m */; };
		97B226E41514322900700A77 /* CCLayer.m in Sources */ = {isa = PBXBuildFile; fileRef = 97B226E31514322900700A77 /* CCLayer.m */; };
		97B226E81514322900700A77 /* CCMenu.m in Sources */ = {isa = PBXBuildFile; fileRef = 97B226E71514322900700A77 /* CCMenu.m */; };
		97B226EB1514322900700A77 /* CCMenuItem.m in Sources */ = {isa = PBXBuildFile; fileRef = 97B226EA1514322900700A77 /* CCMenuItem.m */; };
		97B226EE1514322900700A77 /* CCMotionStreak.m in Sources */ = {isa = PBXBuildFile; fileRef = 97B226ED1514322900700A77 /* CCMotionStreak.m */; };
		97B226F11514322900700A77 /* CCNode.m in Sources */ = {isa = PBXBuildFile; fileRef = 97B226F01514322900700A77 /* CCNode.m */; };
		97B226F41514322900700A77 /* CCParallaxNode.m in Sources */ = {isa = PBXBuildFile; fileRef = 97B226F31514322900700A77 /* CCParallaxNode.m */; };
		97B226F71514322900700A77 /* CCParticleExamples.m in Sources */ = {isa = PBXBuildFile; fileRef = 97B226F61514322900700A77 /* CCParticleExamples.m */; };
		97B226FA1514322900700A77 /* CCParticleSystem.m in Sources */ = {isa = PBXBuildFile; fileRef = 97B226F91514322900700A77 /* CCParticleSystem.m */; };
		97B226FD1514322900700A77 /* CCParticleSystemPoint.m in Sources */ = {isa = PBXBuildFile; fileRef = 97B226FC1514322900700A77 /* CCParticleSystemPoint.m */; };
		97B227001514322900700A77 /* CCParticleSystemQuad.m in Sources */ = {isa = PBXBuildFile; fileRef = 97B226FF1514322900700A77 /* CCParticleSystemQuad.m */; };
		97B227031514322900700A77 /* CCProgressTimer.m in Sources */ = {isa = PBXBuildFile; fileRef = 97B227021514322900700A77 /* CCProgressTimer.m */; };
		97B227071514322900700A77 /* CCRenderTexture.m in Sources */ = {isa = PBXBuildFile; fileRef = 97B227061514322900700A77 /* CCRenderTexture.m */; };
		97B2270A1514322900700A77 /* CCRibbon.m in Sources */ = {isa = PBXBuildFile; fileRef = 97B227091514322900700A77 /* CCRibbon.m */; };
		97B2270D1514322900700A77 /* CCScene.m in Sources */ = {isa = PBXBuildFile; fileRef = 97B2270C1514322900700A77 /* CCScene.m */; };
		97B227101514322900700A77 /* CCScheduler.m in Sources */ = {isa = PBXBuildFile; fileRef = 97B2270F1514322900700A77 /* CCScheduler.m */; };
		97B227131514322900700A77 /* CCSprite.m in Sources */ = {isa = PBXBuildFile; fileRef = 97B227121514322900700A77 /* CCSprite.m */; };
		97B227161514322900700A77 /* CCSpriteBatchNode.m in Sources */ = {isa = PBXBuildFile; fileRef = 97B227151514322900700A77 /* CCSpriteBatchNode.m */; };
		97B227191514322900700A77 /* CCSpriteFrame.m in Sources */ = {isa = PBXBuildFile; fileRef = 97B227181514322900700A77 /* CCSpriteFrame.m */; };
		97B2271C1514322900700A77 /* CCSpriteFrameCache.m in Sources */ = {isa = PBXBuildFile; fileRef = 97B2271B1514322900700A77 /* CCSpriteFrameCache.m */; };
		97B2271F1514322900700A77 /* CCTexture2D.m in Sources */ = {isa = PBXBuildFile; fileRef = 97B2271E1514322900700A77 /* CCTexture2D.m */; };
		97B227221514322900700A77 /* CCTextureAtlas.m in Sources */ = {isa = PBXBuildFile; fileRef = 97B227211514322900700A77 /* CCTextureAtlas.m */; };
		97B227251514322900700A77 /* CCTextureCache.m in Sources */ = {isa = PBXBuildFile; fileRef = 97B227241514322900700A77 /* CCTextureCache.m */; };
		97B227281514322900700A77 /* CCTexturePVR.m in Sources */ = {isa = PBXBuildFile; fileRef = 97B227271514322900700A77 /* CCTexturePVR.m */; };
		97B2272B1514322900700A77 /* CCTileMapAtlas.m in Sources */ = {isa = PBXBuildFile; fileRef = 97B2272A1514322900700A77 /* CCTileMapAtlas.m */; };
		97B2272E1514322900700A77 /* CCTMXLayer.m in Sources */ = {isa = PBXBuildFile; fileRef = 97B2272D1514322900700A77 /* CCTMXLayer.m */; };
		97B227311514322900700A77 /* CCTMXObjectGroup.m in Sources */ = {isa = PBXBuildFile; fileRef = 97B227301514322900700A77 /* CCTMXObjectGroup.m */; };
		97B227341514322900700A77 /* CCTMXTiledMap.m in Sources */ = {isa = PBXBuildFile; fileRef = 97B227331514322900700A77 /* CCTMXTiledMap.m */; };
		97B227371514322900700A77 /* CCTMXXMLParser.m in Sources */ = {isa = PBXBuildFile; fileRef = 97B227361514322900700A77 /* CCTMXXMLParser.m */; };
		97B2273A1514322900700A77 /* CCTransition.m in Sources */ = {isa = PBXBuildFile; fileRef = 97B227391514322900700A77 /* CCTransition.m */; };
		97B2273D1514322900700A77 /* CCTransitionPageTurn.m in Sources */ = {isa = PBXBuildFile; fileRef = 97B2273C1514322900700A77 /* CCTransitionPageTurn.m */; };
		97B227401514322900700A77 /* CCTransitionRadial.m in Sources */ = {isa = PBXBuildFile; fileRef = 97B2273F1514322900700A77 /* CCTransitionRadial.m */; };
		97B227441514322900700A77 /* cocos2d.m in Sources */ = {isa = PBXBuildFile; fileRef = 97B227431514322900700A77 /* cocos2d.m */; };
		97B2274B1514322900700A77 /* CCDirectorIOS.m in Sources */ = {isa = PBXBuildFile; fileRef = 97B2274A1514322900700A77 /* CCDirectorIOS.m */; };
		97B2274F1514322900700A77 /* CCTouchDispatcher.m in Sources */ = {isa = PBXBuildFile; fileRef = 97B2274E1514322900700A77 /* CCTouchDispatcher.m */; };
		97B227521514322900700A77 /* CCTouchHandler.m in Sources */ = {isa = PBXBuildFile; fileRef = 97B227511514322900700A77 /* CCTouchHandler.m */; };
		97B227551514322900700A77 /* EAGLView.m in Sources */ = {isa = PBXBuildFile; fileRef = 97B227541514322900700A77 /* EAGLView.m */; };
		97B227581514322900700A77 /* ES1Renderer.m in Sources */ = {isa = PBXBuildFile; fileRef = 97B227571514322900700A77 /* ES1Renderer.m */; };
		97B2275B1514322900700A77 /* glu.c in Sources */ = {isa = PBXBuildFile; fileRef = 97B2275A1514322900700A77 /* glu.c */; };
		97B227601514322900700A77 /* CCDirectorMac.m in Sources */ = {isa = PBXBuildFile; fileRef = 97B2275F1514322900700A77 /* CCDirectorMac.m */; };
		97B227631514322900700A77 /* CCEventDispatcher.m in Sources */ = {isa = PBXBuildFile; fileRef = 97B227621514322900700A77 /* CCEventDispatcher.m */; };
		97B227661514322900700A77 /* MacGLView.m in Sources */ = {isa = PBXBuildFile; fileRef = 97B227651514322900700A77 /* MacGLView.m */; };
		97B227691514322900700A77 /* MacWindow.m in Sources */ = {isa = PBXBuildFile; fileRef = 97B227681514322900700A77 /* MacWindow.m */; };
		97B2276C1514322900700A77 /* base64.c in Sources */ = {isa = PBXBuildFile; fileRef = 97B2276B1514322900700A77 /* base64.c */; };
		97B227701514322900700A77 /* CCArray.m in Sources */ = {isa = PBXBuildFile; fileRef = 97B2276F1514322900700A77 /* CCArray.m */; };
		97B227741514322900700A77 /* CCFileUtils.m in Sources */ = {isa = PBXBuildFile; fileRef = 97B227731514322900700A77 /* CCFileUtils.m */; };
		97B227771514322900700A77 /* CCProfiling.m in Sources */ = {isa = PBXBuildFile; fileRef = 97B227761514322900700A77 /* CCProfiling.m */; };
		97B227791514322900700A77 /* ccUtils.c in Sources */ = {isa = PBXBuildFile; fileRef = 97B227781514322900700A77 /* ccUtils.c */; };
		97B2277D1514322900700A77 /* CGPointExtension.m in Sources */ = {isa = PBXBuildFile; fileRef = 97B2277C1514322900700A77 /* CGPointExtension.m */; };
		97B227811514322900700A77 /* TGAlib.m in Sources */ = {isa = PBXBuildFile; fileRef = 97B227801514322900700A77 /* TGAlib.m */; };
		97B227841514322900700A77 /* TransformUtils.m in Sources */ = {isa = PBXBuildFile; fileRef = 97B227831514322900700A77 /* TransformUtils.m */; };
		97B227891514322900700A77 /* ZipUtils.m in Sources */ = {isa = PBXBuildFile; fileRef = 97B227881514322900700A77 /* ZipUtils.m */; };
		97B2278E1514322900700A77 /* CDAudioManager.m in Sources */ = {isa = PBXBuildFile; fileRef = 97B2278D1514322900700A77 /* CDAudioManager.m */; };
		97B227921514322900700A77 /* CDOpenALSupport.m in Sources */ = {isa = PBXBuildFile; fileRef = 97B227911514322900700A77 /* CDOpenALSupport.m */; };
		97B227951514322A00700A77 /* CocosDenshion.m in Sources */ = {isa = PBXBuildFile; fileRef = 97B227941514322A00700A77 /* CocosDenshion.m */; };
		97B227981514322A00700A77 /* SimpleAudioEngine.m in Sources */ = {isa = PBXBuildFile; fileRef = 97B227971514322A00700A77 /* SimpleAudioEngine.m */; };
		97B2279D1514322A00700A77 /* CLScoreServerPost.m in Sources */ = {isa = PBXBuildFile; fileRef = 97B2279C1514322A00700A77 /* CLScoreServerPost.m */; };
		97B227A01514322A00700A77 /* CLScoreServerRequest.m in Sources */ = {isa = PBXBuildFile; fileRef = 97B2279F1514322A00700A77 /* CLScoreServerRequest.m */; };
		97B227A31514322A00700A77 /* cocoslive.m in Sources */ = {isa = PBXBuildFile; fileRef = 97B227A21514322A00700A77 /* cocoslive.m */; };
		97B227A81514322A00700A77 /* CDataScanner.m in Sources */ = {isa = PBXBuildFile; fileRef = 97B227A71514322A00700A77 /* CDataScanner.m */; };
		97B227AC1514322A00700A77 /* CDataScanner_Extensions.m in Sources */ = {isa = PBXBuildFile; fileRef = 97B227AB1514322A00700A77 /* CDataScanner_Extensions.m */; };
		97B227AF1514322A00700A77 /* NSDictionary_JSONExtensions.m in Sources */ = {isa = PBXBuildFile; fileRef = 97B227AE1514322A00700A77 /* NSDictionary_JSONExtensions.m */; };
		97B227B31514322A00700A77 /* CJSONDeserializer.m in Sources */ = {isa = PBXBuildFile; fileRef = 97B227B21514322A00700A77 /* CJSONDeserializer.m */; };
		97B227B61514322A00700A77 /* CJSONScanner.m in Sources */ = {isa = PBXBuildFile; fileRef = 97B227B51514322A00700A77 /* CJSONScanner.m */; };
		97B227B91514322A00700A77 /* CJSONSerializer.m in Sources */ = {isa = PBXBuildFile; fileRef = 97B227B81514322A00700A77 /* CJSONSerializer.m */; };
		97B227BE1514322A00700A77 /* FontLabel.m in Sources */ = {isa = PBXBuildFile; fileRef = 97B227BD1514322A00700A77 /* FontLabel.m */; };
		97B227C11514322A00700A77 /* FontLabelStringDrawing.m in Sources */ = {isa = PBXBuildFile; fileRef = 97B227C01514322A00700A77 /* FontLabelStringDrawing.m */; };
		97B227C41514322A00700A77 /* FontManager.m in Sources */ = {isa = PBXBuildFile; fileRef = 97B227C31514322A00700A77 /* FontManager.m */; };
		97B227C71514322A00700A77 /* ZAttributedString.m in Sources */ = {isa = PBXBuildFile; fileRef = 97B227C61514322A00700A77 /* ZAttributedString.m */; };
		97B227CB1514322A00700A77 /* ZFont.m in Sources */ = {isa = PBXBuildFile; fileRef = 97B227CA1514322A00700A77 /* ZFont.m */; };
		97B227D01514322A00700A77 /* main.m in Sources */ = {isa = PBXBuildFile; fileRef = 97B227CF1514322A00700A77 /* main.m */; };
		97B227D31514322A00700A77 /* AppDelegate.m in Sources */ = {isa = PBXBuildFile; fileRef = 97B227D21514322A00700A77 /* AppDelegate.m */; };
		97B227D61514322A00700A77 /* RootViewController.m in Sources */ = {isa = PBXBuildFile; fileRef = 97B227D51514322A00700A77 /* RootViewController.m */; };
		97B227D91514322A00700A77 /* HelloWorldLayer.m in Sources */ = {isa = PBXBuildFile; fileRef = 97B227D81514322A00700A77 /* HelloWorldLayer.m */; };
/* End PBXBuildFile section */

/* Begin PBXFileReference section */
		97B2266B1514322800700A77 /* Stage.app */ = {isa = PBXFileReference; explicitFileType = wrapper.application; includeInIndex = 0; path = Stage.app; sourceTree = BUILT_PRODUCTS_DIR; };
		97B2266F1514322800700A77 /* QuartzCore.framework */ = {isa = PBXFileReference; lastKnownFileType = wrapper.framework; name = QuartzCore.framework; path = System/Library/Frameworks/QuartzCore.framework; sourceTree = SDKROOT; };
		97B226711514322800700A77 /* OpenGLES.framework */ = {isa = PBXFileReference; lastKnownFileType = wrapper.framework; name = OpenGLES.framework; path = System/Library/Frameworks/OpenGLES.framework; sourceTree = SDKROOT; };
		97B226731514322800700A77 /* OpenAL.framework */ = {isa = PBXFileReference; lastKnownFileType = wrapper.framework; name = OpenAL.framework; path = System/Library/Frameworks/OpenAL.framework; sourceTree = SDKROOT; };
		97B226751514322800700A77 /* AudioToolbox.framework */ = {isa = PBXFileReference; lastKnownFileType = wrapper.framework; name = AudioToolbox.framework; path = System/Library/Frameworks/AudioToolbox.framework; sourceTree = SDKROOT; };
		97B226771514322800700A77 /* AVFoundation.framework */ = {isa = PBXFileReference; lastKnownFileType = wrapper.framework; name = AVFoundation.framework; path = System/Library/Frameworks/AVFoundation.framework; sourceTree = SDKROOT; };
		97B226791514322800700A77 /* UIKit.framework */ = {isa = PBXFileReference; lastKnownFileType = wrapper.framework; name = UIKit.framework; path = System/Library/Frameworks/UIKit.framework; sourceTree = SDKROOT; };
		97B2267B1514322800700A77 /* Foundation.framework */ = {isa = PBXFileReference; lastKnownFileType = wrapper.framework; name = Foundation.framework; path = System/Library/Frameworks/Foundation.framework; sourceTree = SDKROOT; };
		97B2267D1514322800700A77 /* CoreGraphics.framework */ = {isa = PBXFileReference; lastKnownFileType = wrapper.framework; name = CoreGraphics.framework; path = System/Library/Frameworks/CoreGraphics.framework; sourceTree = SDKROOT; };
		97B226811514322800700A77 /* Default.png */ = {isa = PBXFileReference; lastKnownFileType = image.png; name = Default.png; path = Resources/Default.png; sourceTree = "<group>"; };
		97B226831514322800700A77 /* fps_images.png */ = {isa = PBXFileReference; lastKnownFileType = image.png; name = fps_images.png; path = Resources/fps_images.png; sourceTree = "<group>"; };
		97B226851514322800700A77 /* Icon-72.png */ = {isa = PBXFileReference; lastKnownFileType = image.png; name = "Icon-72.png"; path = "Resources/Icon-72.png"; sourceTree = "<group>"; };
		97B226871514322800700A77 /* Icon-Small-50.png */ = {isa = PBXFileReference; lastKnownFileType = image.png; name = "Icon-Small-50.png"; path = "Resources/Icon-Small-50.png"; sourceTree = "<group>"; };
		97B226891514322800700A77 /* Icon-Small.png */ = {isa = PBXFileReference; lastKnownFileType = image.png; name = "Icon-Small.png"; path = "Resources/Icon-Small.png"; sourceTree = "<group>"; };
		97B2268B1514322800700A77 /* Icon-Small@2x.png */ = {isa = PBXFileReference; lastKnownFileType = image.png; name = "Icon-Small@2x.png"; path = "Resources/Icon-Small@2x.png"; sourceTree = "<group>"; };
		97B2268D1514322800700A77 /* Icon.png */ = {isa = PBXFileReference; lastKnownFileType = image.png; name = Icon.png; path = Resources/Icon.png; sourceTree = "<group>"; };
		97B2268F1514322800700A77 /* Icon@2x.png */ = {isa = PBXFileReference; lastKnownFileType = image.png; name = "Icon@2x.png"; path = "Resources/Icon@2x.png"; sourceTree = "<group>"; };
		97B226911514322800700A77 /* Info.plist */ = {isa = PBXFileReference; lastKnownFileType = text.plist.xml; name = Info.plist; path = Resources/Info.plist; sourceTree = "<group>"; };
		97B226921514322800700A77 /* iTunesArtwork */ = {isa = PBXFileReference; lastKnownFileType = file; name = iTunesArtwork; path = Resources/iTunesArtwork; sourceTree = "<group>"; };
		97B226961514322800700A77 /* CCAction.h */ = {isa = PBXFileReference; lastKnownFileType = sourcecode.c.h; name = CCAction.h; path = libs/cocos2d/CCAction.h; sourceTree = "<group>"; };
		97B226971514322800700A77 /* CCAction.m */ = {isa = PBXFileReference; lastKnownFileType = sourcecode.c.objc; name = CCAction.m; path = libs/cocos2d/CCAction.m; sourceTree = "<group>"; };
		97B226991514322800700A77 /* CCActionCamera.h */ = {isa = PBXFileReference; lastKnownFileType = sourcecode.c.h; name = CCActionCamera.h; path = libs/cocos2d/CCActionCamera.h; sourceTree = "<group>"; };
		97B2269A1514322800700A77 /* CCActionCamera.m */ = {isa = PBXFileReference; lastKnownFileType = sourcecode.c.objc; name = CCActionCamera.m; path = libs/cocos2d/CCActionCamera.m; sourceTree = "<group>"; };
		97B2269C1514322800700A77 /* CCActionEase.h */ = {isa = PBXFileReference; lastKnownFileType = sourcecode.c.h; name = CCActionEase.h; path = libs/cocos2d/CCActionEase.h; sourceTree = "<group>"; };
		97B2269D1514322800700A77 /* CCActionEase.m */ = {isa = PBXFileReference; lastKnownFileType = sourcecode.c.objc; name = CCActionEase.m; path = libs/cocos2d/CCActionEase.m; sourceTree = "<group>"; };
		97B2269F1514322800700A77 /* CCActionGrid.h */ = {isa = PBXFileReference; lastKnownFileType = sourcecode.c.h; name = CCActionGrid.h; path = libs/cocos2d/CCActionGrid.h; sourceTree = "<group>"; };
		97B226A01514322800700A77 /* CCActionGrid.m */ = {isa = PBXFileReference; lastKnownFileType = sourcecode.c.objc; name = CCActionGrid.m; path = libs/cocos2d/CCActionGrid.m; sourceTree = "<group>"; };
		97B226A21514322800700A77 /* CCActionGrid3D.h */ = {isa = PBXFileReference; lastKnownFileType = sourcecode.c.h; name = CCActionGrid3D.h; path = libs/cocos2d/CCActionGrid3D.h; sourceTree = "<group>"; };
		97B226A31514322800700A77 /* CCActionGrid3D.m */ = {isa = PBXFileReference; lastKnownFileType = sourcecode.c.objc; name = CCActionGrid3D.m; path = libs/cocos2d/CCActionGrid3D.m; sourceTree = "<group>"; };
		97B226A51514322900700A77 /* CCActionInstant.h */ = {isa = PBXFileReference; lastKnownFileType = sourcecode.c.h; name = CCActionInstant.h; path = libs/cocos2d/CCActionInstant.h; sourceTree = "<group>"; };
		97B226A61514322900700A77 /* CCActionInstant.m */ = {isa = PBXFileReference; lastKnownFileType = sourcecode.c.objc; name = CCActionInstant.m; path = libs/cocos2d/CCActionInstant.m; sourceTree = "<group>"; };
		97B226A81514322900700A77 /* CCActionInterval.h */ = {isa = PBXFileReference; lastKnownFileType = sourcecode.c.h; name = CCActionInterval.h; path = libs/cocos2d/CCActionInterval.h; sourceTree = "<group>"; };
		97B226A91514322900700A77 /* CCActionInterval.m */ = {isa = PBXFileReference; lastKnownFileType = sourcecode.c.objc; name = CCActionInterval.m; path = libs/cocos2d/CCActionInterval.m; sourceTree = "<group>"; };
		97B226AB1514322900700A77 /* CCActionManager.h */ = {isa = PBXFileReference; lastKnownFileType = sourcecode.c.h; name = CCActionManager.h; path = libs/cocos2d/CCActionManager.h; sourceTree = "<group>"; };
		97B226AC1514322900700A77 /* CCActionManager.m */ = {isa = PBXFileReference; lastKnownFileType = sourcecode.c.objc; name = CCActionManager.m; path = libs/cocos2d/CCActionManager.m; sourceTree = "<group>"; };
		97B226AE1514322900700A77 /* CCActionPageTurn3D.h */ = {isa = PBXFileReference; lastKnownFileType = sourcecode.c.h; name = CCActionPageTurn3D.h; path = libs/cocos2d/CCActionPageTurn3D.h; sourceTree = "<group>"; };
		97B226AF1514322900700A77 /* CCActionPageTurn3D.m */ = {isa = PBXFileReference; lastKnownFileType = sourcecode.c.objc; name = CCActionPageTurn3D.m; path = libs/cocos2d/CCActionPageTurn3D.m; sourceTree = "<group>"; };
		97B226B11514322900700A77 /* CCActionProgressTimer.h */ = {isa = PBXFileReference; lastKnownFileType = sourcecode.c.h; name = CCActionProgressTimer.h; path = libs/cocos2d/CCActionProgressTimer.h; sourceTree = "<group>"; };
		97B226B21514322900700A77 /* CCActionProgressTimer.m */ = {isa = PBXFileReference; lastKnownFileType = sourcecode.c.objc; name = CCActionProgressTimer.m; path = libs/cocos2d/CCActionProgressTimer.m; sourceTree = "<group>"; };
		97B226B41514322900700A77 /* CCActionTiledGrid.h */ = {isa = PBXFileReference; lastKnownFileType = sourcecode.c.h; name = CCActionTiledGrid.h; path = libs/cocos2d/CCActionTiledGrid.h; sourceTree = "<group>"; };
		97B226B51514322900700A77 /* CCActionTiledGrid.m */ = {isa = PBXFileReference; lastKnownFileType = sourcecode.c.objc; name = CCActionTiledGrid.m; path = libs/cocos2d/CCActionTiledGrid.m; sourceTree = "<group>"; };
		97B226B71514322900700A77 /* CCActionTween.h */ = {isa = PBXFileReference; lastKnownFileType = sourcecode.c.h; name = CCActionTween.h; path = libs/cocos2d/CCActionTween.h; sourceTree = "<group>"; };
		97B226B81514322900700A77 /* CCActionTween.m */ = {isa = PBXFileReference; lastKnownFileType = sourcecode.c.objc; name = CCActionTween.m; path = libs/cocos2d/CCActionTween.m; sourceTree = "<group>"; };
		97B226BA1514322900700A77 /* CCAnimation.h */ = {isa = PBXFileReference; lastKnownFileType = sourcecode.c.h; name = CCAnimation.h; path = libs/cocos2d/CCAnimation.h; sourceTree = "<group>"; };
		97B226BB1514322900700A77 /* CCAnimation.m */ = {isa = PBXFileReference; lastKnownFileType = sourcecode.c.objc; name = CCAnimation.m; path = libs/cocos2d/CCAnimation.m; sourceTree = "<group>"; };
		97B226BD1514322900700A77 /* CCAnimationCache.h */ = {isa = PBXFileReference; lastKnownFileType = sourcecode.c.h; name = CCAnimationCache.h; path = libs/cocos2d/CCAnimationCache.h; sourceTree = "<group>"; };
		97B226BE1514322900700A77 /* CCAnimationCache.m */ = {isa = PBXFileReference; lastKnownFileType = sourcecode.c.objc; name = CCAnimationCache.m; path = libs/cocos2d/CCAnimationCache.m; sourceTree = "<group>"; };
		97B226C01514322900700A77 /* CCAtlasNode.h */ = {isa = PBXFileReference; lastKnownFileType = sourcecode.c.h; name = CCAtlasNode.h; path = libs/cocos2d/CCAtlasNode.h; sourceTree = "<group>"; };
		97B226C11514322900700A77 /* CCAtlasNode.m */ = {isa = PBXFileReference; lastKnownFileType = sourcecode.c.objc; name = CCAtlasNode.m; path = libs/cocos2d/CCAtlasNode.m; sourceTree = "<group>"; };
		97B226C31514322900700A77 /* CCBlockSupport.h */ = {isa = PBXFileReference; lastKnownFileType = sourcecode.c.h; name = CCBlockSupport.h; path = libs/cocos2d/CCBlockSupport.h; sourceTree = "<group>"; };
		97B226C41514322900700A77 /* CCBlockSupport.m */ = {isa = PBXFileReference; lastKnownFileType = sourcecode.c.objc; name = CCBlockSupport.m; path = libs/cocos2d/CCBlockSupport.m; sourceTree = "<group>"; };
		97B226C61514322900700A77 /* CCCamera.h */ = {isa = PBXFileReference; lastKnownFileType = sourcecode.c.h; name = CCCamera.h; path = libs/cocos2d/CCCamera.h; sourceTree = "<group>"; };
		97B226C71514322900700A77 /* CCCamera.m */ = {isa = PBXFileReference; lastKnownFileType = sourcecode.c.objc; name = CCCamera.m; path = libs/cocos2d/CCCamera.m; sourceTree = "<group>"; };
		97B226C91514322900700A77 /* ccConfig.h */ = {isa = PBXFileReference; lastKnownFileType = sourcecode.c.h; name = ccConfig.h; path = libs/cocos2d/ccConfig.h; sourceTree = "<group>"; };
		97B226CA1514322900700A77 /* CCConfiguration.h */ = {isa = PBXFileReference; lastKnownFileType = sourcecode.c.h; name = CCConfiguration.h; path = libs/cocos2d/CCConfiguration.h; sourceTree = "<group>"; };
		97B226CB1514322900700A77 /* CCConfiguration.m */ = {isa = PBXFileReference; lastKnownFileType = sourcecode.c.objc; name = CCConfiguration.m; path = libs/cocos2d/CCConfiguration.m; sourceTree = "<group>"; };
		97B226CD1514322900700A77 /* CCDirector.h */ = {isa = PBXFileReference; lastKnownFileType = sourcecode.c.h; name = CCDirector.h; path = libs/cocos2d/CCDirector.h; sourceTree = "<group>"; };
		97B226CE1514322900700A77 /* CCDirector.m */ = {isa = PBXFileReference; lastKnownFileType = sourcecode.c.objc; name = CCDirector.m; path = libs/cocos2d/CCDirector.m; sourceTree = "<group>"; };
		97B226D01514322900700A77 /* CCDrawingPrimitives.h */ = {isa = PBXFileReference; lastKnownFileType = sourcecode.c.h; name = CCDrawingPrimitives.h; path = libs/cocos2d/CCDrawingPrimitives.h; sourceTree = "<group>"; };
		97B226D11514322900700A77 /* CCDrawingPrimitives.m */ = {isa = PBXFileReference; lastKnownFileType = sourcecode.c.objc; name = CCDrawingPrimitives.m; path = libs/cocos2d/CCDrawingPrimitives.m; sourceTree = "<group>"; };
		97B226D31514322900700A77 /* CCGrabber.h */ = {isa = PBXFileReference; lastKnownFileType = sourcecode.c.h; name = CCGrabber.h; path = libs/cocos2d/CCGrabber.h; sourceTree = "<group>"; };
		97B226D41514322900700A77 /* CCGrabber.m */ = {isa = PBXFileReference; lastKnownFileType = sourcecode.c.objc; name = CCGrabber.m; path = libs/cocos2d/CCGrabber.m; sourceTree = "<group>"; };
		97B226D61514322900700A77 /* CCGrid.h */ = {isa = PBXFileReference; lastKnownFileType = sourcecode.c.h; name = CCGrid.h; path = libs/cocos2d/CCGrid.h; sourceTree = "<group>"; };
		97B226D71514322900700A77 /* CCGrid.m */ = {isa = PBXFileReference; lastKnownFileType = sourcecode.c.objc; name = CCGrid.m; path = libs/cocos2d/CCGrid.m; sourceTree = "<group>"; };
		97B226D91514322900700A77 /* CCLabelAtlas.h */ = {isa = PBXFileReference; lastKnownFileType = sourcecode.c.h; name = CCLabelAtlas.h; path = libs/cocos2d/CCLabelAtlas.h; sourceTree = "<group>"; };
		97B226DA1514322900700A77 /* CCLabelAtlas.m */ = {isa = PBXFileReference; lastKnownFileType = sourcecode.c.objc; name = CCLabelAtlas.m; path = libs/cocos2d/CCLabelAtlas.m; sourceTree = "<group>"; };
		97B226DC1514322900700A77 /* CCLabelBMFont.h */ = {isa = PBXFileReference; lastKnownFileType = sourcecode.c.h; name = CCLabelBMFont.h; path = libs/cocos2d/CCLabelBMFont.h; sourceTree = "<group>"; };
		97B226DD1514322900700A77 /* CCLabelBMFont.m */ = {isa = PBXFileReference; lastKnownFileType = sourcecode.c.objc; name = CCLabelBMFont.m; path = libs/cocos2d/CCLabelBMFont.m; sourceTree = "<group>"; };
		97B226DF1514322900700A77 /* CCLabelTTF.h */ = {isa = PBXFileReference; lastKnownFileType = sourcecode.c.h; name = CCLabelTTF.h; path = libs/cocos2d/CCLabelTTF.h; sourceTree = "<group>"; };
		97B226E01514322900700A77 /* CCLabelTTF.m */ = {isa = PBXFileReference; lastKnownFileType = sourcecode.c.objc; name = CCLabelTTF.m; path = libs/cocos2d/CCLabelTTF.m; sourceTree = "<group>"; };
		97B226E21514322900700A77 /* CCLayer.h */ = {isa = PBXFileReference; lastKnownFileType = sourcecode.c.h; name = CCLayer.h; path = libs/cocos2d/CCLayer.h; sourceTree = "<group>"; };
		97B226E31514322900700A77 /* CCLayer.m */ = {isa = PBXFileReference; lastKnownFileType = sourcecode.c.objc; name = CCLayer.m; path = libs/cocos2d/CCLayer.m; sourceTree = "<group>"; };
		97B226E51514322900700A77 /* ccMacros.h */ = {isa = PBXFileReference; lastKnownFileType = sourcecode.c.h; name = ccMacros.h; path = libs/cocos2d/ccMacros.h; sourceTree = "<group>"; };
		97B226E61514322900700A77 /* CCMenu.h */ = {isa = PBXFileReference; lastKnownFileType = sourcecode.c.h; name = CCMenu.h; path = libs/cocos2d/CCMenu.h; sourceTree = "<group>"; };
		97B226E71514322900700A77 /* CCMenu.m */ = {isa = PBXFileReference; lastKnownFileType = sourcecode.c.objc; name = CCMenu.m; path = libs/cocos2d/CCMenu.m; sourceTree = "<group>"; };
		97B226E91514322900700A77 /* CCMenuItem.h */ = {isa = PBXFileReference; lastKnownFileType = sourcecode.c.h; name = CCMenuItem.h; path = libs/cocos2d/CCMenuItem.h; sourceTree = "<group>"; };
		97B226EA1514322900700A77 /* CCMenuItem.m */ = {isa = PBXFileReference; lastKnownFileType = sourcecode.c.objc; name = CCMenuItem.m; path = libs/cocos2d/CCMenuItem.m; sourceTree = "<group>"; };
		97B226EC1514322900700A77 /* CCMotionStreak.h */ = {isa = PBXFileReference; lastKnownFileType = sourcecode.c.h; name = CCMotionStreak.h; path = libs/cocos2d/CCMotionStreak.h; sourceTree = "<group>"; };
		97B226ED1514322900700A77 /* CCMotionStreak.m */ = {isa = PBXFileReference; lastKnownFileType = sourcecode.c.objc; name = CCMotionStreak.m; path = libs/cocos2d/CCMotionStreak.m; sourceTree = "<group>"; };
		97B226EF1514322900700A77 /* CCNode.h */ = {isa = PBXFileReference; lastKnownFileType = sourcecode.c.h; name = CCNode.h; path = libs/cocos2d/CCNode.h; sourceTree = "<group>"; };
		97B226F01514322900700A77 /* CCNode.m */ = {isa = PBXFileReference; lastKnownFileType = sourcecode.c.objc; name = CCNode.m; path = libs/cocos2d/CCNode.m; sourceTree = "<group>"; };
		97B226F21514322900700A77 /* CCParallaxNode.h */ = {isa = PBXFileReference; lastKnownFileType = sourcecode.c.h; name = CCParallaxNode.h; path = libs/cocos2d/CCParallaxNode.h; sourceTree = "<group>"; };
		97B226F31514322900700A77 /* CCParallaxNode.m */ = {isa = PBXFileReference; lastKnownFileType = sourcecode.c.objc; name = CCParallaxNode.m; path = libs/cocos2d/CCParallaxNode.m; sourceTree = "<group>"; };
		97B226F51514322900700A77 /* CCParticleExamples.h */ = {isa = PBXFileReference; lastKnownFileType = sourcecode.c.h; name = CCParticleExamples.h; path = libs/cocos2d/CCParticleExamples.h; sourceTree = "<group>"; };
		97B226F61514322900700A77 /* CCParticleExamples.m */ = {isa = PBXFileReference; lastKnownFileType = sourcecode.c.objc; name = CCParticleExamples.m; path = libs/cocos2d/CCParticleExamples.m; sourceTree = "<group>"; };
		97B226F81514322900700A77 /* CCParticleSystem.h */ = {isa = PBXFileReference; lastKnownFileType = sourcecode.c.h; name = CCParticleSystem.h; path = libs/cocos2d/CCParticleSystem.h; sourceTree = "<group>"; };
		97B226F91514322900700A77 /* CCParticleSystem.m */ = {isa = PBXFileReference; lastKnownFileType = sourcecode.c.objc; name = CCParticleSystem.m; path = libs/cocos2d/CCParticleSystem.m; sourceTree = "<group>"; };
		97B226FB1514322900700A77 /* CCParticleSystemPoint.h */ = {isa = PBXFileReference; lastKnownFileType = sourcecode.c.h; name = CCParticleSystemPoint.h; path = libs/cocos2d/CCParticleSystemPoint.h; sourceTree = "<group>"; };
		97B226FC1514322900700A77 /* CCParticleSystemPoint.m */ = {isa = PBXFileReference; lastKnownFileType = sourcecode.c.objc; name = CCParticleSystemPoint.m; path = libs/cocos2d/CCParticleSystemPoint.m; sourceTree = "<group>"; };
		97B226FE1514322900700A77 /* CCParticleSystemQuad.h */ = {isa = PBXFileReference; lastKnownFileType = sourcecode.c.h; name = CCParticleSystemQuad.h; path = libs/cocos2d/CCParticleSystemQuad.h; sourceTree = "<group>"; };
		97B226FF1514322900700A77 /* CCParticleSystemQuad.m */ = {isa = PBXFileReference; lastKnownFileType = sourcecode.c.objc; name = CCParticleSystemQuad.m; path = libs/cocos2d/CCParticleSystemQuad.m; sourceTree = "<group>"; };
		97B227011514322900700A77 /* CCProgressTimer.h */ = {isa = PBXFileReference; lastKnownFileType = sourcecode.c.h; name = CCProgressTimer.h; path = libs/cocos2d/CCProgressTimer.h; sourceTree = "<group>"; };
		97B227021514322900700A77 /* CCProgressTimer.m */ = {isa = PBXFileReference; lastKnownFileType = sourcecode.c.objc; name = CCProgressTimer.m; path = libs/cocos2d/CCProgressTimer.m; sourceTree = "<group>"; };
		97B227041514322900700A77 /* CCProtocols.h */ = {isa = PBXFileReference; lastKnownFileType = sourcecode.c.h; name = CCProtocols.h; path = libs/cocos2d/CCProtocols.h; sourceTree = "<group>"; };
		97B227051514322900700A77 /* CCRenderTexture.h */ = {isa = PBXFileReference; lastKnownFileType = sourcecode.c.h; name = CCRenderTexture.h; path = libs/cocos2d/CCRenderTexture.h; sourceTree = "<group>"; };
		97B227061514322900700A77 /* CCRenderTexture.m */ = {isa = PBXFileReference; lastKnownFileType = sourcecode.c.objc; name = CCRenderTexture.m; path = libs/cocos2d/CCRenderTexture.m; sourceTree = "<group>"; };
		97B227081514322900700A77 /* CCRibbon.h */ = {isa = PBXFileReference; lastKnownFileType = sourcecode.c.h; name = CCRibbon.h; path = libs/cocos2d/CCRibbon.h; sourceTree = "<group>"; };
		97B227091514322900700A77 /* CCRibbon.m */ = {isa = PBXFileReference; lastKnownFileType = sourcecode.c.objc; name = CCRibbon.m; path = libs/cocos2d/CCRibbon.m; sourceTree = "<group>"; };
		97B2270B1514322900700A77 /* CCScene.h */ = {isa = PBXFileReference; lastKnownFileType = sourcecode.c.h; name = CCScene.h; path = libs/cocos2d/CCScene.h; sourceTree = "<group>"; };
		97B2270C1514322900700A77 /* CCScene.m */ = {isa = PBXFileReference; lastKnownFileType = sourcecode.c.objc; name = CCScene.m; path = libs/cocos2d/CCScene.m; sourceTree = "<group>"; };
		97B2270E1514322900700A77 /* CCScheduler.h */ = {isa = PBXFileReference; lastKnownFileType = sourcecode.c.h; name = CCScheduler.h; path = libs/cocos2d/CCScheduler.h; sourceTree = "<group>"; };
		97B2270F1514322900700A77 /* CCScheduler.m */ = {isa = PBXFileReference; lastKnownFileType = sourcecode.c.objc; name = CCScheduler.m; path = libs/cocos2d/CCScheduler.m; sourceTree = "<group>"; };
		97B227111514322900700A77 /* CCSprite.h */ = {isa = PBXFileReference; lastKnownFileType = sourcecode.c.h; name = CCSprite.h; path = libs/cocos2d/CCSprite.h; sourceTree = "<group>"; };
		97B227121514322900700A77 /* CCSprite.m */ = {isa = PBXFileReference; lastKnownFileType = sourcecode.c.objc; name = CCSprite.m; path = libs/cocos2d/CCSprite.m; sourceTree = "<group>"; };
		97B227141514322900700A77 /* CCSpriteBatchNode.h */ = {isa = PBXFileReference; lastKnownFileType = sourcecode.c.h; name = CCSpriteBatchNode.h; path = libs/cocos2d/CCSpriteBatchNode.h; sourceTree = "<group>"; };
		97B227151514322900700A77 /* CCSpriteBatchNode.m */ = {isa = PBXFileReference; lastKnownFileType = sourcecode.c.objc; name = CCSpriteBatchNode.m; path = libs/cocos2d/CCSpriteBatchNode.m; sourceTree = "<group>"; };
		97B227171514322900700A77 /* CCSpriteFrame.h */ = {isa = PBXFileReference; lastKnownFileType = sourcecode.c.h; name = CCSpriteFrame.h; path = libs/cocos2d/CCSpriteFrame.h; sourceTree = "<group>"; };
		97B227181514322900700A77 /* CCSpriteFrame.m */ = {isa = PBXFileReference; lastKnownFileType = sourcecode.c.objc; name = CCSpriteFrame.m; path = libs/cocos2d/CCSpriteFrame.m; sourceTree = "<group>"; };
		97B2271A1514322900700A77 /* CCSpriteFrameCache.h */ = {isa = PBXFileReference; lastKnownFileType = sourcecode.c.h; name = CCSpriteFrameCache.h; path = libs/cocos2d/CCSpriteFrameCache.h; sourceTree = "<group>"; };
		97B2271B1514322900700A77 /* CCSpriteFrameCache.m */ = {isa = PBXFileReference; lastKnownFileType = sourcecode.c.objc; name = CCSpriteFrameCache.m; path = libs/cocos2d/CCSpriteFrameCache.m; sourceTree = "<group>"; };
		97B2271D1514322900700A77 /* CCTexture2D.h */ = {isa = PBXFileReference; lastKnownFileType = sourcecode.c.h; name = CCTexture2D.h; path = libs/cocos2d/CCTexture2D.h; sourceTree = "<group>"; };
		97B2271E1514322900700A77 /* CCTexture2D.m */ = {isa = PBXFileReference; lastKnownFileType = sourcecode.c.objc; name = CCTexture2D.m; path = libs/cocos2d/CCTexture2D.m; sourceTree = "<group>"; };
		97B227201514322900700A77 /* CCTextureAtlas.h */ = {isa = PBXFileReference; lastKnownFileType = sourcecode.c.h; name = CCTextureAtlas.h; path = libs/cocos2d/CCTextureAtlas.h; sourceTree = "<group>"; };
		97B227211514322900700A77 /* CCTextureAtlas.m */ = {isa = PBXFileReference; lastKnownFileType = sourcecode.c.objc; name = CCTextureAtlas.m; path = libs/cocos2d/CCTextureAtlas.m; sourceTree = "<group>"; };
		97B227231514322900700A77 /* CCTextureCache.h */ = {isa = PBXFileReference; lastKnownFileType = sourcecode.c.h; name = CCTextureCache.h; path = libs/cocos2d/CCTextureCache.h; sourceTree = "<group>"; };
		97B227241514322900700A77 /* CCTextureCache.m */ = {isa = PBXFileReference; lastKnownFileType = sourcecode.c.objc; name = CCTextureCache.m; path = libs/cocos2d/CCTextureCache.m; sourceTree = "<group>"; };
		97B227261514322900700A77 /* CCTexturePVR.h */ = {isa = PBXFileReference; lastKnownFileType = sourcecode.c.h; name = CCTexturePVR.h; path = libs/cocos2d/CCTexturePVR.h; sourceTree = "<group>"; };
		97B227271514322900700A77 /* CCTexturePVR.m */ = {isa = PBXFileReference; lastKnownFileType = sourcecode.c.objc; name = CCTexturePVR.m; path = libs/cocos2d/CCTexturePVR.m; sourceTree = "<group>"; };
		97B227291514322900700A77 /* CCTileMapAtlas.h */ = {isa = PBXFileReference; lastKnownFileType = sourcecode.c.h; name = CCTileMapAtlas.h; path = libs/cocos2d/CCTileMapAtlas.h; sourceTree = "<group>"; };
		97B2272A1514322900700A77 /* CCTileMapAtlas.m */ = {isa = PBXFileReference; lastKnownFileType = sourcecode.c.objc; name = CCTileMapAtlas.m; path = libs/cocos2d/CCTileMapAtlas.m; sourceTree = "<group>"; };
		97B2272C1514322900700A77 /* CCTMXLayer.h */ = {isa = PBXFileReference; lastKnownFileType = sourcecode.c.h; name = CCTMXLayer.h; path = libs/cocos2d/CCTMXLayer.h; sourceTree = "<group>"; };
		97B2272D1514322900700A77 /* CCTMXLayer.m */ = {isa = PBXFileReference; lastKnownFileType = sourcecode.c.objc; name = CCTMXLayer.m; path = libs/cocos2d/CCTMXLayer.m; sourceTree = "<group>"; };
		97B2272F1514322900700A77 /* CCTMXObjectGroup.h */ = {isa = PBXFileReference; lastKnownFileType = sourcecode.c.h; name = CCTMXObjectGroup.h; path = libs/cocos2d/CCTMXObjectGroup.h; sourceTree = "<group>"; };
		97B227301514322900700A77 /* CCTMXObjectGroup.m */ = {isa = PBXFileReference; lastKnownFileType = sourcecode.c.objc; name = CCTMXObjectGroup.m; path = libs/cocos2d/CCTMXObjectGroup.m; sourceTree = "<group>"; };
		97B227321514322900700A77 /* CCTMXTiledMap.h */ = {isa = PBXFileReference; lastKnownFileType = sourcecode.c.h; name = CCTMXTiledMap.h; path = libs/cocos2d/CCTMXTiledMap.h; sourceTree = "<group>"; };
		97B227331514322900700A77 /* CCTMXTiledMap.m */ = {isa = PBXFileReference; lastKnownFileType = sourcecode.c.objc; name = CCTMXTiledMap.m; path = libs/cocos2d/CCTMXTiledMap.m; sourceTree = "<group>"; };
		97B227351514322900700A77 /* CCTMXXMLParser.h */ = {isa = PBXFileReference; lastKnownFileType = sourcecode.c.h; name = CCTMXXMLParser.h; path = libs/cocos2d/CCTMXXMLParser.h; sourceTree = "<group>"; };
		97B227361514322900700A77 /* CCTMXXMLParser.m */ = {isa = PBXFileReference; lastKnownFileType = sourcecode.c.objc; name = CCTMXXMLParser.m; path = libs/cocos2d/CCTMXXMLParser.m; sourceTree = "<group>"; };
		97B227381514322900700A77 /* CCTransition.h */ = {isa = PBXFileReference; lastKnownFileType = sourcecode.c.h; name = CCTransition.h; path = libs/cocos2d/CCTransition.h; sourceTree = "<group>"; };
		97B227391514322900700A77 /* CCTransition.m */ = {isa = PBXFileReference; lastKnownFileType = sourcecode.c.objc; name = CCTransition.m; path = libs/cocos2d/CCTransition.m; sourceTree = "<group>"; };
		97B2273B1514322900700A77 /* CCTransitionPageTurn.h */ = {isa = PBXFileReference; lastKnownFileType = sourcecode.c.h; name = CCTransitionPageTurn.h; path = libs/cocos2d/CCTransitionPageTurn.h; sourceTree = "<group>"; };
		97B2273C1514322900700A77 /* CCTransitionPageTurn.m */ = {isa = PBXFileReference; lastKnownFileType = sourcecode.c.objc; name = CCTransitionPageTurn.m; path = libs/cocos2d/CCTransitionPageTurn.m; sourceTree = "<group>"; };
		97B2273E1514322900700A77 /* CCTransitionRadial.h */ = {isa = PBXFileReference; lastKnownFileType = sourcecode.c.h; name = CCTransitionRadial.h; path = libs/cocos2d/CCTransitionRadial.h; sourceTree = "<group>"; };
		97B2273F1514322900700A77 /* CCTransitionRadial.m */ = {isa = PBXFileReference; lastKnownFileType = sourcecode.c.objc; name = CCTransitionRadial.m; path = libs/cocos2d/CCTransitionRadial.m; sourceTree = "<group>"; };
		97B227411514322900700A77 /* ccTypes.h */ = {isa = PBXFileReference; lastKnownFileType = sourcecode.c.h; name = ccTypes.h; path = libs/cocos2d/ccTypes.h; sourceTree = "<group>"; };
		97B227421514322900700A77 /* cocos2d.h */ = {isa = PBXFileReference; lastKnownFileType = sourcecode.c.h; name = cocos2d.h; path = libs/cocos2d/cocos2d.h; sourceTree = "<group>"; };
		97B227431514322900700A77 /* cocos2d.m */ = {isa = PBXFileReference; lastKnownFileType = sourcecode.c.objc; name = cocos2d.m; path = libs/cocos2d/cocos2d.m; sourceTree = "<group>"; };
		97B227461514322900700A77 /* CCGL.h */ = {isa = PBXFileReference; lastKnownFileType = sourcecode.c.h; name = CCGL.h; path = libs/cocos2d/Platforms/CCGL.h; sourceTree = "<group>"; };
		97B227471514322900700A77 /* CCNS.h */ = {isa = PBXFileReference; lastKnownFileType = sourcecode.c.h; name = CCNS.h; path = libs/cocos2d/Platforms/CCNS.h; sourceTree = "<group>"; };
		97B227491514322900700A77 /* CCDirectorIOS.h */ = {isa = PBXFileReference; lastKnownFileType = sourcecode.c.h; name = CCDirectorIOS.h; path = libs/cocos2d/Platforms/iOS/CCDirectorIOS.h; sourceTree = "<group>"; };
		97B2274A1514322900700A77 /* CCDirectorIOS.m */ = {isa = PBXFileReference; lastKnownFileType = sourcecode.c.objc; name = CCDirectorIOS.m; path = libs/cocos2d/Platforms/iOS/CCDirectorIOS.m; sourceTree = "<group>"; };
		97B2274C1514322900700A77 /* CCTouchDelegateProtocol.h */ = {isa = PBXFileReference; lastKnownFileType = sourcecode.c.h; name = CCTouchDelegateProtocol.h; path = libs/cocos2d/Platforms/iOS/CCTouchDelegateProtocol.h; sourceTree = "<group>"; };
		97B2274D1514322900700A77 /* CCTouchDispatcher.h */ = {isa = PBXFileReference; lastKnownFileType = sourcecode.c.h; name = CCTouchDispatcher.h; path = libs/cocos2d/Platforms/iOS/CCTouchDispatcher.h; sourceTree = "<group>"; };
		97B2274E1514322900700A77 /* CCTouchDispatcher.m */ = {isa = PBXFileReference; lastKnownFileType = sourcecode.c.objc; name = CCTouchDispatcher.m; path = libs/cocos2d/Platforms/iOS/CCTouchDispatcher.m; sourceTree = "<group>"; };
		97B227501514322900700A77 /* CCTouchHandler.h */ = {isa = PBXFileReference; lastKnownFileType = sourcecode.c.h; name = CCTouchHandler.h; path = libs/cocos2d/Platforms/iOS/CCTouchHandler.h; sourceTree = "<group>"; };
		97B227511514322900700A77 /* CCTouchHandler.m */ = {isa = PBXFileReference; lastKnownFileType = sourcecode.c.objc; name = CCTouchHandler.m; path = libs/cocos2d/Platforms/iOS/CCTouchHandler.m; sourceTree = "<group>"; };
		97B227531514322900700A77 /* EAGLView.h */ = {isa = PBXFileReference; lastKnownFileType = sourcecode.c.h; name = EAGLView.h; path = libs/cocos2d/Platforms/iOS/EAGLView.h; sourceTree = "<group>"; };
		97B227541514322900700A77 /* EAGLView.m */ = {isa = PBXFileReference; lastKnownFileType = sourcecode.c.objc; name = EAGLView.m; path = libs/cocos2d/Platforms/iOS/EAGLView.m; sourceTree = "<group>"; };
		97B227561514322900700A77 /* ES1Renderer.h */ = {isa = PBXFileReference; lastKnownFileType = sourcecode.c.h; name = ES1Renderer.h; path = libs/cocos2d/Platforms/iOS/ES1Renderer.h; sourceTree = "<group>"; };
		97B227571514322900700A77 /* ES1Renderer.m */ = {isa = PBXFileReference; lastKnownFileType = sourcecode.c.objc; name = ES1Renderer.m; path = libs/cocos2d/Platforms/iOS/ES1Renderer.m; sourceTree = "<group>"; };
		97B227591514322900700A77 /* ESRenderer.h */ = {isa = PBXFileReference; lastKnownFileType = sourcecode.c.h; name = ESRenderer.h; path = libs/cocos2d/Platforms/iOS/ESRenderer.h; sourceTree = "<group>"; };
		97B2275A1514322900700A77 /* glu.c */ = {isa = PBXFileReference; lastKnownFileType = sourcecode.c.c; name = glu.c; path = libs/cocos2d/Platforms/iOS/glu.c; sourceTree = "<group>"; };
		97B2275C1514322900700A77 /* glu.h */ = {isa = PBXFileReference; lastKnownFileType = sourcecode.c.h; name = glu.h; path = libs/cocos2d/Platforms/iOS/glu.h; sourceTree = "<group>"; };
		97B2275E1514322900700A77 /* CCDirectorMac.h */ = {isa = PBXFileReference; lastKnownFileType = sourcecode.c.h; name = CCDirectorMac.h; path = libs/cocos2d/Platforms/Mac/CCDirectorMac.h; sourceTree = "<group>"; };
		97B2275F1514322900700A77 /* CCDirectorMac.m */ = {isa = PBXFileReference; lastKnownFileType = sourcecode.c.objc; name = CCDirectorMac.m; path = libs/cocos2d/Platforms/Mac/CCDirectorMac.m; sourceTree = "<group>"; };
		97B227611514322900700A77 /* CCEventDispatcher.h */ = {isa = PBXFileReference; lastKnownFileType = sourcecode.c.h; name = CCEventDispatcher.h; path = libs/cocos2d/Platforms/Mac/CCEventDispatcher.h; sourceTree = "<group>"; };
		97B227621514322900700A77 /* CCEventDispatcher.m */ = {isa = PBXFileReference; lastKnownFileType = sourcecode.c.objc; name = CCEventDispatcher.m; path = libs/cocos2d/Platforms/Mac/CCEventDispatcher.m; sourceTree = "<group>"; };
		97B227641514322900700A77 /* MacGLView.h */ = {isa = PBXFileReference; lastKnownFileType = sourcecode.c.h; name = MacGLView.h; path = libs/cocos2d/Platforms/Mac/MacGLView.h; sourceTree = "<group>"; };
		97B227651514322900700A77 /* MacGLView.m */ = {isa = PBXFileReference; lastKnownFileType = sourcecode.c.objc; name = MacGLView.m; path = libs/cocos2d/Platforms/Mac/MacGLView.m; sourceTree = "<group>"; };
		97B227671514322900700A77 /* MacWindow.h */ = {isa = PBXFileReference; lastKnownFileType = sourcecode.c.h; name = MacWindow.h; path = libs/cocos2d/Platforms/Mac/MacWindow.h; sourceTree = "<group>"; };
		97B227681514322900700A77 /* MacWindow.m */ = {isa = PBXFileReference; lastKnownFileType = sourcecode.c.objc; name = MacWindow.m; path = libs/cocos2d/Platforms/Mac/MacWindow.m; sourceTree = "<group>"; };
		97B2276B1514322900700A77 /* base64.c */ = {isa = PBXFileReference; lastKnownFileType = sourcecode.c.c; name = base64.c; path = libs/cocos2d/Support/base64.c; sourceTree = "<group>"; };
		97B2276D1514322900700A77 /* base64.h */ = {isa = PBXFileReference; lastKnownFileType = sourcecode.c.h; name = base64.h; path = libs/cocos2d/Support/base64.h; sourceTree = "<group>"; };
		97B2276E1514322900700A77 /* CCArray.h */ = {isa = PBXFileReference; lastKnownFileType = sourcecode.c.h; name = CCArray.h; path = libs/cocos2d/Support/CCArray.h; sourceTree = "<group>"; };
		97B2276F1514322900700A77 /* CCArray.m */ = {isa = PBXFileReference; lastKnownFileType = sourcecode.c.objc; name = CCArray.m; path = libs/cocos2d/Support/CCArray.m; sourceTree = "<group>"; };
		97B227711514322900700A77 /* ccCArray.h */ = {isa = PBXFileReference; lastKnownFileType = sourcecode.c.h; name = ccCArray.h; path = libs/cocos2d/Support/ccCArray.h; sourceTree = "<group>"; };
		97B227721514322900700A77 /* CCFileUtils.h */ = {isa = PBXFileReference; lastKnownFileType = sourcecode.c.h; name = CCFileUtils.h; path = libs/cocos2d/Support/CCFileUtils.h; sourceTree = "<group>"; };
		97B227731514322900700A77 /* CCFileUtils.m */ = {isa = PBXFileReference; lastKnownFileType = sourcecode.c.objc; name = CCFileUtils.m; path = libs/cocos2d/Support/CCFileUtils.m; sourceTree = "<group>"; };
		97B227751514322900700A77 /* CCProfiling.h */ = {isa = PBXFileReference; lastKnownFileType = sourcecode.c.h; name = CCProfiling.h; path = libs/cocos2d/Support/CCProfiling.h; sourceTree = "<group>"; };
		97B227761514322900700A77 /* CCProfiling.m */ = {isa = PBXFileReference; lastKnownFileType = sourcecode.c.objc; name = CCProfiling.m; path = libs/cocos2d/Support/CCProfiling.m; sourceTree = "<group>"; };
		97B227781514322900700A77 /* ccUtils.c */ = {isa = PBXFileReference; lastKnownFileType = sourcecode.c.c; name = ccUtils.c; path = libs/cocos2d/Support/ccUtils.c; sourceTree = "<group>"; };
		97B2277A1514322900700A77 /* ccUtils.h */ = {isa = PBXFileReference; lastKnownFileType = sourcecode.c.h; name = ccUtils.h; path = libs/cocos2d/Support/ccUtils.h; sourceTree = "<group>"; };
		97B2277B1514322900700A77 /* CGPointExtension.h */ = {isa = PBXFileReference; lastKnownFileType = sourcecode.c.h; name = CGPointExtension.h; path = libs/cocos2d/Support/CGPointExtension.h; sourceTree = "<group>"; };
		97B2277C1514322900700A77 /* CGPointExtension.m */ = {isa = PBXFileReference; lastKnownFileType = sourcecode.c.objc; name = CGPointExtension.m; path = libs/cocos2d/Support/CGPointExtension.m; sourceTree = "<group>"; };
		97B2277E1514322900700A77 /* OpenGL_Internal.h */ = {isa = PBXFileReference; lastKnownFileType = sourcecode.c.h; name = OpenGL_Internal.h; path = libs/cocos2d/Support/OpenGL_Internal.h; sourceTree = "<group>"; };
		97B2277F1514322900700A77 /* TGAlib.h */ = {isa = PBXFileReference; lastKnownFileType = sourcecode.c.h; name = TGAlib.h; path = libs/cocos2d/Support/TGAlib.h; sourceTree = "<group>"; };
		97B227801514322900700A77 /* TGAlib.m */ = {isa = PBXFileReference; lastKnownFileType = sourcecode.c.objc; name = TGAlib.m; path = libs/cocos2d/Support/TGAlib.m; sourceTree = "<group>"; };
		97B227821514322900700A77 /* TransformUtils.h */ = {isa = PBXFileReference; lastKnownFileType = sourcecode.c.h; name = TransformUtils.h; path = libs/cocos2d/Support/TransformUtils.h; sourceTree = "<group>"; };
		97B227831514322900700A77 /* TransformUtils.m */ = {isa = PBXFileReference; lastKnownFileType = sourcecode.c.objc; name = TransformUtils.m; path = libs/cocos2d/Support/TransformUtils.m; sourceTree = "<group>"; };
		97B227851514322900700A77 /* uthash.h */ = {isa = PBXFileReference; lastKnownFileType = sourcecode.c.h; name = uthash.h; path = libs/cocos2d/Support/uthash.h; sourceTree = "<group>"; };
		97B227861514322900700A77 /* utlist.h */ = {isa = PBXFileReference; lastKnownFileType = sourcecode.c.h; name = utlist.h; path = libs/cocos2d/Support/utlist.h; sourceTree = "<group>"; };
		97B227871514322900700A77 /* ZipUtils.h */ = {isa = PBXFileReference; lastKnownFileType = sourcecode.c.h; name = ZipUtils.h; path = libs/cocos2d/Support/ZipUtils.h; sourceTree = "<group>"; };
		97B227881514322900700A77 /* ZipUtils.m */ = {isa = PBXFileReference; lastKnownFileType = sourcecode.c.objc; name = ZipUtils.m; path = libs/cocos2d/Support/ZipUtils.m; sourceTree = "<group>"; };
		97B2278A1514322900700A77 /* LICENSE_cocos2d.txt */ = {isa = PBXFileReference; lastKnownFileType = text; name = LICENSE_cocos2d.txt; path = libs/LICENSE_cocos2d.txt; sourceTree = "<group>"; };
		97B2278C1514322900700A77 /* CDAudioManager.h */ = {isa = PBXFileReference; lastKnownFileType = sourcecode.c.h; name = CDAudioManager.h; path = libs/CocosDenshion/CDAudioManager.h; sourceTree = "<group>"; };
		97B2278D1514322900700A77 /* CDAudioManager.m */ = {isa = PBXFileReference; lastKnownFileType = sourcecode.c.objc; name = CDAudioManager.m; path = libs/CocosDenshion/CDAudioManager.m; sourceTree = "<group>"; };
		97B2278F1514322900700A77 /* CDConfig.h */ = {isa = PBXFileReference; lastKnownFileType = sourcecode.c.h; name = CDConfig.h; path = libs/CocosDenshion/CDConfig.h; sourceTree = "<group>"; };
		97B227901514322900700A77 /* CDOpenALSupport.h */ = {isa = PBXFileReference; lastKnownFileType = sourcecode.c.h; name = CDOpenALSupport.h; path = libs/CocosDenshion/CDOpenALSupport.h; sourceTree = "<group>"; };
		97B227911514322900700A77 /* CDOpenALSupport.m */ = {isa = PBXFileReference; lastKnownFileType = sourcecode.c.objc; name = CDOpenALSupport.m; path = libs/CocosDenshion/CDOpenALSupport.m; sourceTree = "<group>"; };
		97B227931514322900700A77 /* CocosDenshion.h */ = {isa = PBXFileReference; lastKnownFileType = sourcecode.c.h; name = CocosDenshion.h; path = libs/CocosDenshion/CocosDenshion.h; sourceTree = "<group>"; };
		97B227941514322A00700A77 /* CocosDenshion.m */ = {isa = PBXFileReference; lastKnownFileType = sourcecode.c.objc; name = CocosDenshion.m; path = libs/CocosDenshion/CocosDenshion.m; sourceTree = "<group>"; };
		97B227961514322A00700A77 /* SimpleAudioEngine.h */ = {isa = PBXFileReference; lastKnownFileType = sourcecode.c.h; name = SimpleAudioEngine.h; path = libs/CocosDenshion/SimpleAudioEngine.h; sourceTree = "<group>"; };
		97B227971514322A00700A77 /* SimpleAudioEngine.m */ = {isa = PBXFileReference; lastKnownFileType = sourcecode.c.objc; name = SimpleAudioEngine.m; path = libs/CocosDenshion/SimpleAudioEngine.m; sourceTree = "<group>"; };
		97B227991514322A00700A77 /* LICENSE_CocosDenshion.txt */ = {isa = PBXFileReference; lastKnownFileType = text; name = LICENSE_CocosDenshion.txt; path = libs/LICENSE_CocosDenshion.txt; sourceTree = "<group>"; };
		97B2279B1514322A00700A77 /* CLScoreServerPost.h */ = {isa = PBXFileReference; lastKnownFileType = sourcecode.c.h; name = CLScoreServerPost.h; path = libs/cocoslive/CLScoreServerPost.h; sourceTree = "<group>"; };
		97B2279C1514322A00700A77 /* CLScoreServerPost.m */ = {isa = PBXFileReference; lastKnownFileType = sourcecode.c.objc; name = CLScoreServerPost.m; path = libs/cocoslive/CLScoreServerPost.m; sourceTree = "<group>"; };
		97B2279E1514322A00700A77 /* CLScoreServerRequest.h */ = {isa = PBXFileReference; lastKnownFileType = sourcecode.c.h; name = CLScoreServerRequest.h; path = libs/cocoslive/CLScoreServerRequest.h; sourceTree = "<group>"; };
		97B2279F1514322A00700A77 /* CLScoreServerRequest.m */ = {isa = PBXFileReference; lastKnownFileType = sourcecode.c.objc; name = CLScoreServerRequest.m; path = libs/cocoslive/CLScoreServerRequest.m; sourceTree = "<group>"; };
		97B227A11514322A00700A77 /* cocoslive.h */ = {isa = PBXFileReference; lastKnownFileType = sourcecode.c.h; name = cocoslive.h; path = libs/cocoslive/cocoslive.h; sourceTree = "<group>"; };
		97B227A21514322A00700A77 /* cocoslive.m */ = {isa = PBXFileReference; lastKnownFileType = sourcecode.c.objc; name = cocoslive.m; path = libs/cocoslive/cocoslive.m; sourceTree = "<group>"; };
		97B227A41514322A00700A77 /* LICENSE_TouchJSON.txt */ = {isa = PBXFileReference; lastKnownFileType = text; name = LICENSE_TouchJSON.txt; path = libs/LICENSE_TouchJSON.txt; sourceTree = "<group>"; };
		97B227A61514322A00700A77 /* CDataScanner.h */ = {isa = PBXFileReference; lastKnownFileType = sourcecode.c.h; name = CDataScanner.h; path = libs/TouchJSON/CDataScanner.h; sourceTree = "<group>"; };
		97B227A71514322A00700A77 /* CDataScanner.m */ = {isa = PBXFileReference; lastKnownFileType = sourcecode.c.objc; name = CDataScanner.m; path = libs/TouchJSON/CDataScanner.m; sourceTree = "<group>"; };
		97B227AA1514322A00700A77 /* CDataScanner_Extensions.h */ = {isa = PBXFileReference; lastKnownFileType = sourcecode.c.h; name = CDataScanner_Extensions.h; path = libs/TouchJSON/Extensions/CDataScanner_Extensions.h; sourceTree = "<group>"; };
		97B227AB1514322A00700A77 /* CDataScanner_Extensions.m */ = {isa = PBXFileReference; lastKnownFileType = sourcecode.c.objc; name = CDataScanner_Extensions.m; path = libs/TouchJSON/Extensions/CDataScanner_Extensions.m; sourceTree = "<group>"; };
		97B227AD1514322A00700A77 /* NSDictionary_JSONExtensions.h */ = {isa = PBXFileReference; lastKnownFileType = sourcecode.c.h; name = NSDictionary_JSONExtensions.h; path = libs/TouchJSON/Extensions/NSDictionary_JSONExtensions.h; sourceTree = "<group>"; };
		97B227AE1514322A00700A77 /* NSDictionary_JSONExtensions.m */ = {isa = PBXFileReference; lastKnownFileType = sourcecode.c.objc; name = NSDictionary_JSONExtensions.m; path = libs/TouchJSON/Extensions/NSDictionary_JSONExtensions.m; sourceTree = "<group>"; };
		97B227B11514322A00700A77 /* CJSONDeserializer.h */ = {isa = PBXFileReference; lastKnownFileType = sourcecode.c.h; name = CJSONDeserializer.h; path = libs/TouchJSON/JSON/CJSONDeserializer.h; sourceTree = "<group>"; };
		97B227B21514322A00700A77 /* CJSONDeserializer.m */ = {isa = PBXFileReference; lastKnownFileType = sourcecode.c.objc; name = CJSONDeserializer.m; path = libs/TouchJSON/JSON/CJSONDeserializer.m; sourceTree = "<group>"; };
		97B227B41514322A00700A77 /* CJSONScanner.h */ = {isa = PBXFileReference; lastKnownFileType = sourcecode.c.h; name = CJSONScanner.h; path = libs/TouchJSON/JSON/CJSONScanner.h; sourceTree = "<group>"; };
		97B227B51514322A00700A77 /* CJSONScanner.m */ = {isa = PBXFileReference; lastKnownFileType = sourcecode.c.objc; name = CJSONScanner.m; path = libs/TouchJSON/JSON/CJSONScanner.m; sourceTree = "<group>"; };
		97B227B71514322A00700A77 /* CJSONSerializer.h */ = {isa = PBXFileReference; lastKnownFileType = sourcecode.c.h; name = CJSONSerializer.h; path = libs/TouchJSON/JSON/CJSONSerializer.h; sourceTree = "<group>"; };
		97B227B81514322A00700A77 /* CJSONSerializer.m */ = {isa = PBXFileReference; lastKnownFileType = sourcecode.c.objc; name = CJSONSerializer.m; path = libs/TouchJSON/JSON/CJSONSerializer.m; sourceTree = "<group>"; };
		97B227BA1514322A00700A77 /* JSONRepresentation.h */ = {isa = PBXFileReference; lastKnownFileType = sourcecode.c.h; name = JSONRepresentation.h; path = libs/TouchJSON/JSON/JSONRepresentation.h; sourceTree = "<group>"; };
		97B227BC1514322A00700A77 /* FontLabel.h */ = {isa = PBXFileReference; lastKnownFileType = sourcecode.c.h; name = FontLabel.h; path = libs/FontLabel/FontLabel.h; sourceTree = "<group>"; };
		97B227BD1514322A00700A77 /* FontLabel.m */ = {isa = PBXFileReference; lastKnownFileType = sourcecode.c.objc; name = FontLabel.m; path = libs/FontLabel/FontLabel.m; sourceTree = "<group>"; };
		97B227BF1514322A00700A77 /* FontLabelStringDrawing.h */ = {isa = PBXFileReference; lastKnownFileType = sourcecode.c.h; name = FontLabelStringDrawing.h; path = libs/FontLabel/FontLabelStringDrawing.h; sourceTree = "<group>"; };
		97B227C01514322A00700A77 /* FontLabelStringDrawing.m */ = {isa = PBXFileReference; lastKnownFileType = sourcecode.c.objc; name = FontLabelStringDrawing.m; path = libs/FontLabel/FontLabelStringDrawing.m; sourceTree = "<group>"; };
		97B227C21514322A00700A77 /* FontManager.h */ = {isa = PBXFileReference; lastKnownFileType = sourcecode.c.h; name = FontManager.h; path = libs/FontLabel/FontManager.h; sourceTree = "<group>"; };
		97B227C31514322A00700A77 /* FontManager.m */ = {isa = PBXFileReference; lastKnownFileType = sourcecode.c.objc; name = FontManager.m; path = libs/FontLabel/FontManager.m; sourceTree = "<group>"; };
		97B227C51514322A00700A77 /* ZAttributedString.h */ = {isa = PBXFileReference; lastKnownFileType = sourcecode.c.h; name = ZAttributedString.h; path = libs/FontLabel/ZAttributedString.h; sourceTree = "<group>"; };
		97B227C61514322A00700A77 /* ZAttributedString.m */ = {isa = PBXFileReference; lastKnownFileType = sourcecode.c.objc; name = ZAttributedString.m; path = libs/FontLabel/ZAttributedString.m; sourceTree = "<group>"; };
		97B227C81514322A00700A77 /* ZAttributedStringPrivate.h */ = {isa = PBXFileReference; lastKnownFileType = sourcecode.c.h; name = ZAttributedStringPrivate.h; path = libs/FontLabel/ZAttributedStringPrivate.h; sourceTree = "<group>"; };
		97B227C91514322A00700A77 /* ZFont.h */ = {isa = PBXFileReference; lastKnownFileType = sourcecode.c.h; name = ZFont.h; path = libs/FontLabel/ZFont.h; sourceTree = "<group>"; };
		97B227CA1514322A00700A77 /* ZFont.m */ = {isa = PBXFileReference; lastKnownFileType = sourcecode.c.objc; name = ZFont.m; path = libs/FontLabel/ZFont.m; sourceTree = "<group>"; };
		97B227CC1514322A00700A77 /* LICENSE_FontLabel.txt */ = {isa = PBXFileReference; lastKnownFileType = text; name = LICENSE_FontLabel.txt; path = libs/LICENSE_FontLabel.txt; sourceTree = "<group>"; };
		97B227CE1514322A00700A77 /* Prefix.pch */ = {isa = PBXFileReference; lastKnownFileType = sourcecode.c.h; path = Prefix.pch; sourceTree = "<group>"; };
		97B227CF1514322A00700A77 /* main.m */ = {isa = PBXFileReference; lastKnownFileType = sourcecode.c.objc; path = main.m; sourceTree = "<group>"; };
		97B227D11514322A00700A77 /* AppDelegate.h */ = {isa = PBXFileReference; lastKnownFileType = sourcecode.c.h; path = AppDelegate.h; sourceTree = "<group>"; };
		97B227D21514322A00700A77 /* AppDelegate.m */ = {isa = PBXFileReference; lastKnownFileType = sourcecode.c.objc; path = AppDelegate.m; sourceTree = "<group>"; };
		97B227D41514322A00700A77 /* RootViewController.h */ = {isa = PBXFileReference; lastKnownFileType = sourcecode.c.h; path = RootViewController.h; sourceTree = "<group>"; };
		97B227D51514322A00700A77 /* RootViewController.m */ = {isa = PBXFileReference; lastKnownFileType = sourcecode.c.objc; path = RootViewController.m; sourceTree = "<group>"; };
		97B227D71514322A00700A77 /* HelloWorldLayer.h */ = {isa = PBXFileReference; lastKnownFileType = sourcecode.c.h; path = HelloWorldLayer.h; sourceTree = "<group>"; };
		97B227D81514322A00700A77 /* HelloWorldLayer.m */ = {isa = PBXFileReference; lastKnownFileType = sourcecode.c.objc; path = HelloWorldLayer.m; sourceTree = "<group>"; };
		97B227DA1514322A00700A77 /* GameConfig.h */ = {isa = PBXFileReference; lastKnownFileType = sourcecode.c.h; path = GameConfig.h; sourceTree = "<group>"; };
/* End PBXFileReference section */

/* Begin PBXFrameworksBuildPhase section */
		97B226681514322800700A77 /* Frameworks */ = {
			isa = PBXFrameworksBuildPhase;
			buildActionMask = 2147483647;
			files = (
				97B226701514322800700A77 /* QuartzCore.framework in Frameworks */,
				97B226721514322800700A77 /* OpenGLES.framework in Frameworks */,
				97B226741514322800700A77 /* OpenAL.framework in Frameworks */,
				97B226761514322800700A77 /* AudioToolbox.framework in Frameworks */,
				97B226781514322800700A77 /* AVFoundation.framework in Frameworks */,
				97B2267A1514322800700A77 /* UIKit.framework in Frameworks */,
				97B2267C1514322800700A77 /* Foundation.framework in Frameworks */,
				97B2267E1514322800700A77 /* CoreGraphics.framework in Frameworks */,
			);
			runOnlyForDeploymentPostprocessing = 0;
		};
/* End PBXFrameworksBuildPhase section */

/* Begin PBXGroup section */
		97B226601514322800700A77 = {
			isa = PBXGroup;
			children = (
				97B2267F1514322800700A77 /* Stage */,
				97B2266E1514322800700A77 /* Frameworks */,
				97B2266C1514322800700A77 /* Products */,
			);
			sourceTree = "<group>";
		};
		97B2266C1514322800700A77 /* Products */ = {
			isa = PBXGroup;
			children = (
				97B2266B1514322800700A77 /* Stage.app */,
			);
			name = Products;
			sourceTree = "<group>";
		};
		97B2266E1514322800700A77 /* Frameworks */ = {
			isa = PBXGroup;
			children = (
				97B2266F1514322800700A77 /* QuartzCore.framework */,
				97B226711514322800700A77 /* OpenGLES.framework */,
				97B226731514322800700A77 /* OpenAL.framework */,
				97B226751514322800700A77 /* AudioToolbox.framework */,
				97B226771514322800700A77 /* AVFoundation.framework */,
				97B226791514322800700A77 /* UIKit.framework */,
				97B2267B1514322800700A77 /* Foundation.framework */,
				97B2267D1514322800700A77 /* CoreGraphics.framework */,
			);
			name = Frameworks;
			sourceTree = "<group>";
		};
		97B2267F1514322800700A77 /* Stage */ = {
			isa = PBXGroup;
			children = (
				97B227D11514322A00700A77 /* AppDelegate.h */,
				97B227D21514322A00700A77 /* AppDelegate.m */,
				97B227D41514322A00700A77 /* RootViewController.h */,
				97B227D51514322A00700A77 /* RootViewController.m */,
				97B227D71514322A00700A77 /* HelloWorldLayer.h */,
				97B227D81514322A00700A77 /* HelloWorldLayer.m */,
				97B227DA1514322A00700A77 /* GameConfig.h */,
				97B226801514322800700A77 /* Resources */,
				97B226941514322800700A77 /* libs */,
				97B227CD1514322A00700A77 /* Supporting Files */,
			);
			path = Stage;
			sourceTree = "<group>";
		};
		97B226801514322800700A77 /* Resources */ = {
			isa = PBXGroup;
			children = (
				97B226811514322800700A77 /* Default.png */,
				97B226831514322800700A77 /* fps_images.png */,
				97B226851514322800700A77 /* Icon-72.png */,
				97B226871514322800700A77 /* Icon-Small-50.png */,
				97B226891514322800700A77 /* Icon-Small.png */,
				97B2268B1514322800700A77 /* Icon-Small@2x.png */,
				97B2268D1514322800700A77 /* Icon.png */,
				97B2268F1514322800700A77 /* Icon@2x.png */,
				97B226911514322800700A77 /* Info.plist */,
				97B226921514322800700A77 /* iTunesArtwork */,
			);
			name = Resources;
			sourceTree = "<group>";
		};
		97B226941514322800700A77 /* libs */ = {
			isa = PBXGroup;
			children = (
				97B2278A1514322900700A77 /* LICENSE_cocos2d.txt */,
				97B227991514322A00700A77 /* LICENSE_CocosDenshion.txt */,
				97B227A41514322A00700A77 /* LICENSE_TouchJSON.txt */,
				97B227CC1514322A00700A77 /* LICENSE_FontLabel.txt */,
				97B226951514322800700A77 /* cocos2d */,
				97B2278B1514322900700A77 /* CocosDenshion */,
				97B2279A1514322A00700A77 /* cocoslive */,
				97B227A51514322A00700A77 /* TouchJSON */,
				97B227BB1514322A00700A77 /* FontLabel */,
			);
			name = libs;
			sourceTree = "<group>";
		};
		97B226951514322800700A77 /* cocos2d */ = {
			isa = PBXGroup;
			children = (
				97B226961514322800700A77 /* CCAction.h */,
				97B226971514322800700A77 /* CCAction.m */,
				97B226991514322800700A77 /* CCActionCamera.h */,
				97B2269A1514322800700A77 /* CCActionCamera.m */,
				97B2269C1514322800700A77 /* CCActionEase.h */,
				97B2269D1514322800700A77 /* CCActionEase.m */,
				97B2269F1514322800700A77 /* CCActionGrid.h */,
				97B226A01514322800700A77 /* CCActionGrid.m */,
				97B226A21514322800700A77 /* CCActionGrid3D.h */,
				97B226A31514322800700A77 /* CCActionGrid3D.m */,
				97B226A51514322900700A77 /* CCActionInstant.h */,
				97B226A61514322900700A77 /* CCActionInstant.m */,
				97B226A81514322900700A77 /* CCActionInterval.h */,
				97B226A91514322900700A77 /* CCActionInterval.m */,
				97B226AB1514322900700A77 /* CCActionManager.h */,
				97B226AC1514322900700A77 /* CCActionManager.m */,
				97B226AE1514322900700A77 /* CCActionPageTurn3D.h */,
				97B226AF1514322900700A77 /* CCActionPageTurn3D.m */,
				97B226B11514322900700A77 /* CCActionProgressTimer.h */,
				97B226B21514322900700A77 /* CCActionProgressTimer.m */,
				97B226B41514322900700A77 /* CCActionTiledGrid.h */,
				97B226B51514322900700A77 /* CCActionTiledGrid.m */,
				97B226B71514322900700A77 /* CCActionTween.h */,
				97B226B81514322900700A77 /* CCActionTween.m */,
				97B226BA1514322900700A77 /* CCAnimation.h */,
				97B226BB1514322900700A77 /* CCAnimation.m */,
				97B226BD1514322900700A77 /* CCAnimationCache.h */,
				97B226BE1514322900700A77 /* CCAnimationCache.m */,
				97B226C01514322900700A77 /* CCAtlasNode.h */,
				97B226C11514322900700A77 /* CCAtlasNode.m */,
				97B226C31514322900700A77 /* CCBlockSupport.h */,
				97B226C41514322900700A77 /* CCBlockSupport.m */,
				97B226C61514322900700A77 /* CCCamera.h */,
				97B226C71514322900700A77 /* CCCamera.m */,
				97B226C91514322900700A77 /* ccConfig.h */,
				97B226CA1514322900700A77 /* CCConfiguration.h */,
				97B226CB1514322900700A77 /* CCConfiguration.m */,
				97B226CD1514322900700A77 /* CCDirector.h */,
				97B226CE1514322900700A77 /* CCDirector.m */,
				97B226D01514322900700A77 /* CCDrawingPrimitives.h */,
				97B226D11514322900700A77 /* CCDrawingPrimitives.m */,
				97B226D31514322900700A77 /* CCGrabber.h */,
				97B226D41514322900700A77 /* CCGrabber.m */,
				97B226D61514322900700A77 /* CCGrid.h */,
				97B226D71514322900700A77 /* CCGrid.m */,
				97B226D91514322900700A77 /* CCLabelAtlas.h */,
				97B226DA1514322900700A77 /* CCLabelAtlas.m */,
				97B226DC1514322900700A77 /* CCLabelBMFont.h */,
				97B226DD1514322900700A77 /* CCLabelBMFont.m */,
				97B226DF1514322900700A77 /* CCLabelTTF.h */,
				97B226E01514322900700A77 /* CCLabelTTF.m */,
				97B226E21514322900700A77 /* CCLayer.h */,
				97B226E31514322900700A77 /* CCLayer.m */,
				97B226E51514322900700A77 /* ccMacros.h */,
				97B226E61514322900700A77 /* CCMenu.h */,
				97B226E71514322900700A77 /* CCMenu.m */,
				97B226E91514322900700A77 /* CCMenuItem.h */,
				97B226EA1514322900700A77 /* CCMenuItem.m */,
				97B226EC1514322900700A77 /* CCMotionStreak.h */,
				97B226ED1514322900700A77 /* CCMotionStreak.m */,
				97B226EF1514322900700A77 /* CCNode.h */,
				97B226F01514322900700A77 /* CCNode.m */,
				97B226F21514322900700A77 /* CCParallaxNode.h */,
				97B226F31514322900700A77 /* CCParallaxNode.m */,
				97B226F51514322900700A77 /* CCParticleExamples.h */,
				97B226F61514322900700A77 /* CCParticleExamples.m */,
				97B226F81514322900700A77 /* CCParticleSystem.h */,
				97B226F91514322900700A77 /* CCParticleSystem.m */,
				97B226FB1514322900700A77 /* CCParticleSystemPoint.h */,
				97B226FC1514322900700A77 /* CCParticleSystemPoint.m */,
				97B226FE1514322900700A77 /* CCParticleSystemQuad.h */,
				97B226FF1514322900700A77 /* CCParticleSystemQuad.m */,
				97B227011514322900700A77 /* CCProgressTimer.h */,
				97B227021514322900700A77 /* CCProgressTimer.m */,
				97B227041514322900700A77 /* CCProtocols.h */,
				97B227051514322900700A77 /* CCRenderTexture.h */,
				97B227061514322900700A77 /* CCRenderTexture.m */,
				97B227081514322900700A77 /* CCRibbon.h */,
				97B227091514322900700A77 /* CCRibbon.m */,
				97B2270B1514322900700A77 /* CCScene.h */,
				97B2270C1514322900700A77 /* CCScene.m */,
				97B2270E1514322900700A77 /* CCScheduler.h */,
				97B2270F1514322900700A77 /* CCScheduler.m */,
				97B227111514322900700A77 /* CCSprite.h */,
				97B227121514322900700A77 /* CCSprite.m */,
				97B227141514322900700A77 /* CCSpriteBatchNode.h */,
				97B227151514322900700A77 /* CCSpriteBatchNode.m */,
				97B227171514322900700A77 /* CCSpriteFrame.h */,
				97B227181514322900700A77 /* CCSpriteFrame.m */,
				97B2271A1514322900700A77 /* CCSpriteFrameCache.h */,
				97B2271B1514322900700A77 /* CCSpriteFrameCache.m */,
				97B2271D1514322900700A77 /* CCTexture2D.h */,
				97B2271E1514322900700A77 /* CCTexture2D.m */,
				97B227201514322900700A77 /* CCTextureAtlas.h */,
				97B227211514322900700A77 /* CCTextureAtlas.m */,
				97B227231514322900700A77 /* CCTextureCache.h */,
				97B227241514322900700A77 /* CCTextureCache.m */,
				97B227261514322900700A77 /* CCTexturePVR.h */,
				97B227271514322900700A77 /* CCTexturePVR.m */,
				97B227291514322900700A77 /* CCTileMapAtlas.h */,
				97B2272A1514322900700A77 /* CCTileMapAtlas.m */,
				97B2272C1514322900700A77 /* CCTMXLayer.h */,
				97B2272D1514322900700A77 /* CCTMXLayer.m */,
				97B2272F1514322900700A77 /* CCTMXObjectGroup.h */,
				97B227301514322900700A77 /* CCTMXObjectGroup.m */,
				97B227321514322900700A77 /* CCTMXTiledMap.h */,
				97B227331514322900700A77 /* CCTMXTiledMap.m */,
				97B227351514322900700A77 /* CCTMXXMLParser.h */,
				97B227361514322900700A77 /* CCTMXXMLParser.m */,
				97B227381514322900700A77 /* CCTransition.h */,
				97B227391514322900700A77 /* CCTransition.m */,
				97B2273B1514322900700A77 /* CCTransitionPageTurn.h */,
				97B2273C1514322900700A77 /* CCTransitionPageTurn.m */,
				97B2273E1514322900700A77 /* CCTransitionRadial.h */,
				97B2273F1514322900700A77 /* CCTransitionRadial.m */,
				97B227411514322900700A77 /* ccTypes.h */,
				97B227421514322900700A77 /* cocos2d.h */,
				97B227431514322900700A77 /* cocos2d.m */,
				97B227451514322900700A77 /* Platforms */,
				97B2276A1514322900700A77 /* Support */,
			);
			name = cocos2d;
			sourceTree = "<group>";
		};
		97B227451514322900700A77 /* Platforms */ = {
			isa = PBXGroup;
			children = (
				97B227461514322900700A77 /* CCGL.h */,
				97B227471514322900700A77 /* CCNS.h */,
				97B227481514322900700A77 /* iOS */,
				97B2275D1514322900700A77 /* Mac */,
			);
			name = Platforms;
			sourceTree = "<group>";
		};
		97B227481514322900700A77 /* iOS */ = {
			isa = PBXGroup;
			children = (
				97B227491514322900700A77 /* CCDirectorIOS.h */,
				97B2274A1514322900700A77 /* CCDirectorIOS.m */,
				97B2274C1514322900700A77 /* CCTouchDelegateProtocol.h */,
				97B2274D1514322900700A77 /* CCTouchDispatcher.h */,
				97B2274E1514322900700A77 /* CCTouchDispatcher.m */,
				97B227501514322900700A77 /* CCTouchHandler.h */,
				97B227511514322900700A77 /* CCTouchHandler.m */,
				97B227531514322900700A77 /* EAGLView.h */,
				97B227541514322900700A77 /* EAGLView.m */,
				97B227561514322900700A77 /* ES1Renderer.h */,
				97B227571514322900700A77 /* ES1Renderer.m */,
				97B227591514322900700A77 /* ESRenderer.h */,
				97B2275A1514322900700A77 /* glu.c */,
				97B2275C1514322900700A77 /* glu.h */,
			);
			name = iOS;
			sourceTree = "<group>";
		};
		97B2275D1514322900700A77 /* Mac */ = {
			isa = PBXGroup;
			children = (
				97B2275E1514322900700A77 /* CCDirectorMac.h */,
				97B2275F1514322900700A77 /* CCDirectorMac.m */,
				97B227611514322900700A77 /* CCEventDispatcher.h */,
				97B227621514322900700A77 /* CCEventDispatcher.m */,
				97B227641514322900700A77 /* MacGLView.h */,
				97B227651514322900700A77 /* MacGLView.m */,
				97B227671514322900700A77 /* MacWindow.h */,
				97B227681514322900700A77 /* MacWindow.m */,
			);
			name = Mac;
			sourceTree = "<group>";
		};
		97B2276A1514322900700A77 /* Support */ = {
			isa = PBXGroup;
			children = (
				97B2276B1514322900700A77 /* base64.c */,
				97B2276D1514322900700A77 /* base64.h */,
				97B2276E1514322900700A77 /* CCArray.h */,
				97B2276F1514322900700A77 /* CCArray.m */,
				97B227711514322900700A77 /* ccCArray.h */,
				97B227721514322900700A77 /* CCFileUtils.h */,
				97B227731514322900700A77 /* CCFileUtils.m */,
				97B227751514322900700A77 /* CCProfiling.h */,
				97B227761514322900700A77 /* CCProfiling.m */,
				97B227781514322900700A77 /* ccUtils.c */,
				97B2277A1514322900700A77 /* ccUtils.h */,
				97B2277B1514322900700A77 /* CGPointExtension.h */,
				97B2277C1514322900700A77 /* CGPointExtension.m */,
				97B2277E1514322900700A77 /* OpenGL_Internal.h */,
				97B2277F1514322900700A77 /* TGAlib.h */,
				97B227801514322900700A77 /* TGAlib.m */,
				97B227821514322900700A77 /* TransformUtils.h */,
				97B227831514322900700A77 /* TransformUtils.m */,
				97B227851514322900700A77 /* uthash.h */,
				97B227861514322900700A77 /* utlist.h */,
				97B227871514322900700A77 /* ZipUtils.h */,
				97B227881514322900700A77 /* ZipUtils.m */,
			);
			name = Support;
			sourceTree = "<group>";
		};
		97B2278B1514322900700A77 /* CocosDenshion */ = {
			isa = PBXGroup;
			children = (
				97B2278C1514322900700A77 /* CDAudioManager.h */,
				97B2278D1514322900700A77 /* CDAudioManager.m */,
				97B2278F1514322900700A77 /* CDConfig.h */,
				97B227901514322900700A77 /* CDOpenALSupport.h */,
				97B227911514322900700A77 /* CDOpenALSupport.m */,
				97B227931514322900700A77 /* CocosDenshion.h */,
				97B227941514322A00700A77 /* CocosDenshion.m */,
				97B227961514322A00700A77 /* SimpleAudioEngine.h */,
				97B227971514322A00700A77 /* SimpleAudioEngine.m */,
			);
			name = CocosDenshion;
			sourceTree = "<group>";
		};
		97B2279A1514322A00700A77 /* cocoslive */ = {
			isa = PBXGroup;
			children = (
				97B2279B1514322A00700A77 /* CLScoreServerPost.h */,
				97B2279C1514322A00700A77 /* CLScoreServerPost.m */,
				97B2279E1514322A00700A77 /* CLScoreServerRequest.h */,
				97B2279F1514322A00700A77 /* CLScoreServerRequest.m */,
				97B227A11514322A00700A77 /* cocoslive.h */,
				97B227A21514322A00700A77 /* cocoslive.m */,
			);
			name = cocoslive;
			sourceTree = "<group>";
		};
		97B227A51514322A00700A77 /* TouchJSON */ = {
			isa = PBXGroup;
			children = (
				97B227A61514322A00700A77 /* CDataScanner.h */,
				97B227A71514322A00700A77 /* CDataScanner.m */,
				97B227A91514322A00700A77 /* Extensions */,
				97B227B01514322A00700A77 /* JSON */,
			);
			name = TouchJSON;
			sourceTree = "<group>";
		};
		97B227A91514322A00700A77 /* Extensions */ = {
			isa = PBXGroup;
			children = (
				97B227AA1514322A00700A77 /* CDataScanner_Extensions.h */,
				97B227AB1514322A00700A77 /* CDataScanner_Extensions.m */,
				97B227AD1514322A00700A77 /* NSDictionary_JSONExtensions.h */,
				97B227AE1514322A00700A77 /* NSDictionary_JSONExtensions.m */,
			);
			name = Extensions;
			sourceTree = "<group>";
		};
		97B227B01514322A00700A77 /* JSON */ = {
			isa = PBXGroup;
			children = (
				97B227B11514322A00700A77 /* CJSONDeserializer.h */,
				97B227B21514322A00700A77 /* CJSONDeserializer.m */,
				97B227B41514322A00700A77 /* CJSONScanner.h */,
				97B227B51514322A00700A77 /* CJSONScanner.m */,
				97B227B71514322A00700A77 /* CJSONSerializer.h */,
				97B227B81514322A00700A77 /* CJSONSerializer.m */,
				97B227BA1514322A00700A77 /* JSONRepresentation.h */,
			);
			name = JSON;
			sourceTree = "<group>";
		};
		97B227BB1514322A00700A77 /* FontLabel */ = {
			isa = PBXGroup;
			children = (
				97B227BC1514322A00700A77 /* FontLabel.h */,
				97B227BD1514322A00700A77 /* FontLabel.m */,
				97B227BF1514322A00700A77 /* FontLabelStringDrawing.h */,
				97B227C01514322A00700A77 /* FontLabelStringDrawing.m */,
				97B227C21514322A00700A77 /* FontManager.h */,
				97B227C31514322A00700A77 /* FontManager.m */,
				97B227C51514322A00700A77 /* ZAttributedString.h */,
				97B227C61514322A00700A77 /* ZAttributedString.m */,
				97B227C81514322A00700A77 /* ZAttributedStringPrivate.h */,
				97B227C91514322A00700A77 /* ZFont.h */,
				97B227CA1514322A00700A77 /* ZFont.m */,
			);
			name = FontLabel;
			sourceTree = "<group>";
		};
		97B227CD1514322A00700A77 /* Supporting Files */ = {
			isa = PBXGroup;
			children = (
				97B227CE1514322A00700A77 /* Prefix.pch */,
				97B227CF1514322A00700A77 /* main.m */,
			);
			name = "Supporting Files";
			sourceTree = "<group>";
		};
/* End PBXGroup section */

/* Begin PBXNativeTarget section */
		97B2266A1514322800700A77 /* Stage */ = {
			isa = PBXNativeTarget;
			buildConfigurationList = 97B227DD1514322A00700A77 /* Build configuration list for PBXNativeTarget "Stage" */;
			buildPhases = (
				97B226671514322800700A77 /* Sources */,
				97B226681514322800700A77 /* Frameworks */,
				97B226691514322800700A77 /* Resources */,
			);
			buildRules = (
			);
			dependencies = (
			);
			name = Stage;
			productName = Stage;
			productReference = 97B2266B1514322800700A77 /* Stage.app */;
			productType = "com.apple.product-type.application";
		};
/* End PBXNativeTarget section */

/* Begin PBXProject section */
		97B226621514322800700A77 /* Project object */ = {
			isa = PBXProject;
			attributes = {
				LastUpgradeCheck = 0420;
			};
			buildConfigurationList = 97B226651514322800700A77 /* Build configuration list for PBXProject "Stage" */;
			compatibilityVersion = "Xcode 3.2";
			developmentRegion = English;
			hasScannedForEncodings = 0;
			knownRegions = (
				en,
			);
			mainGroup = 97B226601514322800700A77;
			productRefGroup = 97B2266C1514322800700A77 /* Products */;
			projectDirPath = "";
			projectRoot = "";
			targets = (
				97B2266A1514322800700A77 /* Stage */,
			);
		};
/* End PBXProject section */

/* Begin PBXResourcesBuildPhase section */
		97B226691514322800700A77 /* Resources */ = {
			isa = PBXResourcesBuildPhase;
			buildActionMask = 2147483647;
			files = (
				97B226821514322800700A77 /* Default.png in Resources */,
				97B226841514322800700A77 /* fps_images.png in Resources */,
				97B226861514322800700A77 /* Icon-72.png in Resources */,
				97B226881514322800700A77 /* Icon-Small-50.png in Resources */,
				97B2268A1514322800700A77 /* Icon-Small.png in Resources */,
				97B2268C1514322800700A77 /* Icon-Small@2x.png in Resources */,
				97B2268E1514322800700A77 /* Icon.png in Resources */,
				97B226901514322800700A77 /* Icon@2x.png in Resources */,
				97B226931514322800700A77 /* iTunesArtwork in Resources */,
			);
			runOnlyForDeploymentPostprocessing = 0;
		};
/* End PBXResourcesBuildPhase section */

/* Begin PBXSourcesBuildPhase section */
		97B226671514322800700A77 /* Sources */ = {
			isa = PBXSourcesBuildPhase;
			buildActionMask = 2147483647;
			files = (
				97B226981514322800700A77 /* CCAction.m in Sources */,
				97B2269B1514322800700A77 /* CCActionCamera.m in Sources */,
				97B2269E1514322800700A77 /* CCActionEase.m in Sources */,
				97B226A11514322800700A77 /* CCActionGrid.m in Sources */,
				97B226A41514322800700A77 /* CCActionGrid3D.m in Sources */,
				97B226A71514322900700A77 /* CCActionInstant.m in Sources */,
				97B226AA1514322900700A77 /* CCActionInterval.m in Sources */,
				97B226AD1514322900700A77 /* CCActionManager.m in Sources */,
				97B226B01514322900700A77 /* CCActionPageTurn3D.m in Sources */,
				97B226B31514322900700A77 /* CCActionProgressTimer.m in Sources */,
				97B226B61514322900700A77 /* CCActionTiledGrid.m in Sources */,
				97B226B91514322900700A77 /* CCActionTween.m in Sources */,
				97B226BC1514322900700A77 /* CCAnimation.m in Sources */,
				97B226BF1514322900700A77 /* CCAnimationCache.m in Sources */,
				97B226C21514322900700A77 /* CCAtlasNode.m in Sources */,
				97B226C51514322900700A77 /* CCBlockSupport.m in Sources */,
				97B226C81514322900700A77 /* CCCamera.m in Sources */,
				97B226CC1514322900700A77 /* CCConfiguration.m in Sources */,
				97B226CF1514322900700A77 /* CCDirector.m in Sources */,
				97B226D21514322900700A77 /* CCDrawingPrimitives.m in Sources */,
				97B226D51514322900700A77 /* CCGrabber.m in Sources */,
				97B226D81514322900700A77 /* CCGrid.m in Sources */,
				97B226DB1514322900700A77 /* CCLabelAtlas.m in Sources */,
				97B226DE1514322900700A77 /* CCLabelBMFont.m in Sources */,
				97B226E11514322900700A77 /* CCLabelTTF.m in Sources */,
				97B226E41514322900700A77 /* CCLayer.m in Sources */,
				97B226E81514322900700A77 /* CCMenu.m in Sources */,
				97B226EB1514322900700A77 /* CCMenuItem.m in Sources */,
				97B226EE1514322900700A77 /* CCMotionStreak.m in Sources */,
				97B226F11514322900700A77 /* CCNode.m in Sources */,
				97B226F41514322900700A77 /* CCParallaxNode.m in Sources */,
				97B226F71514322900700A77 /* CCParticleExamples.m in Sources */,
				97B226FA1514322900700A77 /* CCParticleSystem.m in Sources */,
				97B226FD1514322900700A77 /* CCParticleSystemPoint.m in Sources */,
				97B227001514322900700A77 /* CCParticleSystemQuad.m in Sources */,
				97B227031514322900700A77 /* CCProgressTimer.m in Sources */,
				97B227071514322900700A77 /* CCRenderTexture.m in Sources */,
				97B2270A1514322900700A77 /* CCRibbon.m in Sources */,
				97B2270D1514322900700A77 /* CCScene.m in Sources */,
				97B227101514322900700A77 /* CCScheduler.m in Sources */,
				97B227131514322900700A77 /* CCSprite.m in Sources */,
				97B227161514322900700A77 /* CCSpriteBatchNode.m in Sources */,
				97B227191514322900700A77 /* CCSpriteFrame.m in Sources */,
				97B2271C1514322900700A77 /* CCSpriteFrameCache.m in Sources */,
				97B2271F1514322900700A77 /* CCTexture2D.m in Sources */,
				97B227221514322900700A77 /* CCTextureAtlas.m in Sources */,
				97B227251514322900700A77 /* CCTextureCache.m in Sources */,
				97B227281514322900700A77 /* CCTexturePVR.m in Sources */,
				97B2272B1514322900700A77 /* CCTileMapAtlas.m in Sources */,
				97B2272E1514322900700A77 /* CCTMXLayer.m in Sources */,
				97B227311514322900700A77 /* CCTMXObjectGroup.m in Sources */,
				97B227341514322900700A77 /* CCTMXTiledMap.m in Sources */,
				97B227371514322900700A77 /* CCTMXXMLParser.m in Sources */,
				97B2273A1514322900700A77 /* CCTransition.m in Sources */,
				97B2273D1514322900700A77 /* CCTransitionPageTurn.m in Sources */,
				97B227401514322900700A77 /* CCTransitionRadial.m in Sources */,
				97B227441514322900700A77 /* cocos2d.m in Sources */,
				97B2274B1514322900700A77 /* CCDirectorIOS.m in Sources */,
				97B2274F1514322900700A77 /* CCTouchDispatcher.m in Sources */,
				97B227521514322900700A77 /* CCTouchHandler.m in Sources */,
				97B227551514322900700A77 /* EAGLView.m in Sources */,
				97B227581514322900700A77 /* ES1Renderer.m in Sources */,
				97B2275B1514322900700A77 /* glu.c in Sources */,
				97B227601514322900700A77 /* CCDirectorMac.m in Sources */,
				97B227631514322900700A77 /* CCEventDispatcher.m in Sources */,
				97B227661514322900700A77 /* MacGLView.m in Sources */,
				97B227691514322900700A77 /* MacWindow.m in Sources */,
				97B2276C1514322900700A77 /* base64.c in Sources */,
				97B227701514322900700A77 /* CCArray.m in Sources */,
				97B227741514322900700A77 /* CCFileUtils.m in Sources */,
				97B227771514322900700A77 /* CCProfiling.m in Sources */,
				97B227791514322900700A77 /* ccUtils.c in Sources */,
				97B2277D1514322900700A77 /* CGPointExtension.m in Sources */,
				97B227811514322900700A77 /* TGAlib.m in Sources */,
				97B227841514322900700A77 /* TransformUtils.m in Sources */,
				97B227891514322900700A77 /* ZipUtils.m in Sources */,
				97B2278E1514322900700A77 /* CDAudioManager.m in Sources */,
				97B227921514322900700A77 /* CDOpenALSupport.m in Sources */,
				97B227951514322A00700A77 /* CocosDenshion.m in Sources */,
				97B227981514322A00700A77 /* SimpleAudioEngine.m in Sources */,
				97B2279D1514322A00700A77 /* CLScoreServerPost.m in Sources */,
				97B227A01514322A00700A77 /* CLScoreServerRequest.m in Sources */,
				97B227A31514322A00700A77 /* cocoslive.m in Sources */,
				97B227A81514322A00700A77 /* CDataScanner.m in Sources */,
				97B227AC1514322A00700A77 /* CDataScanner_Extensions.m in Sources */,
				97B227AF1514322A00700A77 /* NSDictionary_JSONExtensions.m in Sources */,
				97B227B31514322A00700A77 /* CJSONDeserializer.m in Sources */,
				97B227B61514322A00700A77 /* CJSONScanner.m in Sources */,
				97B227B91514322A00700A77 /* CJSONSerializer.m in Sources */,
				97B227BE1514322A00700A77 /* FontLabel.m in Sources */,
				97B227C11514322A00700A77 /* FontLabelStringDrawing.m in Sources */,
				97B227C41514322A00700A77 /* FontManager.m in Sources */,
				97B227C71514322A00700A77 /* ZAttributedString.m in Sources */,
				97B227CB1514322A00700A77 /* ZFont.m in Sources */,
				97B227D01514322A00700A77 /* main.m in Sources */,
				97B227D31514322A00700A77 /* AppDelegate.m in Sources */,
				97B227D61514322A00700A77 /* RootViewController.m in Sources */,
				97B227D91514322A00700A77 /* HelloWorldLayer.m in Sources */,
			);
			runOnlyForDeploymentPostprocessing = 0;
		};
/* End PBXSourcesBuildPhase section */

/* Begin XCBuildConfiguration section */
		97B227DB1514322A00700A77 /* Debug */ = {
			isa = XCBuildConfiguration;
			buildSettings = {
				ARCHS = "$(ARCHS_STANDARD_32_BIT)";
				"CODE_SIGN_IDENTITY[sdk=iphoneos*]" = "iPhone Developer";
				GCC_C_LANGUAGE_STANDARD = gnu99;
				GCC_OPTIMIZATION_LEVEL = 0;
				GCC_PREPROCESSOR_DEFINITIONS = (
					DEBUG,
					"COCOS2D_DEBUG=1",
				);
				GCC_SYMBOLS_PRIVATE_EXTERN = NO;
				GCC_VERSION = com.apple.compilers.llvmgcc42;
				GCC_WARN_ABOUT_RETURN_TYPE = YES;
				GCC_WARN_UNUSED_VARIABLE = YES;
				IPHONEOS_DEPLOYMENT_TARGET = 5.0;
				SDKROOT = iphoneos;
			};
			name = Debug;
		};
		97B227DC1514322A00700A77 /* Release */ = {
			isa = XCBuildConfiguration;
			buildSettings = {
				ARCHS = "$(ARCHS_STANDARD_32_BIT)";
				"CODE_SIGN_IDENTITY[sdk=iphoneos*]" = "iPhone Developer";
				GCC_C_LANGUAGE_STANDARD = gnu99;
				GCC_PREPROCESSOR_DEFINITIONS = NDEBUG;
				GCC_VERSION = com.apple.compilers.llvmgcc42;
				GCC_WARN_ABOUT_RETURN_TYPE = YES;
				GCC_WARN_UNUSED_VARIABLE = YES;
				IPHONEOS_DEPLOYMENT_TARGET = 5.0;
				OTHER_CFLAGS = "-DNS_BLOCK_ASSERTIONS=1";
				SDKROOT = iphoneos;
			};
			name = Release;
		};
		97B227DE1514322A00700A77 /* Debug */ = {
			isa = XCBuildConfiguration;
			buildSettings = {
				ALWAYS_SEARCH_USER_PATHS = NO;
				COPY_PHASE_STRIP = NO;
				GCC_DYNAMIC_NO_PIC = NO;
				GCC_PRECOMPILE_PREFIX_HEADER = YES;
				GCC_PREFIX_HEADER = Stage/Prefix.pch;
				"GCC_THUMB_SUPPORT[arch=armv6]" = "";
				INFOPLIST_FILE = Stage/Resources/Info.plist;
				OTHER_LDFLAGS = "-lz";
				PRODUCT_NAME = "$(TARGET_NAME)";
				WRAPPER_EXTENSION = app;
			};
			name = Debug;
		};
		97B227DF1514322A00700A77 /* Release */ = {
			isa = XCBuildConfiguration;
			buildSettings = {
				ALWAYS_SEARCH_USER_PATHS = NO;
				COPY_PHASE_STRIP = YES;
				GCC_PRECOMPILE_PREFIX_HEADER = YES;
				GCC_PREFIX_HEADER = Stage/Prefix.pch;
				"GCC_THUMB_SUPPORT[arch=armv6]" = "";
				INFOPLIST_FILE = Stage/Resources/Info.plist;
				OTHER_LDFLAGS = "-lz";
				PRODUCT_NAME = "$(TARGET_NAME)";
				VALIDATE_PRODUCT = YES;
				WRAPPER_EXTENSION = app;
			};
			name = Release;
		};
/* End XCBuildConfiguration section */

/* Begin XCConfigurationList section */
		97B226651514322800700A77 /* Build configuration list for PBXProject "Stage" */ = {
			isa = XCConfigurationList;
			buildConfigurations = (
				97B227DB1514322A00700A77 /* Debug */,
				97B227DC1514322A00700A77 /* Release */,
			);
			defaultConfigurationIsVisible = 0;
			defaultConfigurationName = Release;
		};
		97B227DD1514322A00700A77 /* Build configuration list for PBXNativeTarget "Stage" */ = {
			isa = XCConfigurationList;
			buildConfigurations = (
				97B227DE1514322A00700A77 /* Debug */,
				97B227DF1514322A00700A77 /* Release */,
			);
			defaultConfigurationIsVisible = 0;
		};
/* End XCConfigurationList section */
	};
	rootObject = 97B226621514322800700A77 /* Project object */;
}
